
Microsoft Visual Studio Solution File, Format Version 12.00
# Visual Studio 14
VisualStudioVersion = 14.0.23107.0
MinimumVisualStudioVersion = 10.0.40219.1
Project("{FAE04EC0-301F-11D3-BF4B-00C04F79EFBC}") = "Application.MT", "Application\Application.MT.csproj", "{32CCD428-607B-4F93-ADD7-3F5986A74769}"
EndProject
Project("{FAE04EC0-301F-11D3-BF4B-00C04F79EFBC}") = "Bulder.MT", "Bulder\Bulder.MT.csproj", "{9064AA04-AA56-4FED-8C47-AAD855E41AD2}"
EndProject
Project("{FAE04EC0-301F-11D3-BF4B-00C04F79EFBC}") = "BusinessProcess.MT", "BusinessProcess\BusinessProcess.MT.csproj", "{936167C7-B7D2-4337-A59B-42BC523FF5B5}"
EndProject
Project("{FAE04EC0-301F-11D3-BF4B-00C04F79EFBC}") = "Common.MT", "Common\Common.MT.csproj", "{3FF1102C-B767-4E1A-8D0C-14BB5BEA302E}"
EndProject
Project("{FAE04EC0-301F-11D3-BF4B-00C04F79EFBC}") = "Controls.MT", "Controls\Controls.MT.csproj", "{D26FA01B-4F6E-427E-B766-C780C6145581}"
EndProject
Project("{FAE04EC0-301F-11D3-BF4B-00C04F79EFBC}") = "DataAccessLayer.MT", "DataAccessLayer\DataAccessLayer.MT.csproj", "{66C35582-890C-48D9-B25E-AB5B427BC243}"
EndProject
Project("{FAE04EC0-301F-11D3-BF4B-00C04F79EFBC}") = "DbEngine.MT", "DbEngine\DbEngine.MT.csproj", "{71CAC2AF-D558-4ACB-9716-22CDCF402E3D}"
EndProject
Project("{FAE04EC0-301F-11D3-BF4B-00C04F79EFBC}") = "Debugger.MT", "Debugger\Debugger.MT.csproj", "{4686B398-7336-4BC9-AC92-D9F14B5CAC26}"
EndProject
Project("{FAE04EC0-301F-11D3-BF4B-00C04F79EFBC}") = "ExpressionEvaluator.MT", "ExpressionEvaluator\ExpressionEvaluator.MT.csproj", "{1BA397C4-7D52-40B3-829B-B966B672F63B}"
EndProject
Project("{FAE04EC0-301F-11D3-BF4B-00C04F79EFBC}") = "IO.MT", "IO\IO.MT.csproj", "{CB6C37ED-3EBC-4F04-80B3-AD88B8BED3E0}"
EndProject
Project("{FAE04EC0-301F-11D3-BF4B-00C04F79EFBC}") = "ScriptEngine.MT", "ScriptEngine\ScriptEngine.MT.csproj", "{19D22939-D918-41D6-BB55-63D827F5AB40}"
EndProject
Project("{FAE04EC0-301F-11D3-BF4B-00C04F79EFBC}") = "IOS", "IOS\IOS.csproj", "{577ABD7F-51E4-4C96-A363-4392DDEFE2B6}"
EndProject
Project("{FAE04EC0-301F-11D3-BF4B-00C04F79EFBC}") = "StyleSheet.MT", "StyleSheet\StyleSheet.MT.csproj", "{B9798CE2-68CC-4FFA-A773-ECBF6EE61944}"
EndProject
Project("{FAE04EC0-301F-11D3-BF4B-00C04F79EFBC}") = "SyncLibrary.MT", "SyncLibrary\SyncLibrary.MT.csproj", "{1B85BCC2-47B7-48F0-9081-10DF18AF0438}"
EndProject
Project("{FAE04EC0-301F-11D3-BF4B-00C04F79EFBC}") = "ValueStack.MT", "ValueStack\ValueStack.MT.csproj", "{5167E28F-308C-44B2-B7E6-5E20874D1125}"
EndProject
Project("{FAE04EC0-301F-11D3-BF4B-00C04F79EFBC}") = "Log.MT", "Log\Log.MT.csproj", "{C1565DBF-86E0-48EC-B3D4-0C18A5232FA8}"
EndProject
Global
	GlobalSection(SolutionConfigurationPlatforms) = preSolution
		Ad-Hoc|Any CPU = Ad-Hoc|Any CPU
		Ad-Hoc|iPhone = Ad-Hoc|iPhone
		Ad-Hoc|iPhoneSimulator = Ad-Hoc|iPhoneSimulator
		Ad-Hoc|Mixed Platforms = Ad-Hoc|Mixed Platforms
		AppStore|Any CPU = AppStore|Any CPU
		AppStore|iPhone = AppStore|iPhone
		AppStore|iPhoneSimulator = AppStore|iPhoneSimulator
		AppStore|Mixed Platforms = AppStore|Mixed Platforms
		Debug|Any CPU = Debug|Any CPU
		Debug|iPhone = Debug|iPhone
		Debug|iPhoneSimulator = Debug|iPhoneSimulator
		Debug|Mixed Platforms = Debug|Mixed Platforms
		Release|Any CPU = Release|Any CPU
		Release|iPhone = Release|iPhone
		Release|iPhoneSimulator = Release|iPhoneSimulator
		Release|Mixed Platforms = Release|Mixed Platforms
	EndGlobalSection
	GlobalSection(ProjectConfigurationPlatforms) = postSolution
		{32CCD428-607B-4F93-ADD7-3F5986A74769}.Ad-Hoc|Any CPU.ActiveCfg = Release|Any CPU
		{32CCD428-607B-4F93-ADD7-3F5986A74769}.Ad-Hoc|Any CPU.Build.0 = Release|Any CPU
		{32CCD428-607B-4F93-ADD7-3F5986A74769}.Ad-Hoc|iPhone.ActiveCfg = Debug|Any CPU
		{32CCD428-607B-4F93-ADD7-3F5986A74769}.Ad-Hoc|iPhone.Build.0 = Debug|Any CPU
		{32CCD428-607B-4F93-ADD7-3F5986A74769}.Ad-Hoc|iPhoneSimulator.ActiveCfg = Release|Any CPU
		{32CCD428-607B-4F93-ADD7-3F5986A74769}.Ad-Hoc|Mixed Platforms.ActiveCfg = Release|Any CPU
		{32CCD428-607B-4F93-ADD7-3F5986A74769}.Ad-Hoc|Mixed Platforms.Build.0 = Release|Any CPU
		{32CCD428-607B-4F93-ADD7-3F5986A74769}.AppStore|Any CPU.ActiveCfg = Release|Any CPU
		{32CCD428-607B-4F93-ADD7-3F5986A74769}.AppStore|Any CPU.Build.0 = Release|Any CPU
		{32CCD428-607B-4F93-ADD7-3F5986A74769}.AppStore|iPhone.ActiveCfg = Debug|Any CPU
		{32CCD428-607B-4F93-ADD7-3F5986A74769}.AppStore|iPhone.Build.0 = Debug|Any CPU
		{32CCD428-607B-4F93-ADD7-3F5986A74769}.AppStore|iPhoneSimulator.ActiveCfg = Release|Any CPU
		{32CCD428-607B-4F93-ADD7-3F5986A74769}.AppStore|Mixed Platforms.ActiveCfg = Release|Any CPU
		{32CCD428-607B-4F93-ADD7-3F5986A74769}.AppStore|Mixed Platforms.Build.0 = Release|Any CPU
		{32CCD428-607B-4F93-ADD7-3F5986A74769}.Debug|Any CPU.ActiveCfg = Debug|Any CPU
		{32CCD428-607B-4F93-ADD7-3F5986A74769}.Debug|Any CPU.Build.0 = Debug|Any CPU
		{32CCD428-607B-4F93-ADD7-3F5986A74769}.Debug|iPhone.ActiveCfg = Debug|Any CPU
		{32CCD428-607B-4F93-ADD7-3F5986A74769}.Debug|iPhone.Build.0 = Debug|Any CPU
		{32CCD428-607B-4F93-ADD7-3F5986A74769}.Debug|iPhoneSimulator.ActiveCfg = Debug|Any CPU
		{32CCD428-607B-4F93-ADD7-3F5986A74769}.Debug|iPhoneSimulator.Build.0 = Debug|Any CPU
		{32CCD428-607B-4F93-ADD7-3F5986A74769}.Debug|Mixed Platforms.ActiveCfg = Debug|Any CPU
		{32CCD428-607B-4F93-ADD7-3F5986A74769}.Debug|Mixed Platforms.Build.0 = Debug|Any CPU
		{32CCD428-607B-4F93-ADD7-3F5986A74769}.Release|Any CPU.ActiveCfg = Release|Any CPU
		{32CCD428-607B-4F93-ADD7-3F5986A74769}.Release|Any CPU.Build.0 = Release|Any CPU
		{32CCD428-607B-4F93-ADD7-3F5986A74769}.Release|iPhone.ActiveCfg = Release|Any CPU
		{32CCD428-607B-4F93-ADD7-3F5986A74769}.Release|iPhone.Build.0 = Release|Any CPU
		{32CCD428-607B-4F93-ADD7-3F5986A74769}.Release|iPhoneSimulator.ActiveCfg = Release|Any CPU
		{32CCD428-607B-4F93-ADD7-3F5986A74769}.Release|iPhoneSimulator.Build.0 = Release|Any CPU
		{32CCD428-607B-4F93-ADD7-3F5986A74769}.Release|Mixed Platforms.ActiveCfg = Release|Any CPU
		{32CCD428-607B-4F93-ADD7-3F5986A74769}.Release|Mixed Platforms.Build.0 = Release|Any CPU
		{9064AA04-AA56-4FED-8C47-AAD855E41AD2}.Ad-Hoc|Any CPU.ActiveCfg = Release|Any CPU
		{9064AA04-AA56-4FED-8C47-AAD855E41AD2}.Ad-Hoc|Any CPU.Build.0 = Release|Any CPU
		{9064AA04-AA56-4FED-8C47-AAD855E41AD2}.Ad-Hoc|iPhone.ActiveCfg = Debug|Any CPU
		{9064AA04-AA56-4FED-8C47-AAD855E41AD2}.Ad-Hoc|iPhone.Build.0 = Debug|Any CPU
		{9064AA04-AA56-4FED-8C47-AAD855E41AD2}.Ad-Hoc|iPhoneSimulator.ActiveCfg = Release|Any CPU
		{9064AA04-AA56-4FED-8C47-AAD855E41AD2}.Ad-Hoc|Mixed Platforms.ActiveCfg = Release|Any CPU
		{9064AA04-AA56-4FED-8C47-AAD855E41AD2}.Ad-Hoc|Mixed Platforms.Build.0 = Release|Any CPU
		{9064AA04-AA56-4FED-8C47-AAD855E41AD2}.AppStore|Any CPU.ActiveCfg = Release|Any CPU
		{9064AA04-AA56-4FED-8C47-AAD855E41AD2}.AppStore|Any CPU.Build.0 = Release|Any CPU
		{9064AA04-AA56-4FED-8C47-AAD855E41AD2}.AppStore|iPhone.ActiveCfg = Debug|Any CPU
		{9064AA04-AA56-4FED-8C47-AAD855E41AD2}.AppStore|iPhone.Build.0 = Debug|Any CPU
		{9064AA04-AA56-4FED-8C47-AAD855E41AD2}.AppStore|iPhoneSimulator.ActiveCfg = Release|Any CPU
		{9064AA04-AA56-4FED-8C47-AAD855E41AD2}.AppStore|Mixed Platforms.ActiveCfg = Release|Any CPU
		{9064AA04-AA56-4FED-8C47-AAD855E41AD2}.AppStore|Mixed Platforms.Build.0 = Release|Any CPU
		{9064AA04-AA56-4FED-8C47-AAD855E41AD2}.Debug|Any CPU.ActiveCfg = Debug|Any CPU
		{9064AA04-AA56-4FED-8C47-AAD855E41AD2}.Debug|Any CPU.Build.0 = Debug|Any CPU
		{9064AA04-AA56-4FED-8C47-AAD855E41AD2}.Debug|iPhone.ActiveCfg = Debug|Any CPU
		{9064AA04-AA56-4FED-8C47-AAD855E41AD2}.Debug|iPhone.Build.0 = Debug|Any CPU
		{9064AA04-AA56-4FED-8C47-AAD855E41AD2}.Debug|iPhoneSimulator.ActiveCfg = Debug|Any CPU
		{9064AA04-AA56-4FED-8C47-AAD855E41AD2}.Debug|iPhoneSimulator.Build.0 = Debug|Any CPU
		{9064AA04-AA56-4FED-8C47-AAD855E41AD2}.Debug|Mixed Platforms.ActiveCfg = Debug|Any CPU
		{9064AA04-AA56-4FED-8C47-AAD855E41AD2}.Debug|Mixed Platforms.Build.0 = Debug|Any CPU
		{9064AA04-AA56-4FED-8C47-AAD855E41AD2}.Release|Any CPU.ActiveCfg = Release|Any CPU
		{9064AA04-AA56-4FED-8C47-AAD855E41AD2}.Release|Any CPU.Build.0 = Release|Any CPU
		{9064AA04-AA56-4FED-8C47-AAD855E41AD2}.Release|iPhone.ActiveCfg = Release|Any CPU
		{9064AA04-AA56-4FED-8C47-AAD855E41AD2}.Release|iPhone.Build.0 = Release|Any CPU
		{9064AA04-AA56-4FED-8C47-AAD855E41AD2}.Release|iPhoneSimulator.ActiveCfg = Release|Any CPU
		{9064AA04-AA56-4FED-8C47-AAD855E41AD2}.Release|iPhoneSimulator.Build.0 = Release|Any CPU
		{9064AA04-AA56-4FED-8C47-AAD855E41AD2}.Release|Mixed Platforms.ActiveCfg = Release|Any CPU
		{9064AA04-AA56-4FED-8C47-AAD855E41AD2}.Release|Mixed Platforms.Build.0 = Release|Any CPU
		{936167C7-B7D2-4337-A59B-42BC523FF5B5}.Ad-Hoc|Any CPU.ActiveCfg = Release|Any CPU
		{936167C7-B7D2-4337-A59B-42BC523FF5B5}.Ad-Hoc|Any CPU.Build.0 = Release|Any CPU
		{936167C7-B7D2-4337-A59B-42BC523FF5B5}.Ad-Hoc|iPhone.ActiveCfg = Debug|Any CPU
		{936167C7-B7D2-4337-A59B-42BC523FF5B5}.Ad-Hoc|iPhone.Build.0 = Debug|Any CPU
		{936167C7-B7D2-4337-A59B-42BC523FF5B5}.Ad-Hoc|iPhoneSimulator.ActiveCfg = Release|Any CPU
		{936167C7-B7D2-4337-A59B-42BC523FF5B5}.Ad-Hoc|Mixed Platforms.ActiveCfg = Release|Any CPU
		{936167C7-B7D2-4337-A59B-42BC523FF5B5}.Ad-Hoc|Mixed Platforms.Build.0 = Release|Any CPU
		{936167C7-B7D2-4337-A59B-42BC523FF5B5}.AppStore|Any CPU.ActiveCfg = Release|Any CPU
		{936167C7-B7D2-4337-A59B-42BC523FF5B5}.AppStore|Any CPU.Build.0 = Release|Any CPU
		{936167C7-B7D2-4337-A59B-42BC523FF5B5}.AppStore|iPhone.ActiveCfg = Debug|Any CPU
		{936167C7-B7D2-4337-A59B-42BC523FF5B5}.AppStore|iPhone.Build.0 = Debug|Any CPU
		{936167C7-B7D2-4337-A59B-42BC523FF5B5}.AppStore|iPhoneSimulator.ActiveCfg = Release|Any CPU
		{936167C7-B7D2-4337-A59B-42BC523FF5B5}.AppStore|Mixed Platforms.ActiveCfg = Release|Any CPU
		{936167C7-B7D2-4337-A59B-42BC523FF5B5}.AppStore|Mixed Platforms.Build.0 = Release|Any CPU
		{936167C7-B7D2-4337-A59B-42BC523FF5B5}.Debug|Any CPU.ActiveCfg = Debug|Any CPU
		{936167C7-B7D2-4337-A59B-42BC523FF5B5}.Debug|Any CPU.Build.0 = Debug|Any CPU
		{936167C7-B7D2-4337-A59B-42BC523FF5B5}.Debug|iPhone.ActiveCfg = Debug|Any CPU
		{936167C7-B7D2-4337-A59B-42BC523FF5B5}.Debug|iPhone.Build.0 = Debug|Any CPU
		{936167C7-B7D2-4337-A59B-42BC523FF5B5}.Debug|iPhoneSimulator.ActiveCfg = Debug|Any CPU
		{936167C7-B7D2-4337-A59B-42BC523FF5B5}.Debug|iPhoneSimulator.Build.0 = Debug|Any CPU
		{936167C7-B7D2-4337-A59B-42BC523FF5B5}.Debug|Mixed Platforms.ActiveCfg = Debug|Any CPU
		{936167C7-B7D2-4337-A59B-42BC523FF5B5}.Debug|Mixed Platforms.Build.0 = Debug|Any CPU
		{936167C7-B7D2-4337-A59B-42BC523FF5B5}.Release|Any CPU.ActiveCfg = Release|Any CPU
		{936167C7-B7D2-4337-A59B-42BC523FF5B5}.Release|Any CPU.Build.0 = Release|Any CPU
		{936167C7-B7D2-4337-A59B-42BC523FF5B5}.Release|iPhone.ActiveCfg = Release|Any CPU
		{936167C7-B7D2-4337-A59B-42BC523FF5B5}.Release|iPhone.Build.0 = Release|Any CPU
		{936167C7-B7D2-4337-A59B-42BC523FF5B5}.Release|iPhoneSimulator.ActiveCfg = Release|Any CPU
		{936167C7-B7D2-4337-A59B-42BC523FF5B5}.Release|iPhoneSimulator.Build.0 = Release|Any CPU
		{936167C7-B7D2-4337-A59B-42BC523FF5B5}.Release|Mixed Platforms.ActiveCfg = Release|Any CPU
		{936167C7-B7D2-4337-A59B-42BC523FF5B5}.Release|Mixed Platforms.Build.0 = Release|Any CPU
		{3FF1102C-B767-4E1A-8D0C-14BB5BEA302E}.Ad-Hoc|Any CPU.ActiveCfg = Release|Any CPU
		{3FF1102C-B767-4E1A-8D0C-14BB5BEA302E}.Ad-Hoc|Any CPU.Build.0 = Release|Any CPU
		{3FF1102C-B767-4E1A-8D0C-14BB5BEA302E}.Ad-Hoc|iPhone.ActiveCfg = Debug|Any CPU
		{3FF1102C-B767-4E1A-8D0C-14BB5BEA302E}.Ad-Hoc|iPhone.Build.0 = Debug|Any CPU
		{3FF1102C-B767-4E1A-8D0C-14BB5BEA302E}.Ad-Hoc|iPhoneSimulator.ActiveCfg = Release|Any CPU
		{3FF1102C-B767-4E1A-8D0C-14BB5BEA302E}.Ad-Hoc|Mixed Platforms.ActiveCfg = Release|Any CPU
		{3FF1102C-B767-4E1A-8D0C-14BB5BEA302E}.Ad-Hoc|Mixed Platforms.Build.0 = Release|Any CPU
		{3FF1102C-B767-4E1A-8D0C-14BB5BEA302E}.AppStore|Any CPU.ActiveCfg = Release|Any CPU
		{3FF1102C-B767-4E1A-8D0C-14BB5BEA302E}.AppStore|Any CPU.Build.0 = Release|Any CPU
		{3FF1102C-B767-4E1A-8D0C-14BB5BEA302E}.AppStore|iPhone.ActiveCfg = Debug|Any CPU
		{3FF1102C-B767-4E1A-8D0C-14BB5BEA302E}.AppStore|iPhone.Build.0 = Debug|Any CPU
		{3FF1102C-B767-4E1A-8D0C-14BB5BEA302E}.AppStore|iPhoneSimulator.ActiveCfg = Release|Any CPU
		{3FF1102C-B767-4E1A-8D0C-14BB5BEA302E}.AppStore|Mixed Platforms.ActiveCfg = Release|Any CPU
		{3FF1102C-B767-4E1A-8D0C-14BB5BEA302E}.AppStore|Mixed Platforms.Build.0 = Release|Any CPU
		{3FF1102C-B767-4E1A-8D0C-14BB5BEA302E}.Debug|Any CPU.ActiveCfg = Debug|Any CPU
		{3FF1102C-B767-4E1A-8D0C-14BB5BEA302E}.Debug|Any CPU.Build.0 = Debug|Any CPU
		{3FF1102C-B767-4E1A-8D0C-14BB5BEA302E}.Debug|iPhone.ActiveCfg = Debug|Any CPU
		{3FF1102C-B767-4E1A-8D0C-14BB5BEA302E}.Debug|iPhone.Build.0 = Debug|Any CPU
		{3FF1102C-B767-4E1A-8D0C-14BB5BEA302E}.Debug|iPhoneSimulator.ActiveCfg = Debug|Any CPU
		{3FF1102C-B767-4E1A-8D0C-14BB5BEA302E}.Debug|iPhoneSimulator.Build.0 = Debug|Any CPU
		{3FF1102C-B767-4E1A-8D0C-14BB5BEA302E}.Debug|Mixed Platforms.ActiveCfg = Debug|Any CPU
		{3FF1102C-B767-4E1A-8D0C-14BB5BEA302E}.Debug|Mixed Platforms.Build.0 = Debug|Any CPU
		{3FF1102C-B767-4E1A-8D0C-14BB5BEA302E}.Release|Any CPU.ActiveCfg = Release|Any CPU
		{3FF1102C-B767-4E1A-8D0C-14BB5BEA302E}.Release|Any CPU.Build.0 = Release|Any CPU
		{3FF1102C-B767-4E1A-8D0C-14BB5BEA302E}.Release|iPhone.ActiveCfg = Release|Any CPU
		{3FF1102C-B767-4E1A-8D0C-14BB5BEA302E}.Release|iPhone.Build.0 = Release|Any CPU
		{3FF1102C-B767-4E1A-8D0C-14BB5BEA302E}.Release|iPhoneSimulator.ActiveCfg = Release|Any CPU
		{3FF1102C-B767-4E1A-8D0C-14BB5BEA302E}.Release|iPhoneSimulator.Build.0 = Release|Any CPU
		{3FF1102C-B767-4E1A-8D0C-14BB5BEA302E}.Release|Mixed Platforms.ActiveCfg = Release|Any CPU
		{3FF1102C-B767-4E1A-8D0C-14BB5BEA302E}.Release|Mixed Platforms.Build.0 = Release|Any CPU
		{D26FA01B-4F6E-427E-B766-C780C6145581}.Ad-Hoc|Any CPU.ActiveCfg = Release|Any CPU
		{D26FA01B-4F6E-427E-B766-C780C6145581}.Ad-Hoc|Any CPU.Build.0 = Release|Any CPU
		{D26FA01B-4F6E-427E-B766-C780C6145581}.Ad-Hoc|iPhone.ActiveCfg = Debug|Any CPU
		{D26FA01B-4F6E-427E-B766-C780C6145581}.Ad-Hoc|iPhone.Build.0 = Debug|Any CPU
		{D26FA01B-4F6E-427E-B766-C780C6145581}.Ad-Hoc|iPhoneSimulator.ActiveCfg = Release|Any CPU
		{D26FA01B-4F6E-427E-B766-C780C6145581}.Ad-Hoc|Mixed Platforms.ActiveCfg = Release|Any CPU
		{D26FA01B-4F6E-427E-B766-C780C6145581}.Ad-Hoc|Mixed Platforms.Build.0 = Release|Any CPU
		{D26FA01B-4F6E-427E-B766-C780C6145581}.AppStore|Any CPU.ActiveCfg = Release|Any CPU
		{D26FA01B-4F6E-427E-B766-C780C6145581}.AppStore|Any CPU.Build.0 = Release|Any CPU
		{D26FA01B-4F6E-427E-B766-C780C6145581}.AppStore|iPhone.ActiveCfg = Debug|Any CPU
		{D26FA01B-4F6E-427E-B766-C780C6145581}.AppStore|iPhone.Build.0 = Debug|Any CPU
		{D26FA01B-4F6E-427E-B766-C780C6145581}.AppStore|iPhoneSimulator.ActiveCfg = Release|Any CPU
		{D26FA01B-4F6E-427E-B766-C780C6145581}.AppStore|Mixed Platforms.ActiveCfg = Release|Any CPU
		{D26FA01B-4F6E-427E-B766-C780C6145581}.AppStore|Mixed Platforms.Build.0 = Release|Any CPU
		{D26FA01B-4F6E-427E-B766-C780C6145581}.Debug|Any CPU.ActiveCfg = Debug|Any CPU
		{D26FA01B-4F6E-427E-B766-C780C6145581}.Debug|Any CPU.Build.0 = Debug|Any CPU
		{D26FA01B-4F6E-427E-B766-C780C6145581}.Debug|iPhone.ActiveCfg = Debug|Any CPU
		{D26FA01B-4F6E-427E-B766-C780C6145581}.Debug|iPhone.Build.0 = Debug|Any CPU
		{D26FA01B-4F6E-427E-B766-C780C6145581}.Debug|iPhoneSimulator.ActiveCfg = Debug|Any CPU
		{D26FA01B-4F6E-427E-B766-C780C6145581}.Debug|iPhoneSimulator.Build.0 = Debug|Any CPU
		{D26FA01B-4F6E-427E-B766-C780C6145581}.Debug|Mixed Platforms.ActiveCfg = Debug|Any CPU
		{D26FA01B-4F6E-427E-B766-C780C6145581}.Debug|Mixed Platforms.Build.0 = Debug|Any CPU
		{D26FA01B-4F6E-427E-B766-C780C6145581}.Release|Any CPU.ActiveCfg = Release|Any CPU
		{D26FA01B-4F6E-427E-B766-C780C6145581}.Release|Any CPU.Build.0 = Release|Any CPU
		{D26FA01B-4F6E-427E-B766-C780C6145581}.Release|iPhone.ActiveCfg = Release|Any CPU
		{D26FA01B-4F6E-427E-B766-C780C6145581}.Release|iPhone.Build.0 = Release|Any CPU
		{D26FA01B-4F6E-427E-B766-C780C6145581}.Release|iPhoneSimulator.ActiveCfg = Release|Any CPU
		{D26FA01B-4F6E-427E-B766-C780C6145581}.Release|iPhoneSimulator.Build.0 = Release|Any CPU
		{D26FA01B-4F6E-427E-B766-C780C6145581}.Release|Mixed Platforms.ActiveCfg = Release|Any CPU
		{D26FA01B-4F6E-427E-B766-C780C6145581}.Release|Mixed Platforms.Build.0 = Release|Any CPU
		{66C35582-890C-48D9-B25E-AB5B427BC243}.Ad-Hoc|Any CPU.ActiveCfg = Release|Any CPU
		{66C35582-890C-48D9-B25E-AB5B427BC243}.Ad-Hoc|Any CPU.Build.0 = Release|Any CPU
		{66C35582-890C-48D9-B25E-AB5B427BC243}.Ad-Hoc|iPhone.ActiveCfg = Debug|Any CPU
		{66C35582-890C-48D9-B25E-AB5B427BC243}.Ad-Hoc|iPhone.Build.0 = Debug|Any CPU
		{66C35582-890C-48D9-B25E-AB5B427BC243}.Ad-Hoc|iPhoneSimulator.ActiveCfg = Release|Any CPU
		{66C35582-890C-48D9-B25E-AB5B427BC243}.Ad-Hoc|Mixed Platforms.ActiveCfg = Release|Any CPU
		{66C35582-890C-48D9-B25E-AB5B427BC243}.Ad-Hoc|Mixed Platforms.Build.0 = Release|Any CPU
		{66C35582-890C-48D9-B25E-AB5B427BC243}.AppStore|Any CPU.ActiveCfg = Release|Any CPU
		{66C35582-890C-48D9-B25E-AB5B427BC243}.AppStore|Any CPU.Build.0 = Release|Any CPU
		{66C35582-890C-48D9-B25E-AB5B427BC243}.AppStore|iPhone.ActiveCfg = Debug|Any CPU
		{66C35582-890C-48D9-B25E-AB5B427BC243}.AppStore|iPhone.Build.0 = Debug|Any CPU
		{66C35582-890C-48D9-B25E-AB5B427BC243}.AppStore|iPhoneSimulator.ActiveCfg = Release|Any CPU
		{66C35582-890C-48D9-B25E-AB5B427BC243}.AppStore|Mixed Platforms.ActiveCfg = Release|Any CPU
		{66C35582-890C-48D9-B25E-AB5B427BC243}.AppStore|Mixed Platforms.Build.0 = Release|Any CPU
		{66C35582-890C-48D9-B25E-AB5B427BC243}.Debug|Any CPU.ActiveCfg = Debug|Any CPU
		{66C35582-890C-48D9-B25E-AB5B427BC243}.Debug|Any CPU.Build.0 = Debug|Any CPU
		{66C35582-890C-48D9-B25E-AB5B427BC243}.Debug|iPhone.ActiveCfg = Debug|Any CPU
		{66C35582-890C-48D9-B25E-AB5B427BC243}.Debug|iPhone.Build.0 = Debug|Any CPU
		{66C35582-890C-48D9-B25E-AB5B427BC243}.Debug|iPhoneSimulator.ActiveCfg = Debug|Any CPU
		{66C35582-890C-48D9-B25E-AB5B427BC243}.Debug|iPhoneSimulator.Build.0 = Debug|Any CPU
		{66C35582-890C-48D9-B25E-AB5B427BC243}.Debug|Mixed Platforms.ActiveCfg = Debug|Any CPU
		{66C35582-890C-48D9-B25E-AB5B427BC243}.Debug|Mixed Platforms.Build.0 = Debug|Any CPU
		{66C35582-890C-48D9-B25E-AB5B427BC243}.Release|Any CPU.ActiveCfg = Release|Any CPU
		{66C35582-890C-48D9-B25E-AB5B427BC243}.Release|Any CPU.Build.0 = Release|Any CPU
		{66C35582-890C-48D9-B25E-AB5B427BC243}.Release|iPhone.ActiveCfg = Release|Any CPU
		{66C35582-890C-48D9-B25E-AB5B427BC243}.Release|iPhone.Build.0 = Release|Any CPU
		{66C35582-890C-48D9-B25E-AB5B427BC243}.Release|iPhoneSimulator.ActiveCfg = Release|Any CPU
		{66C35582-890C-48D9-B25E-AB5B427BC243}.Release|iPhoneSimulator.Build.0 = Release|Any CPU
		{66C35582-890C-48D9-B25E-AB5B427BC243}.Release|Mixed Platforms.ActiveCfg = Release|Any CPU
		{66C35582-890C-48D9-B25E-AB5B427BC243}.Release|Mixed Platforms.Build.0 = Release|Any CPU
		{71CAC2AF-D558-4ACB-9716-22CDCF402E3D}.Ad-Hoc|Any CPU.ActiveCfg = Release|Any CPU
		{71CAC2AF-D558-4ACB-9716-22CDCF402E3D}.Ad-Hoc|Any CPU.Build.0 = Release|Any CPU
		{71CAC2AF-D558-4ACB-9716-22CDCF402E3D}.Ad-Hoc|iPhone.ActiveCfg = Debug|Any CPU
		{71CAC2AF-D558-4ACB-9716-22CDCF402E3D}.Ad-Hoc|iPhone.Build.0 = Debug|Any CPU
		{71CAC2AF-D558-4ACB-9716-22CDCF402E3D}.Ad-Hoc|iPhoneSimulator.ActiveCfg = Release|Any CPU
		{71CAC2AF-D558-4ACB-9716-22CDCF402E3D}.Ad-Hoc|Mixed Platforms.ActiveCfg = Release|Any CPU
		{71CAC2AF-D558-4ACB-9716-22CDCF402E3D}.Ad-Hoc|Mixed Platforms.Build.0 = Release|Any CPU
		{71CAC2AF-D558-4ACB-9716-22CDCF402E3D}.AppStore|Any CPU.ActiveCfg = Release|Any CPU
		{71CAC2AF-D558-4ACB-9716-22CDCF402E3D}.AppStore|Any CPU.Build.0 = Release|Any CPU
		{71CAC2AF-D558-4ACB-9716-22CDCF402E3D}.AppStore|iPhone.ActiveCfg = Debug|Any CPU
		{71CAC2AF-D558-4ACB-9716-22CDCF402E3D}.AppStore|iPhone.Build.0 = Debug|Any CPU
		{71CAC2AF-D558-4ACB-9716-22CDCF402E3D}.AppStore|iPhoneSimulator.ActiveCfg = Release|Any CPU
		{71CAC2AF-D558-4ACB-9716-22CDCF402E3D}.AppStore|Mixed Platforms.ActiveCfg = Release|Any CPU
		{71CAC2AF-D558-4ACB-9716-22CDCF402E3D}.AppStore|Mixed Platforms.Build.0 = Release|Any CPU
		{71CAC2AF-D558-4ACB-9716-22CDCF402E3D}.Debug|Any CPU.ActiveCfg = Debug|Any CPU
		{71CAC2AF-D558-4ACB-9716-22CDCF402E3D}.Debug|Any CPU.Build.0 = Debug|Any CPU
		{71CAC2AF-D558-4ACB-9716-22CDCF402E3D}.Debug|iPhone.ActiveCfg = Debug|Any CPU
		{71CAC2AF-D558-4ACB-9716-22CDCF402E3D}.Debug|iPhone.Build.0 = Debug|Any CPU
		{71CAC2AF-D558-4ACB-9716-22CDCF402E3D}.Debug|iPhoneSimulator.ActiveCfg = Debug|Any CPU
		{71CAC2AF-D558-4ACB-9716-22CDCF402E3D}.Debug|iPhoneSimulator.Build.0 = Debug|Any CPU
		{71CAC2AF-D558-4ACB-9716-22CDCF402E3D}.Debug|Mixed Platforms.ActiveCfg = Debug|Any CPU
		{71CAC2AF-D558-4ACB-9716-22CDCF402E3D}.Debug|Mixed Platforms.Build.0 = Debug|Any CPU
		{71CAC2AF-D558-4ACB-9716-22CDCF402E3D}.Release|Any CPU.ActiveCfg = Release|Any CPU
		{71CAC2AF-D558-4ACB-9716-22CDCF402E3D}.Release|Any CPU.Build.0 = Release|Any CPU
		{71CAC2AF-D558-4ACB-9716-22CDCF402E3D}.Release|iPhone.ActiveCfg = Release|Any CPU
		{71CAC2AF-D558-4ACB-9716-22CDCF402E3D}.Release|iPhone.Build.0 = Release|Any CPU
		{71CAC2AF-D558-4ACB-9716-22CDCF402E3D}.Release|iPhoneSimulator.ActiveCfg = Release|Any CPU
		{71CAC2AF-D558-4ACB-9716-22CDCF402E3D}.Release|iPhoneSimulator.Build.0 = Release|Any CPU
		{71CAC2AF-D558-4ACB-9716-22CDCF402E3D}.Release|Mixed Platforms.ActiveCfg = Release|Any CPU
		{71CAC2AF-D558-4ACB-9716-22CDCF402E3D}.Release|Mixed Platforms.Build.0 = Release|Any CPU
		{4686B398-7336-4BC9-AC92-D9F14B5CAC26}.Ad-Hoc|Any CPU.ActiveCfg = Release|Any CPU
		{4686B398-7336-4BC9-AC92-D9F14B5CAC26}.Ad-Hoc|Any CPU.Build.0 = Release|Any CPU
		{4686B398-7336-4BC9-AC92-D9F14B5CAC26}.Ad-Hoc|iPhone.ActiveCfg = Debug|Any CPU
		{4686B398-7336-4BC9-AC92-D9F14B5CAC26}.Ad-Hoc|iPhone.Build.0 = Debug|Any CPU
		{4686B398-7336-4BC9-AC92-D9F14B5CAC26}.Ad-Hoc|iPhoneSimulator.ActiveCfg = Release|Any CPU
		{4686B398-7336-4BC9-AC92-D9F14B5CAC26}.Ad-Hoc|Mixed Platforms.ActiveCfg = Release|Any CPU
		{4686B398-7336-4BC9-AC92-D9F14B5CAC26}.Ad-Hoc|Mixed Platforms.Build.0 = Release|Any CPU
		{4686B398-7336-4BC9-AC92-D9F14B5CAC26}.AppStore|Any CPU.ActiveCfg = Release|Any CPU
		{4686B398-7336-4BC9-AC92-D9F14B5CAC26}.AppStore|Any CPU.Build.0 = Release|Any CPU
		{4686B398-7336-4BC9-AC92-D9F14B5CAC26}.AppStore|iPhone.ActiveCfg = Debug|Any CPU
		{4686B398-7336-4BC9-AC92-D9F14B5CAC26}.AppStore|iPhone.Build.0 = Debug|Any CPU
		{4686B398-7336-4BC9-AC92-D9F14B5CAC26}.AppStore|iPhoneSimulator.ActiveCfg = Release|Any CPU
		{4686B398-7336-4BC9-AC92-D9F14B5CAC26}.AppStore|Mixed Platforms.ActiveCfg = Release|Any CPU
		{4686B398-7336-4BC9-AC92-D9F14B5CAC26}.AppStore|Mixed Platforms.Build.0 = Release|Any CPU
		{4686B398-7336-4BC9-AC92-D9F14B5CAC26}.Debug|Any CPU.ActiveCfg = Debug|Any CPU
		{4686B398-7336-4BC9-AC92-D9F14B5CAC26}.Debug|Any CPU.Build.0 = Debug|Any CPU
		{4686B398-7336-4BC9-AC92-D9F14B5CAC26}.Debug|iPhone.ActiveCfg = Debug|Any CPU
		{4686B398-7336-4BC9-AC92-D9F14B5CAC26}.Debug|iPhone.Build.0 = Debug|Any CPU
		{4686B398-7336-4BC9-AC92-D9F14B5CAC26}.Debug|iPhoneSimulator.ActiveCfg = Debug|Any CPU
		{4686B398-7336-4BC9-AC92-D9F14B5CAC26}.Debug|iPhoneSimulator.Build.0 = Debug|Any CPU
		{4686B398-7336-4BC9-AC92-D9F14B5CAC26}.Debug|Mixed Platforms.ActiveCfg = Debug|Any CPU
		{4686B398-7336-4BC9-AC92-D9F14B5CAC26}.Debug|Mixed Platforms.Build.0 = Debug|Any CPU
		{4686B398-7336-4BC9-AC92-D9F14B5CAC26}.Release|Any CPU.ActiveCfg = Release|Any CPU
		{4686B398-7336-4BC9-AC92-D9F14B5CAC26}.Release|Any CPU.Build.0 = Release|Any CPU
		{4686B398-7336-4BC9-AC92-D9F14B5CAC26}.Release|iPhone.ActiveCfg = Release|Any CPU
		{4686B398-7336-4BC9-AC92-D9F14B5CAC26}.Release|iPhone.Build.0 = Release|Any CPU
		{4686B398-7336-4BC9-AC92-D9F14B5CAC26}.Release|iPhoneSimulator.ActiveCfg = Release|Any CPU
		{4686B398-7336-4BC9-AC92-D9F14B5CAC26}.Release|iPhoneSimulator.Build.0 = Release|Any CPU
		{4686B398-7336-4BC9-AC92-D9F14B5CAC26}.Release|Mixed Platforms.ActiveCfg = Release|Any CPU
		{4686B398-7336-4BC9-AC92-D9F14B5CAC26}.Release|Mixed Platforms.Build.0 = Release|Any CPU
		{1BA397C4-7D52-40B3-829B-B966B672F63B}.Ad-Hoc|Any CPU.ActiveCfg = Release|Any CPU
		{1BA397C4-7D52-40B3-829B-B966B672F63B}.Ad-Hoc|Any CPU.Build.0 = Release|Any CPU
		{1BA397C4-7D52-40B3-829B-B966B672F63B}.Ad-Hoc|iPhone.ActiveCfg = Debug|Any CPU
		{1BA397C4-7D52-40B3-829B-B966B672F63B}.Ad-Hoc|iPhone.Build.0 = Debug|Any CPU
		{1BA397C4-7D52-40B3-829B-B966B672F63B}.Ad-Hoc|iPhoneSimulator.ActiveCfg = Release|Any CPU
		{1BA397C4-7D52-40B3-829B-B966B672F63B}.Ad-Hoc|Mixed Platforms.ActiveCfg = Release|Any CPU
		{1BA397C4-7D52-40B3-829B-B966B672F63B}.Ad-Hoc|Mixed Platforms.Build.0 = Release|Any CPU
		{1BA397C4-7D52-40B3-829B-B966B672F63B}.AppStore|Any CPU.ActiveCfg = Release|Any CPU
		{1BA397C4-7D52-40B3-829B-B966B672F63B}.AppStore|Any CPU.Build.0 = Release|Any CPU
		{1BA397C4-7D52-40B3-829B-B966B672F63B}.AppStore|iPhone.ActiveCfg = Debug|Any CPU
		{1BA397C4-7D52-40B3-829B-B966B672F63B}.AppStore|iPhone.Build.0 = Debug|Any CPU
		{1BA397C4-7D52-40B3-829B-B966B672F63B}.AppStore|iPhoneSimulator.ActiveCfg = Release|Any CPU
		{1BA397C4-7D52-40B3-829B-B966B672F63B}.AppStore|Mixed Platforms.ActiveCfg = Release|Any CPU
		{1BA397C4-7D52-40B3-829B-B966B672F63B}.AppStore|Mixed Platforms.Build.0 = Release|Any CPU
		{1BA397C4-7D52-40B3-829B-B966B672F63B}.Debug|Any CPU.ActiveCfg = Debug|Any CPU
		{1BA397C4-7D52-40B3-829B-B966B672F63B}.Debug|Any CPU.Build.0 = Debug|Any CPU
		{1BA397C4-7D52-40B3-829B-B966B672F63B}.Debug|iPhone.ActiveCfg = Debug|Any CPU
		{1BA397C4-7D52-40B3-829B-B966B672F63B}.Debug|iPhone.Build.0 = Debug|Any CPU
		{1BA397C4-7D52-40B3-829B-B966B672F63B}.Debug|iPhoneSimulator.ActiveCfg = Debug|Any CPU
		{1BA397C4-7D52-40B3-829B-B966B672F63B}.Debug|iPhoneSimulator.Build.0 = Debug|Any CPU
		{1BA397C4-7D52-40B3-829B-B966B672F63B}.Debug|Mixed Platforms.ActiveCfg = Debug|Any CPU
		{1BA397C4-7D52-40B3-829B-B966B672F63B}.Debug|Mixed Platforms.Build.0 = Debug|Any CPU
		{1BA397C4-7D52-40B3-829B-B966B672F63B}.Release|Any CPU.ActiveCfg = Release|Any CPU
		{1BA397C4-7D52-40B3-829B-B966B672F63B}.Release|Any CPU.Build.0 = Release|Any CPU
		{1BA397C4-7D52-40B3-829B-B966B672F63B}.Release|iPhone.ActiveCfg = Release|Any CPU
		{1BA397C4-7D52-40B3-829B-B966B672F63B}.Release|iPhone.Build.0 = Release|Any CPU
		{1BA397C4-7D52-40B3-829B-B966B672F63B}.Release|iPhoneSimulator.ActiveCfg = Release|Any CPU
		{1BA397C4-7D52-40B3-829B-B966B672F63B}.Release|iPhoneSimulator.Build.0 = Release|Any CPU
		{1BA397C4-7D52-40B3-829B-B966B672F63B}.Release|Mixed Platforms.ActiveCfg = Release|Any CPU
		{1BA397C4-7D52-40B3-829B-B966B672F63B}.Release|Mixed Platforms.Build.0 = Release|Any CPU
		{CB6C37ED-3EBC-4F04-80B3-AD88B8BED3E0}.Ad-Hoc|Any CPU.ActiveCfg = Release|Any CPU
		{CB6C37ED-3EBC-4F04-80B3-AD88B8BED3E0}.Ad-Hoc|Any CPU.Build.0 = Release|Any CPU
		{CB6C37ED-3EBC-4F04-80B3-AD88B8BED3E0}.Ad-Hoc|iPhone.ActiveCfg = Debug|Any CPU
		{CB6C37ED-3EBC-4F04-80B3-AD88B8BED3E0}.Ad-Hoc|iPhone.Build.0 = Debug|Any CPU
		{CB6C37ED-3EBC-4F04-80B3-AD88B8BED3E0}.Ad-Hoc|iPhoneSimulator.ActiveCfg = Release|Any CPU
		{CB6C37ED-3EBC-4F04-80B3-AD88B8BED3E0}.Ad-Hoc|Mixed Platforms.ActiveCfg = Release|Any CPU
		{CB6C37ED-3EBC-4F04-80B3-AD88B8BED3E0}.Ad-Hoc|Mixed Platforms.Build.0 = Release|Any CPU
		{CB6C37ED-3EBC-4F04-80B3-AD88B8BED3E0}.AppStore|Any CPU.ActiveCfg = Release|Any CPU
		{CB6C37ED-3EBC-4F04-80B3-AD88B8BED3E0}.AppStore|Any CPU.Build.0 = Release|Any CPU
		{CB6C37ED-3EBC-4F04-80B3-AD88B8BED3E0}.AppStore|iPhone.ActiveCfg = Debug|Any CPU
		{CB6C37ED-3EBC-4F04-80B3-AD88B8BED3E0}.AppStore|iPhone.Build.0 = Debug|Any CPU
		{CB6C37ED-3EBC-4F04-80B3-AD88B8BED3E0}.AppStore|iPhoneSimulator.ActiveCfg = Release|Any CPU
		{CB6C37ED-3EBC-4F04-80B3-AD88B8BED3E0}.AppStore|Mixed Platforms.ActiveCfg = Release|Any CPU
		{CB6C37ED-3EBC-4F04-80B3-AD88B8BED3E0}.AppStore|Mixed Platforms.Build.0 = Release|Any CPU
		{CB6C37ED-3EBC-4F04-80B3-AD88B8BED3E0}.Debug|Any CPU.ActiveCfg = Debug|Any CPU
		{CB6C37ED-3EBC-4F04-80B3-AD88B8BED3E0}.Debug|Any CPU.Build.0 = Debug|Any CPU
		{CB6C37ED-3EBC-4F04-80B3-AD88B8BED3E0}.Debug|iPhone.ActiveCfg = Debug|Any CPU
		{CB6C37ED-3EBC-4F04-80B3-AD88B8BED3E0}.Debug|iPhone.Build.0 = Debug|Any CPU
		{CB6C37ED-3EBC-4F04-80B3-AD88B8BED3E0}.Debug|iPhoneSimulator.ActiveCfg = Debug|Any CPU
		{CB6C37ED-3EBC-4F04-80B3-AD88B8BED3E0}.Debug|iPhoneSimulator.Build.0 = Debug|Any CPU
		{CB6C37ED-3EBC-4F04-80B3-AD88B8BED3E0}.Debug|Mixed Platforms.ActiveCfg = Debug|Any CPU
		{CB6C37ED-3EBC-4F04-80B3-AD88B8BED3E0}.Debug|Mixed Platforms.Build.0 = Debug|Any CPU
		{CB6C37ED-3EBC-4F04-80B3-AD88B8BED3E0}.Release|Any CPU.ActiveCfg = Release|Any CPU
		{CB6C37ED-3EBC-4F04-80B3-AD88B8BED3E0}.Release|Any CPU.Build.0 = Release|Any CPU
		{CB6C37ED-3EBC-4F04-80B3-AD88B8BED3E0}.Release|iPhone.ActiveCfg = Release|Any CPU
		{CB6C37ED-3EBC-4F04-80B3-AD88B8BED3E0}.Release|iPhone.Build.0 = Release|Any CPU
		{CB6C37ED-3EBC-4F04-80B3-AD88B8BED3E0}.Release|iPhoneSimulator.ActiveCfg = Release|Any CPU
		{CB6C37ED-3EBC-4F04-80B3-AD88B8BED3E0}.Release|iPhoneSimulator.Build.0 = Release|Any CPU
		{CB6C37ED-3EBC-4F04-80B3-AD88B8BED3E0}.Release|Mixed Platforms.ActiveCfg = Release|Any CPU
		{CB6C37ED-3EBC-4F04-80B3-AD88B8BED3E0}.Release|Mixed Platforms.Build.0 = Release|Any CPU
		{19D22939-D918-41D6-BB55-63D827F5AB40}.Ad-Hoc|Any CPU.ActiveCfg = Release|Any CPU
		{19D22939-D918-41D6-BB55-63D827F5AB40}.Ad-Hoc|Any CPU.Build.0 = Release|Any CPU
		{19D22939-D918-41D6-BB55-63D827F5AB40}.Ad-Hoc|iPhone.ActiveCfg = Debug|Any CPU
		{19D22939-D918-41D6-BB55-63D827F5AB40}.Ad-Hoc|iPhone.Build.0 = Debug|Any CPU
		{19D22939-D918-41D6-BB55-63D827F5AB40}.Ad-Hoc|iPhoneSimulator.ActiveCfg = Release|Any CPU
		{19D22939-D918-41D6-BB55-63D827F5AB40}.Ad-Hoc|Mixed Platforms.ActiveCfg = Release|Any CPU
		{19D22939-D918-41D6-BB55-63D827F5AB40}.Ad-Hoc|Mixed Platforms.Build.0 = Release|Any CPU
		{19D22939-D918-41D6-BB55-63D827F5AB40}.AppStore|Any CPU.ActiveCfg = Release|Any CPU
		{19D22939-D918-41D6-BB55-63D827F5AB40}.AppStore|Any CPU.Build.0 = Release|Any CPU
		{19D22939-D918-41D6-BB55-63D827F5AB40}.AppStore|iPhone.ActiveCfg = Debug|Any CPU
		{19D22939-D918-41D6-BB55-63D827F5AB40}.AppStore|iPhone.Build.0 = Debug|Any CPU
		{19D22939-D918-41D6-BB55-63D827F5AB40}.AppStore|iPhoneSimulator.ActiveCfg = Release|Any CPU
		{19D22939-D918-41D6-BB55-63D827F5AB40}.AppStore|Mixed Platforms.ActiveCfg = Release|Any CPU
		{19D22939-D918-41D6-BB55-63D827F5AB40}.AppStore|Mixed Platforms.Build.0 = Release|Any CPU
		{19D22939-D918-41D6-BB55-63D827F5AB40}.Debug|Any CPU.ActiveCfg = Debug|Any CPU
		{19D22939-D918-41D6-BB55-63D827F5AB40}.Debug|Any CPU.Build.0 = Debug|Any CPU
		{19D22939-D918-41D6-BB55-63D827F5AB40}.Debug|iPhone.ActiveCfg = Debug|Any CPU
		{19D22939-D918-41D6-BB55-63D827F5AB40}.Debug|iPhone.Build.0 = Debug|Any CPU
		{19D22939-D918-41D6-BB55-63D827F5AB40}.Debug|iPhoneSimulator.ActiveCfg = Debug|Any CPU
		{19D22939-D918-41D6-BB55-63D827F5AB40}.Debug|iPhoneSimulator.Build.0 = Debug|Any CPU
		{19D22939-D918-41D6-BB55-63D827F5AB40}.Debug|Mixed Platforms.ActiveCfg = Debug|Any CPU
		{19D22939-D918-41D6-BB55-63D827F5AB40}.Debug|Mixed Platforms.Build.0 = Debug|Any CPU
		{19D22939-D918-41D6-BB55-63D827F5AB40}.Release|Any CPU.ActiveCfg = Release|Any CPU
		{19D22939-D918-41D6-BB55-63D827F5AB40}.Release|Any CPU.Build.0 = Release|Any CPU
		{19D22939-D918-41D6-BB55-63D827F5AB40}.Release|iPhone.ActiveCfg = Release|Any CPU
		{19D22939-D918-41D6-BB55-63D827F5AB40}.Release|iPhone.Build.0 = Release|Any CPU
		{19D22939-D918-41D6-BB55-63D827F5AB40}.Release|iPhoneSimulator.ActiveCfg = Release|Any CPU
		{19D22939-D918-41D6-BB55-63D827F5AB40}.Release|iPhoneSimulator.Build.0 = Release|Any CPU
		{19D22939-D918-41D6-BB55-63D827F5AB40}.Release|Mixed Platforms.ActiveCfg = Release|Any CPU
		{19D22939-D918-41D6-BB55-63D827F5AB40}.Release|Mixed Platforms.Build.0 = Release|Any CPU
		{577ABD7F-51E4-4C96-A363-4392DDEFE2B6}.Ad-Hoc|Any CPU.ActiveCfg = Ad-Hoc|iPhoneSimulator
		{577ABD7F-51E4-4C96-A363-4392DDEFE2B6}.Ad-Hoc|iPhone.ActiveCfg = Ad-Hoc|iPhone
		{577ABD7F-51E4-4C96-A363-4392DDEFE2B6}.Ad-Hoc|iPhone.Build.0 = Ad-Hoc|iPhone
		{577ABD7F-51E4-4C96-A363-4392DDEFE2B6}.Ad-Hoc|iPhoneSimulator.ActiveCfg = Ad-Hoc|iPhone
		{577ABD7F-51E4-4C96-A363-4392DDEFE2B6}.Ad-Hoc|Mixed Platforms.ActiveCfg = Ad-Hoc|iPhoneSimulator
		{577ABD7F-51E4-4C96-A363-4392DDEFE2B6}.Ad-Hoc|Mixed Platforms.Build.0 = Ad-Hoc|iPhoneSimulator
		{577ABD7F-51E4-4C96-A363-4392DDEFE2B6}.Ad-Hoc|Mixed Platforms.Deploy.0 = Ad-Hoc|iPhoneSimulator
		{577ABD7F-51E4-4C96-A363-4392DDEFE2B6}.AppStore|Any CPU.ActiveCfg = AppStore|iPhoneSimulator
		{577ABD7F-51E4-4C96-A363-4392DDEFE2B6}.AppStore|iPhone.ActiveCfg = AppStore|iPhone
		{577ABD7F-51E4-4C96-A363-4392DDEFE2B6}.AppStore|iPhone.Build.0 = AppStore|iPhone
		{577ABD7F-51E4-4C96-A363-4392DDEFE2B6}.AppStore|iPhoneSimulator.ActiveCfg = AppStore|iPhone
		{577ABD7F-51E4-4C96-A363-4392DDEFE2B6}.AppStore|Mixed Platforms.ActiveCfg = AppStore|iPhoneSimulator
		{577ABD7F-51E4-4C96-A363-4392DDEFE2B6}.AppStore|Mixed Platforms.Build.0 = AppStore|iPhoneSimulator
		{577ABD7F-51E4-4C96-A363-4392DDEFE2B6}.AppStore|Mixed Platforms.Deploy.0 = AppStore|iPhoneSimulator
		{577ABD7F-51E4-4C96-A363-4392DDEFE2B6}.Debug|Any CPU.ActiveCfg = Debug|iPhoneSimulator
		{577ABD7F-51E4-4C96-A363-4392DDEFE2B6}.Debug|Any CPU.Build.0 = Debug|iPhoneSimulator
		{577ABD7F-51E4-4C96-A363-4392DDEFE2B6}.Debug|iPhone.ActiveCfg = Debug|iPhone
		{577ABD7F-51E4-4C96-A363-4392DDEFE2B6}.Debug|iPhone.Build.0 = Debug|iPhone
		{577ABD7F-51E4-4C96-A363-4392DDEFE2B6}.Debug|iPhoneSimulator.ActiveCfg = Debug|iPhoneSimulator
		{577ABD7F-51E4-4C96-A363-4392DDEFE2B6}.Debug|iPhoneSimulator.Build.0 = Debug|iPhoneSimulator
		{577ABD7F-51E4-4C96-A363-4392DDEFE2B6}.Debug|iPhoneSimulator.Deploy.0 = Debug|iPhoneSimulator
		{577ABD7F-51E4-4C96-A363-4392DDEFE2B6}.Debug|Mixed Platforms.ActiveCfg = Debug|iPhoneSimulator
		{577ABD7F-51E4-4C96-A363-4392DDEFE2B6}.Debug|Mixed Platforms.Build.0 = Debug|iPhoneSimulator
		{577ABD7F-51E4-4C96-A363-4392DDEFE2B6}.Debug|Mixed Platforms.Deploy.0 = Debug|iPhoneSimulator
		{577ABD7F-51E4-4C96-A363-4392DDEFE2B6}.Release|Any CPU.ActiveCfg = Release|iPhoneSimulator
		{577ABD7F-51E4-4C96-A363-4392DDEFE2B6}.Release|Any CPU.Build.0 = Release|iPhoneSimulator
		{577ABD7F-51E4-4C96-A363-4392DDEFE2B6}.Release|iPhone.ActiveCfg = Release|iPhone
		{577ABD7F-51E4-4C96-A363-4392DDEFE2B6}.Release|iPhone.Build.0 = Release|iPhone
		{577ABD7F-51E4-4C96-A363-4392DDEFE2B6}.Release|iPhoneSimulator.ActiveCfg = Release|iPhoneSimulator
		{577ABD7F-51E4-4C96-A363-4392DDEFE2B6}.Release|iPhoneSimulator.Build.0 = Release|iPhoneSimulator
		{577ABD7F-51E4-4C96-A363-4392DDEFE2B6}.Release|Mixed Platforms.ActiveCfg = Release|iPhoneSimulator
		{577ABD7F-51E4-4C96-A363-4392DDEFE2B6}.Release|Mixed Platforms.Build.0 = Release|iPhoneSimulator
		{577ABD7F-51E4-4C96-A363-4392DDEFE2B6}.Release|Mixed Platforms.Deploy.0 = Release|iPhoneSimulator
		{B9798CE2-68CC-4FFA-A773-ECBF6EE61944}.Ad-Hoc|Any CPU.ActiveCfg = Release|Any CPU
		{B9798CE2-68CC-4FFA-A773-ECBF6EE61944}.Ad-Hoc|Any CPU.Build.0 = Release|Any CPU
		{B9798CE2-68CC-4FFA-A773-ECBF6EE61944}.Ad-Hoc|iPhone.ActiveCfg = Debug|Any CPU
		{B9798CE2-68CC-4FFA-A773-ECBF6EE61944}.Ad-Hoc|iPhone.Build.0 = Debug|Any CPU
		{B9798CE2-68CC-4FFA-A773-ECBF6EE61944}.Ad-Hoc|iPhoneSimulator.ActiveCfg = Release|Any CPU
		{B9798CE2-68CC-4FFA-A773-ECBF6EE61944}.Ad-Hoc|Mixed Platforms.ActiveCfg = Release|Any CPU
		{B9798CE2-68CC-4FFA-A773-ECBF6EE61944}.Ad-Hoc|Mixed Platforms.Build.0 = Release|Any CPU
		{B9798CE2-68CC-4FFA-A773-ECBF6EE61944}.AppStore|Any CPU.ActiveCfg = Release|Any CPU
		{B9798CE2-68CC-4FFA-A773-ECBF6EE61944}.AppStore|Any CPU.Build.0 = Release|Any CPU
		{B9798CE2-68CC-4FFA-A773-ECBF6EE61944}.AppStore|iPhone.ActiveCfg = Debug|Any CPU
		{B9798CE2-68CC-4FFA-A773-ECBF6EE61944}.AppStore|iPhone.Build.0 = Debug|Any CPU
		{B9798CE2-68CC-4FFA-A773-ECBF6EE61944}.AppStore|iPhoneSimulator.ActiveCfg = Release|Any CPU
		{B9798CE2-68CC-4FFA-A773-ECBF6EE61944}.AppStore|Mixed Platforms.ActiveCfg = Release|Any CPU
		{B9798CE2-68CC-4FFA-A773-ECBF6EE61944}.AppStore|Mixed Platforms.Build.0 = Release|Any CPU
		{B9798CE2-68CC-4FFA-A773-ECBF6EE61944}.Debug|Any CPU.ActiveCfg = Debug|Any CPU
		{B9798CE2-68CC-4FFA-A773-ECBF6EE61944}.Debug|Any CPU.Build.0 = Debug|Any CPU
		{B9798CE2-68CC-4FFA-A773-ECBF6EE61944}.Debug|iPhone.ActiveCfg = Debug|Any CPU
		{B9798CE2-68CC-4FFA-A773-ECBF6EE61944}.Debug|iPhone.Build.0 = Debug|Any CPU
		{B9798CE2-68CC-4FFA-A773-ECBF6EE61944}.Debug|iPhoneSimulator.ActiveCfg = Debug|Any CPU
		{B9798CE2-68CC-4FFA-A773-ECBF6EE61944}.Debug|iPhoneSimulator.Build.0 = Debug|Any CPU
		{B9798CE2-68CC-4FFA-A773-ECBF6EE61944}.Debug|Mixed Platforms.ActiveCfg = Debug|Any CPU
		{B9798CE2-68CC-4FFA-A773-ECBF6EE61944}.Debug|Mixed Platforms.Build.0 = Debug|Any CPU
		{B9798CE2-68CC-4FFA-A773-ECBF6EE61944}.Release|Any CPU.ActiveCfg = Release|Any CPU
		{B9798CE2-68CC-4FFA-A773-ECBF6EE61944}.Release|Any CPU.Build.0 = Release|Any CPU
		{B9798CE2-68CC-4FFA-A773-ECBF6EE61944}.Release|iPhone.ActiveCfg = Release|Any CPU
		{B9798CE2-68CC-4FFA-A773-ECBF6EE61944}.Release|iPhone.Build.0 = Release|Any CPU
		{B9798CE2-68CC-4FFA-A773-ECBF6EE61944}.Release|iPhoneSimulator.ActiveCfg = Release|Any CPU
		{B9798CE2-68CC-4FFA-A773-ECBF6EE61944}.Release|iPhoneSimulator.Build.0 = Release|Any CPU
		{B9798CE2-68CC-4FFA-A773-ECBF6EE61944}.Release|Mixed Platforms.ActiveCfg = Release|Any CPU
		{B9798CE2-68CC-4FFA-A773-ECBF6EE61944}.Release|Mixed Platforms.Build.0 = Release|Any CPU
		{1B85BCC2-47B7-48F0-9081-10DF18AF0438}.Ad-Hoc|Any CPU.ActiveCfg = Release|Any CPU
		{1B85BCC2-47B7-48F0-9081-10DF18AF0438}.Ad-Hoc|Any CPU.Build.0 = Release|Any CPU
		{1B85BCC2-47B7-48F0-9081-10DF18AF0438}.Ad-Hoc|iPhone.ActiveCfg = Debug|Any CPU
		{1B85BCC2-47B7-48F0-9081-10DF18AF0438}.Ad-Hoc|iPhone.Build.0 = Debug|Any CPU
		{1B85BCC2-47B7-48F0-9081-10DF18AF0438}.Ad-Hoc|iPhoneSimulator.ActiveCfg = Release|Any CPU
		{1B85BCC2-47B7-48F0-9081-10DF18AF0438}.Ad-Hoc|Mixed Platforms.ActiveCfg = Release|Any CPU
		{1B85BCC2-47B7-48F0-9081-10DF18AF0438}.Ad-Hoc|Mixed Platforms.Build.0 = Release|Any CPU
		{1B85BCC2-47B7-48F0-9081-10DF18AF0438}.AppStore|Any CPU.ActiveCfg = Release|Any CPU
		{1B85BCC2-47B7-48F0-9081-10DF18AF0438}.AppStore|Any CPU.Build.0 = Release|Any CPU
		{1B85BCC2-47B7-48F0-9081-10DF18AF0438}.AppStore|iPhone.ActiveCfg = Debug|Any CPU
		{1B85BCC2-47B7-48F0-9081-10DF18AF0438}.AppStore|iPhone.Build.0 = Debug|Any CPU
		{1B85BCC2-47B7-48F0-9081-10DF18AF0438}.AppStore|iPhoneSimulator.ActiveCfg = Release|Any CPU
		{1B85BCC2-47B7-48F0-9081-10DF18AF0438}.AppStore|Mixed Platforms.ActiveCfg = Release|Any CPU
		{1B85BCC2-47B7-48F0-9081-10DF18AF0438}.AppStore|Mixed Platforms.Build.0 = Release|Any CPU
		{1B85BCC2-47B7-48F0-9081-10DF18AF0438}.Debug|Any CPU.ActiveCfg = Debug|Any CPU
		{1B85BCC2-47B7-48F0-9081-10DF18AF0438}.Debug|Any CPU.Build.0 = Debug|Any CPU
		{1B85BCC2-47B7-48F0-9081-10DF18AF0438}.Debug|iPhone.ActiveCfg = Debug|Any CPU
		{1B85BCC2-47B7-48F0-9081-10DF18AF0438}.Debug|iPhone.Build.0 = Debug|Any CPU
		{1B85BCC2-47B7-48F0-9081-10DF18AF0438}.Debug|iPhoneSimulator.ActiveCfg = Debug|Any CPU
		{1B85BCC2-47B7-48F0-9081-10DF18AF0438}.Debug|iPhoneSimulator.Build.0 = Debug|Any CPU
		{1B85BCC2-47B7-48F0-9081-10DF18AF0438}.Debug|Mixed Platforms.ActiveCfg = Debug|Any CPU
		{1B85BCC2-47B7-48F0-9081-10DF18AF0438}.Debug|Mixed Platforms.Build.0 = Debug|Any CPU
		{1B85BCC2-47B7-48F0-9081-10DF18AF0438}.Release|Any CPU.ActiveCfg = Release|Any CPU
		{1B85BCC2-47B7-48F0-9081-10DF18AF0438}.Release|Any CPU.Build.0 = Release|Any CPU
		{1B85BCC2-47B7-48F0-9081-10DF18AF0438}.Release|iPhone.ActiveCfg = Release|Any CPU
		{1B85BCC2-47B7-48F0-9081-10DF18AF0438}.Release|iPhone.Build.0 = Release|Any CPU
		{1B85BCC2-47B7-48F0-9081-10DF18AF0438}.Release|iPhoneSimulator.ActiveCfg = Release|Any CPU
		{1B85BCC2-47B7-48F0-9081-10DF18AF0438}.Release|iPhoneSimulator.Build.0 = Release|Any CPU
		{1B85BCC2-47B7-48F0-9081-10DF18AF0438}.Release|Mixed Platforms.ActiveCfg = Release|Any CPU
		{1B85BCC2-47B7-48F0-9081-10DF18AF0438}.Release|Mixed Platforms.Build.0 = Release|Any CPU
		{5167E28F-308C-44B2-B7E6-5E20874D1125}.Ad-Hoc|Any CPU.ActiveCfg = Release|Any CPU
		{5167E28F-308C-44B2-B7E6-5E20874D1125}.Ad-Hoc|Any CPU.Build.0 = Release|Any CPU
		{5167E28F-308C-44B2-B7E6-5E20874D1125}.Ad-Hoc|iPhone.ActiveCfg = Debug|Any CPU
		{5167E28F-308C-44B2-B7E6-5E20874D1125}.Ad-Hoc|iPhone.Build.0 = Debug|Any CPU
		{5167E28F-308C-44B2-B7E6-5E20874D1125}.Ad-Hoc|iPhoneSimulator.ActiveCfg = Release|Any CPU
		{5167E28F-308C-44B2-B7E6-5E20874D1125}.Ad-Hoc|Mixed Platforms.ActiveCfg = Release|Any CPU
		{5167E28F-308C-44B2-B7E6-5E20874D1125}.Ad-Hoc|Mixed Platforms.Build.0 = Release|Any CPU
		{5167E28F-308C-44B2-B7E6-5E20874D1125}.AppStore|Any CPU.ActiveCfg = Release|Any CPU
		{5167E28F-308C-44B2-B7E6-5E20874D1125}.AppStore|Any CPU.Build.0 = Release|Any CPU
		{5167E28F-308C-44B2-B7E6-5E20874D1125}.AppStore|iPhone.ActiveCfg = Debug|Any CPU
		{5167E28F-308C-44B2-B7E6-5E20874D1125}.AppStore|iPhone.Build.0 = Debug|Any CPU
		{5167E28F-308C-44B2-B7E6-5E20874D1125}.AppStore|iPhoneSimulator.ActiveCfg = Release|Any CPU
		{5167E28F-308C-44B2-B7E6-5E20874D1125}.AppStore|Mixed Platforms.ActiveCfg = Release|Any CPU
		{5167E28F-308C-44B2-B7E6-5E20874D1125}.AppStore|Mixed Platforms.Build.0 = Release|Any CPU
		{5167E28F-308C-44B2-B7E6-5E20874D1125}.Debug|Any CPU.ActiveCfg = Debug|Any CPU
		{5167E28F-308C-44B2-B7E6-5E20874D1125}.Debug|Any CPU.Build.0 = Debug|Any CPU
		{5167E28F-308C-44B2-B7E6-5E20874D1125}.Debug|iPhone.ActiveCfg = Debug|Any CPU
		{5167E28F-308C-44B2-B7E6-5E20874D1125}.Debug|iPhone.Build.0 = Debug|Any CPU
		{5167E28F-308C-44B2-B7E6-5E20874D1125}.Debug|iPhoneSimulator.ActiveCfg = Debug|Any CPU
		{5167E28F-308C-44B2-B7E6-5E20874D1125}.Debug|iPhoneSimulator.Build.0 = Debug|Any CPU
		{5167E28F-308C-44B2-B7E6-5E20874D1125}.Debug|Mixed Platforms.ActiveCfg = Debug|Any CPU
		{5167E28F-308C-44B2-B7E6-5E20874D1125}.Debug|Mixed Platforms.Build.0 = Debug|Any CPU
		{5167E28F-308C-44B2-B7E6-5E20874D1125}.Release|Any CPU.ActiveCfg = Release|Any CPU
		{5167E28F-308C-44B2-B7E6-5E20874D1125}.Release|Any CPU.Build.0 = Release|Any CPU
		{5167E28F-308C-44B2-B7E6-5E20874D1125}.Release|iPhone.ActiveCfg = Release|Any CPU
		{5167E28F-308C-44B2-B7E6-5E20874D1125}.Release|iPhone.Build.0 = Release|Any CPU
		{5167E28F-308C-44B2-B7E6-5E20874D1125}.Release|iPhoneSimulator.ActiveCfg = Release|Any CPU
		{5167E28F-308C-44B2-B7E6-5E20874D1125}.Release|iPhoneSimulator.Build.0 = Release|Any CPU
		{5167E28F-308C-44B2-B7E6-5E20874D1125}.Release|Mixed Platforms.ActiveCfg = Release|Any CPU
		{5167E28F-308C-44B2-B7E6-5E20874D1125}.Release|Mixed Platforms.Build.0 = Release|Any CPU
		{C1565DBF-86E0-48EC-B3D4-0C18A5232FA8}.Ad-Hoc|Any CPU.ActiveCfg = Debug|Any CPU
		{C1565DBF-86E0-48EC-B3D4-0C18A5232FA8}.Ad-Hoc|Any CPU.Build.0 = Debug|Any CPU
		{C1565DBF-86E0-48EC-B3D4-0C18A5232FA8}.Ad-Hoc|iPhone.ActiveCfg = Debug|Any CPU
		{C1565DBF-86E0-48EC-B3D4-0C18A5232FA8}.Ad-Hoc|iPhone.Build.0 = Debug|Any CPU
		{C1565DBF-86E0-48EC-B3D4-0C18A5232FA8}.Ad-Hoc|iPhoneSimulator.ActiveCfg = Debug|Any CPU
		{C1565DBF-86E0-48EC-B3D4-0C18A5232FA8}.Ad-Hoc|Mixed Platforms.ActiveCfg = Debug|Any CPU
		{C1565DBF-86E0-48EC-B3D4-0C18A5232FA8}.Ad-Hoc|Mixed Platforms.Build.0 = Debug|Any CPU
		{C1565DBF-86E0-48EC-B3D4-0C18A5232FA8}.AppStore|Any CPU.ActiveCfg = Debug|Any CPU
		{C1565DBF-86E0-48EC-B3D4-0C18A5232FA8}.AppStore|Any CPU.Build.0 = Debug|Any CPU
		{C1565DBF-86E0-48EC-B3D4-0C18A5232FA8}.AppStore|iPhone.ActiveCfg = Debug|Any CPU
		{C1565DBF-86E0-48EC-B3D4-0C18A5232FA8}.AppStore|iPhone.Build.0 = Debug|Any CPU
		{C1565DBF-86E0-48EC-B3D4-0C18A5232FA8}.AppStore|iPhoneSimulator.ActiveCfg = Debug|Any CPU
		{C1565DBF-86E0-48EC-B3D4-0C18A5232FA8}.AppStore|Mixed Platforms.ActiveCfg = Debug|Any CPU
		{C1565DBF-86E0-48EC-B3D4-0C18A5232FA8}.AppStore|Mixed Platforms.Build.0 = Debug|Any CPU
		{C1565DBF-86E0-48EC-B3D4-0C18A5232FA8}.Debug|Any CPU.ActiveCfg = Debug|Any CPU
		{C1565DBF-86E0-48EC-B3D4-0C18A5232FA8}.Debug|Any CPU.Build.0 = Debug|Any CPU
		{C1565DBF-86E0-48EC-B3D4-0C18A5232FA8}.Debug|iPhone.ActiveCfg = Debug|Any CPU
		{C1565DBF-86E0-48EC-B3D4-0C18A5232FA8}.Debug|iPhone.Build.0 = Debug|Any CPU
		{C1565DBF-86E0-48EC-B3D4-0C18A5232FA8}.Debug|iPhoneSimulator.ActiveCfg = Debug|Any CPU
		{C1565DBF-86E0-48EC-B3D4-0C18A5232FA8}.Debug|iPhoneSimulator.Build.0 = Debug|Any CPU
		{C1565DBF-86E0-48EC-B3D4-0C18A5232FA8}.Debug|Mixed Platforms.ActiveCfg = Debug|Any CPU
		{C1565DBF-86E0-48EC-B3D4-0C18A5232FA8}.Debug|Mixed Platforms.Build.0 = Debug|Any CPU
		{C1565DBF-86E0-48EC-B3D4-0C18A5232FA8}.Release|Any CPU.ActiveCfg = Debug|Any CPU
		{C1565DBF-86E0-48EC-B3D4-0C18A5232FA8}.Release|Any CPU.Build.0 = Debug|Any CPU
		{C1565DBF-86E0-48EC-B3D4-0C18A5232FA8}.Release|iPhone.ActiveCfg = Debug|Any CPU
		{C1565DBF-86E0-48EC-B3D4-0C18A5232FA8}.Release|iPhone.Build.0 = Debug|Any CPU
		{C1565DBF-86E0-48EC-B3D4-0C18A5232FA8}.Release|iPhoneSimulator.ActiveCfg = Debug|Any CPU
		{C1565DBF-86E0-48EC-B3D4-0C18A5232FA8}.Release|iPhoneSimulator.Build.0 = Debug|Any CPU
		{C1565DBF-86E0-48EC-B3D4-0C18A5232FA8}.Release|Mixed Platforms.ActiveCfg = Debug|Any CPU
		{C1565DBF-86E0-48EC-B3D4-0C18A5232FA8}.Release|Mixed Platforms.Build.0 = Debug|Any CPU
	EndGlobalSection
	GlobalSection(SolutionProperties) = preSolution
		HideSolutionNode = FALSE
	EndGlobalSection
	GlobalSection(MonoDevelopProperties) = preSolution
		StartupItem = IOS\IOS.csproj
		Policies = $0
		$0.StandardHeader = $1
		$1.Text = 
		$1.IncludeInNewFiles = True
		$0.NameConventionPolicy = $2
		$2.Rules = $3
		$3.NamingRule = $4
		$4.AffectedEntity = None
		$4.VisibilityMask = VisibilityMask
		$4.NamingStyle = None
		$4.IncludeInstanceMembers = True
		$4.IncludeStaticEntities = True
	EndGlobalSection
EndGlobal
