
Microsoft Visual Studio Solution File, Format Version 12.00
# Visual Studio 2012
Project("{FAE04EC0-301F-11D3-BF4B-00C04F79EFBC}") = "Application.MD", "Application\Application.MD.csproj", "{6B05CF5B-79D7-4D43-9DDA-0849A6259F61}"
EndProject
Project("{FAE04EC0-301F-11D3-BF4B-00C04F79EFBC}") = "BusinessProcess.MD", "BusinessProcess\BusinessProcess.MD.csproj", "{96EC2C3A-3590-4805-A291-8DEFF5022C46}"
EndProject
Project("{FAE04EC0-301F-11D3-BF4B-00C04F79EFBC}") = "Droid", "Droid\Droid.csproj", "{86D37A0C-96FA-4126-BA3C-AA30160C035A}"
EndProject
Project("{FAE04EC0-301F-11D3-BF4B-00C04F79EFBC}") = "Common.MD", "Common\Common.MD.csproj", "{774597B4-F92C-4C09-AFD8-C78E654813EB}"
EndProject
Project("{FAE04EC0-301F-11D3-BF4B-00C04F79EFBC}") = "Controls.MD", "Controls\Controls.MD.csproj", "{608B4270-36F6-4C47-BC94-F737C42B2C9B}"
EndProject
Project("{FAE04EC0-301F-11D3-BF4B-00C04F79EFBC}") = "DataAccessLayer.MD", "DataAccessLayer\DataAccessLayer.MD.csproj", "{2AFEB1D5-E05E-4BC9-B6B0-36DA61382871}"
EndProject
Project("{FAE04EC0-301F-11D3-BF4B-00C04F79EFBC}") = "DbEngine.MD", "DbEngine\DbEngine.MD.csproj", "{E9FC2739-C234-465B-85DC-4B9D6AE3CFFC}"
EndProject
Project("{FAE04EC0-301F-11D3-BF4B-00C04F79EFBC}") = "Debugger.MD", "Debugger\Debugger.MD.csproj", "{4CAC2998-A665-4709-A755-18D6D28A9DC4}"
EndProject
Project("{FAE04EC0-301F-11D3-BF4B-00C04F79EFBC}") = "ExpressionEvaluator.MD", "ExpressionEvaluator\ExpressionEvaluator.MD.csproj", "{687F4061-C571-45B1-8E35-BBE55D3B5E19}"
EndProject
Project("{FAE04EC0-301F-11D3-BF4B-00C04F79EFBC}") = "ScriptEngine.MD", "ScriptEngine\ScriptEngine.MD.csproj", "{C37B70F2-C2F5-4DBD-8948-FDCB2629BA4A}"
EndProject
Project("{FAE04EC0-301F-11D3-BF4B-00C04F79EFBC}") = "StyleSheet.MD", "StyleSheet\StyleSheet.MD.csproj", "{DBA3DA4E-6F7C-40E4-B000-EB27364F8791}"
EndProject
Project("{FAE04EC0-301F-11D3-BF4B-00C04F79EFBC}") = "SyncLibrary.MD", "SyncLibrary\SyncLibrary.MD.csproj", "{87D04775-A468-483F-8022-7DDC7D8CEA7F}"
EndProject
Project("{FAE04EC0-301F-11D3-BF4B-00C04F79EFBC}") = "TestsAgent.MD", "TestsAgent\TestsAgent.MD.csproj", "{CDE38425-9FF8-475C-B542-6262306FCDA3}"
EndProject
Project("{FAE04EC0-301F-11D3-BF4B-00C04F79EFBC}") = "ValueStack.MD", "ValueStack\ValueStack.MD.csproj", "{00BE6271-320D-4527-ADB9-B1F9DC6649DE}"
EndProject
Project("{2150E333-8FDC-42A3-9474-1A3956D46DE8}") = "UnitTests", "UnitTests", "{7CF0EAFF-42EB-4F90-B2AE-FA1A012852CD}"
EndProject
Project("{FAE04EC0-301F-11D3-BF4B-00C04F79EFBC}") = "MobileClient.UnitTests", "UnitTests\MobileClient.UnitTests\MobileClient.UnitTests.csproj", "{AD65F8B8-1024-413A-9C08-D02995CC7B2F}"
EndProject
Project("{FAE04EC0-301F-11D3-BF4B-00C04F79EFBC}") = "IO.MD", "IO\IO.MD.csproj", "{170C307C-2B18-4689-8DC3-AEBD6341B7DA}"
EndProject
Project("{FAE04EC0-301F-11D3-BF4B-00C04F79EFBC}") = "Bulder.MD", "Bulder\Bulder.MD.csproj", "{8B475242-B77F-40D8-8C2B-C871F04CA3E5}"
EndProject
Project("{FAE04EC0-301F-11D3-BF4B-00C04F79EFBC}") = "Log.MD", "Log\Log.MD.csproj", "{25B286E0-9C90-4685-BBF5-8B688F2FF225}"
EndProject
Project("{FAE04EC0-301F-11D3-BF4B-00C04F79EFBC}") = "StyleSheet.UnitTests", "UnitTests\StyleSheet.UnitTests\StyleSheet.UnitTests.csproj", "{02368DD4-D932-4649-AD42-66C04C7A3912}"
EndProject
Project("{FAE04EC0-301F-11D3-BF4B-00C04F79EFBC}") = "ScriptEngine.UnitTests", "UnitTests\ScriptEngine.UnitTests\ScriptEngine.UnitTests.csproj", "{729DA7C2-4409-4716-88A4-7EC18FA26480}"
EndProject
Project("{2150E333-8FDC-42A3-9474-1A3956D46DE8}") = "Benchmark", "Benchmark", "{98006340-B39F-4B48-871C-825FBBF1E866}"
EndProject
Project("{2150E333-8FDC-42A3-9474-1A3956D46DE8}") = "BenchmarkXamarin", "BenchmarkXamarin", "{C0A8C1E9-60DC-4A49-8281-381AB71A0E24}"
EndProject
Project("{FAE04EC0-301F-11D3-BF4B-00C04F79EFBC}") = "BenchmarkXamarin.Droid", "Benchmark\BenchmarkXamarin\BenchmarkXamarin.Droid\BenchmarkXamarin.Droid.csproj", "{670EBC7D-CCB1-4D44-91A8-9AAD3AFED36E}"
	ProjectSection(ProjectDependencies) = postProject
		{55E18EB8-DE95-47AD-859C-615F9A4D9842} = {55E18EB8-DE95-47AD-859C-615F9A4D9842}
		{839F86F1-81C5-436E-95A5-256EDB4B8B4B} = {839F86F1-81C5-436E-95A5-256EDB4B8B4B}
	EndProjectSection
EndProject
Project("{FAE04EC0-301F-11D3-BF4B-00C04F79EFBC}") = "BenchmarkXamarin.Core.MD", "Benchmark\BenchmarkXamarin\BenchmarkXamarin.Core\BenchmarkXamarin.Core.MD.csproj", "{839F86F1-81C5-436E-95A5-256EDB4B8B4B}"
EndProject
Project("{FAE04EC0-301F-11D3-BF4B-00C04F79EFBC}") = "Benchmarks", "Benchmark\Benchmarks\Benchmarks.csproj", "{55E18EB8-DE95-47AD-859C-615F9A4D9842}"
EndProject
Global
	GlobalSection(SolutionConfigurationPlatforms) = preSolution
		Debug|Any CPU = Debug|Any CPU
		Debug|iPhone = Debug|iPhone
		Debug|iPhoneSimulator = Debug|iPhoneSimulator
		Debug|Mixed Platforms = Debug|Mixed Platforms
		Develop|Any CPU = Develop|Any CPU
		Develop|iPhone = Develop|iPhone
		Develop|iPhoneSimulator = Develop|iPhoneSimulator
		Develop|Mixed Platforms = Develop|Mixed Platforms
		Release|Any CPU = Release|Any CPU
		Release|iPhone = Release|iPhone
		Release|iPhoneSimulator = Release|iPhoneSimulator
		Release|Mixed Platforms = Release|Mixed Platforms
	EndGlobalSection
	GlobalSection(ProjectConfigurationPlatforms) = postSolution
		{6B05CF5B-79D7-4D43-9DDA-0849A6259F61}.Debug|Any CPU.ActiveCfg = Debug|Any CPU
		{6B05CF5B-79D7-4D43-9DDA-0849A6259F61}.Debug|Any CPU.Build.0 = Debug|Any CPU
		{6B05CF5B-79D7-4D43-9DDA-0849A6259F61}.Debug|iPhone.ActiveCfg = Debug|Any CPU
		{6B05CF5B-79D7-4D43-9DDA-0849A6259F61}.Debug|iPhoneSimulator.ActiveCfg = Debug|Any CPU
		{6B05CF5B-79D7-4D43-9DDA-0849A6259F61}.Debug|Mixed Platforms.ActiveCfg = Debug|Any CPU
		{6B05CF5B-79D7-4D43-9DDA-0849A6259F61}.Debug|Mixed Platforms.Build.0 = Debug|Any CPU
		{6B05CF5B-79D7-4D43-9DDA-0849A6259F61}.Develop|Any CPU.ActiveCfg = Debug|Any CPU
		{6B05CF5B-79D7-4D43-9DDA-0849A6259F61}.Develop|Any CPU.Build.0 = Debug|Any CPU
		{6B05CF5B-79D7-4D43-9DDA-0849A6259F61}.Develop|iPhone.ActiveCfg = Debug|Any CPU
		{6B05CF5B-79D7-4D43-9DDA-0849A6259F61}.Develop|iPhoneSimulator.ActiveCfg = Debug|Any CPU
		{6B05CF5B-79D7-4D43-9DDA-0849A6259F61}.Develop|Mixed Platforms.ActiveCfg = Debug|Any CPU
		{6B05CF5B-79D7-4D43-9DDA-0849A6259F61}.Develop|Mixed Platforms.Build.0 = Debug|Any CPU
		{6B05CF5B-79D7-4D43-9DDA-0849A6259F61}.Release|Any CPU.ActiveCfg = Release|Any CPU
		{6B05CF5B-79D7-4D43-9DDA-0849A6259F61}.Release|Any CPU.Build.0 = Release|Any CPU
		{6B05CF5B-79D7-4D43-9DDA-0849A6259F61}.Release|iPhone.ActiveCfg = Release|Any CPU
		{6B05CF5B-79D7-4D43-9DDA-0849A6259F61}.Release|iPhoneSimulator.ActiveCfg = Release|Any CPU
		{6B05CF5B-79D7-4D43-9DDA-0849A6259F61}.Release|Mixed Platforms.ActiveCfg = Release|Any CPU
		{6B05CF5B-79D7-4D43-9DDA-0849A6259F61}.Release|Mixed Platforms.Build.0 = Release|Any CPU
		{96EC2C3A-3590-4805-A291-8DEFF5022C46}.Debug|Any CPU.ActiveCfg = Debug|Any CPU
		{96EC2C3A-3590-4805-A291-8DEFF5022C46}.Debug|Any CPU.Build.0 = Debug|Any CPU
		{96EC2C3A-3590-4805-A291-8DEFF5022C46}.Debug|iPhone.ActiveCfg = Debug|Any CPU
		{96EC2C3A-3590-4805-A291-8DEFF5022C46}.Debug|iPhoneSimulator.ActiveCfg = Debug|Any CPU
		{96EC2C3A-3590-4805-A291-8DEFF5022C46}.Debug|Mixed Platforms.ActiveCfg = Debug|Any CPU
		{96EC2C3A-3590-4805-A291-8DEFF5022C46}.Debug|Mixed Platforms.Build.0 = Debug|Any CPU
		{96EC2C3A-3590-4805-A291-8DEFF5022C46}.Develop|Any CPU.ActiveCfg = Develop|Any CPU
		{96EC2C3A-3590-4805-A291-8DEFF5022C46}.Develop|Any CPU.Build.0 = Develop|Any CPU
		{96EC2C3A-3590-4805-A291-8DEFF5022C46}.Develop|iPhone.ActiveCfg = Develop|Any CPU
		{96EC2C3A-3590-4805-A291-8DEFF5022C46}.Develop|iPhoneSimulator.ActiveCfg = Develop|Any CPU
		{96EC2C3A-3590-4805-A291-8DEFF5022C46}.Develop|Mixed Platforms.ActiveCfg = Develop|Any CPU
		{96EC2C3A-3590-4805-A291-8DEFF5022C46}.Develop|Mixed Platforms.Build.0 = Develop|Any CPU
		{96EC2C3A-3590-4805-A291-8DEFF5022C46}.Release|Any CPU.ActiveCfg = Release|Any CPU
		{96EC2C3A-3590-4805-A291-8DEFF5022C46}.Release|Any CPU.Build.0 = Release|Any CPU
		{96EC2C3A-3590-4805-A291-8DEFF5022C46}.Release|iPhone.ActiveCfg = Release|Any CPU
		{96EC2C3A-3590-4805-A291-8DEFF5022C46}.Release|iPhoneSimulator.ActiveCfg = Release|Any CPU
		{96EC2C3A-3590-4805-A291-8DEFF5022C46}.Release|Mixed Platforms.ActiveCfg = Release|Any CPU
		{96EC2C3A-3590-4805-A291-8DEFF5022C46}.Release|Mixed Platforms.Build.0 = Release|Any CPU
		{86D37A0C-96FA-4126-BA3C-AA30160C035A}.Debug|Any CPU.ActiveCfg = Debug|Any CPU
		{86D37A0C-96FA-4126-BA3C-AA30160C035A}.Debug|Any CPU.Build.0 = Debug|Any CPU
		{86D37A0C-96FA-4126-BA3C-AA30160C035A}.Debug|Any CPU.Deploy.0 = Debug|Any CPU
		{86D37A0C-96FA-4126-BA3C-AA30160C035A}.Debug|iPhone.ActiveCfg = Debug|Any CPU
		{86D37A0C-96FA-4126-BA3C-AA30160C035A}.Debug|iPhoneSimulator.ActiveCfg = Debug|Any CPU
		{86D37A0C-96FA-4126-BA3C-AA30160C035A}.Debug|Mixed Platforms.ActiveCfg = Debug|Any CPU
		{86D37A0C-96FA-4126-BA3C-AA30160C035A}.Debug|Mixed Platforms.Build.0 = Debug|Any CPU
		{86D37A0C-96FA-4126-BA3C-AA30160C035A}.Debug|Mixed Platforms.Deploy.0 = Debug|Any CPU
		{86D37A0C-96FA-4126-BA3C-AA30160C035A}.Develop|Any CPU.ActiveCfg = Develop|Any CPU
		{86D37A0C-96FA-4126-BA3C-AA30160C035A}.Develop|Any CPU.Build.0 = Develop|Any CPU
		{86D37A0C-96FA-4126-BA3C-AA30160C035A}.Develop|Any CPU.Deploy.0 = Develop|Any CPU
		{86D37A0C-96FA-4126-BA3C-AA30160C035A}.Develop|iPhone.ActiveCfg = Develop|Any CPU
		{86D37A0C-96FA-4126-BA3C-AA30160C035A}.Develop|iPhoneSimulator.ActiveCfg = Develop|Any CPU
		{86D37A0C-96FA-4126-BA3C-AA30160C035A}.Develop|Mixed Platforms.ActiveCfg = Develop|Any CPU
		{86D37A0C-96FA-4126-BA3C-AA30160C035A}.Develop|Mixed Platforms.Build.0 = Develop|Any CPU
		{86D37A0C-96FA-4126-BA3C-AA30160C035A}.Develop|Mixed Platforms.Deploy.0 = Develop|Any CPU
		{86D37A0C-96FA-4126-BA3C-AA30160C035A}.Release|Any CPU.ActiveCfg = Release|Any CPU
		{86D37A0C-96FA-4126-BA3C-AA30160C035A}.Release|Any CPU.Build.0 = Release|Any CPU
		{86D37A0C-96FA-4126-BA3C-AA30160C035A}.Release|Any CPU.Deploy.0 = Release|Any CPU
		{86D37A0C-96FA-4126-BA3C-AA30160C035A}.Release|iPhone.ActiveCfg = Release|Any CPU
		{86D37A0C-96FA-4126-BA3C-AA30160C035A}.Release|iPhoneSimulator.ActiveCfg = Release|Any CPU
		{86D37A0C-96FA-4126-BA3C-AA30160C035A}.Release|Mixed Platforms.ActiveCfg = Release|Any CPU
		{86D37A0C-96FA-4126-BA3C-AA30160C035A}.Release|Mixed Platforms.Build.0 = Release|Any CPU
		{86D37A0C-96FA-4126-BA3C-AA30160C035A}.Release|Mixed Platforms.Deploy.0 = Release|Any CPU
		{774597B4-F92C-4C09-AFD8-C78E654813EB}.Debug|Any CPU.ActiveCfg = Debug|Any CPU
		{774597B4-F92C-4C09-AFD8-C78E654813EB}.Debug|Any CPU.Build.0 = Debug|Any CPU
		{774597B4-F92C-4C09-AFD8-C78E654813EB}.Debug|iPhone.ActiveCfg = Debug|Any CPU
		{774597B4-F92C-4C09-AFD8-C78E654813EB}.Debug|iPhoneSimulator.ActiveCfg = Debug|Any CPU
		{774597B4-F92C-4C09-AFD8-C78E654813EB}.Debug|Mixed Platforms.ActiveCfg = Debug|Any CPU
		{774597B4-F92C-4C09-AFD8-C78E654813EB}.Debug|Mixed Platforms.Build.0 = Debug|Any CPU
		{774597B4-F92C-4C09-AFD8-C78E654813EB}.Develop|Any CPU.ActiveCfg = Debug|Any CPU
		{774597B4-F92C-4C09-AFD8-C78E654813EB}.Develop|Any CPU.Build.0 = Debug|Any CPU
		{774597B4-F92C-4C09-AFD8-C78E654813EB}.Develop|iPhone.ActiveCfg = Debug|Any CPU
		{774597B4-F92C-4C09-AFD8-C78E654813EB}.Develop|iPhoneSimulator.ActiveCfg = Debug|Any CPU
		{774597B4-F92C-4C09-AFD8-C78E654813EB}.Develop|Mixed Platforms.ActiveCfg = Debug|Any CPU
		{774597B4-F92C-4C09-AFD8-C78E654813EB}.Develop|Mixed Platforms.Build.0 = Debug|Any CPU
		{774597B4-F92C-4C09-AFD8-C78E654813EB}.Release|Any CPU.ActiveCfg = Release|Any CPU
		{774597B4-F92C-4C09-AFD8-C78E654813EB}.Release|Any CPU.Build.0 = Release|Any CPU
		{774597B4-F92C-4C09-AFD8-C78E654813EB}.Release|iPhone.ActiveCfg = Release|Any CPU
		{774597B4-F92C-4C09-AFD8-C78E654813EB}.Release|iPhoneSimulator.ActiveCfg = Release|Any CPU
		{774597B4-F92C-4C09-AFD8-C78E654813EB}.Release|Mixed Platforms.ActiveCfg = Release|Any CPU
		{774597B4-F92C-4C09-AFD8-C78E654813EB}.Release|Mixed Platforms.Build.0 = Release|Any CPU
		{608B4270-36F6-4C47-BC94-F737C42B2C9B}.Debug|Any CPU.ActiveCfg = Debug|Any CPU
		{608B4270-36F6-4C47-BC94-F737C42B2C9B}.Debug|Any CPU.Build.0 = Debug|Any CPU
		{608B4270-36F6-4C47-BC94-F737C42B2C9B}.Debug|iPhone.ActiveCfg = Debug|Any CPU
		{608B4270-36F6-4C47-BC94-F737C42B2C9B}.Debug|iPhoneSimulator.ActiveCfg = Debug|Any CPU
		{608B4270-36F6-4C47-BC94-F737C42B2C9B}.Debug|Mixed Platforms.ActiveCfg = Debug|Any CPU
		{608B4270-36F6-4C47-BC94-F737C42B2C9B}.Debug|Mixed Platforms.Build.0 = Debug|Any CPU
		{608B4270-36F6-4C47-BC94-F737C42B2C9B}.Develop|Any CPU.ActiveCfg = Develop|Any CPU
		{608B4270-36F6-4C47-BC94-F737C42B2C9B}.Develop|Any CPU.Build.0 = Develop|Any CPU
		{608B4270-36F6-4C47-BC94-F737C42B2C9B}.Develop|iPhone.ActiveCfg = Develop|Any CPU
		{608B4270-36F6-4C47-BC94-F737C42B2C9B}.Develop|iPhoneSimulator.ActiveCfg = Develop|Any CPU
		{608B4270-36F6-4C47-BC94-F737C42B2C9B}.Develop|Mixed Platforms.ActiveCfg = Develop|Any CPU
		{608B4270-36F6-4C47-BC94-F737C42B2C9B}.Develop|Mixed Platforms.Build.0 = Develop|Any CPU
		{608B4270-36F6-4C47-BC94-F737C42B2C9B}.Release|Any CPU.ActiveCfg = Release|Any CPU
		{608B4270-36F6-4C47-BC94-F737C42B2C9B}.Release|Any CPU.Build.0 = Release|Any CPU
		{608B4270-36F6-4C47-BC94-F737C42B2C9B}.Release|iPhone.ActiveCfg = Release|Any CPU
		{608B4270-36F6-4C47-BC94-F737C42B2C9B}.Release|iPhoneSimulator.ActiveCfg = Release|Any CPU
		{608B4270-36F6-4C47-BC94-F737C42B2C9B}.Release|Mixed Platforms.ActiveCfg = Release|Any CPU
		{608B4270-36F6-4C47-BC94-F737C42B2C9B}.Release|Mixed Platforms.Build.0 = Release|Any CPU
		{2AFEB1D5-E05E-4BC9-B6B0-36DA61382871}.Debug|Any CPU.ActiveCfg = Debug|Any CPU
		{2AFEB1D5-E05E-4BC9-B6B0-36DA61382871}.Debug|Any CPU.Build.0 = Debug|Any CPU
		{2AFEB1D5-E05E-4BC9-B6B0-36DA61382871}.Debug|iPhone.ActiveCfg = Debug|Any CPU
		{2AFEB1D5-E05E-4BC9-B6B0-36DA61382871}.Debug|iPhoneSimulator.ActiveCfg = Debug|Any CPU
		{2AFEB1D5-E05E-4BC9-B6B0-36DA61382871}.Debug|Mixed Platforms.ActiveCfg = Debug|Any CPU
		{2AFEB1D5-E05E-4BC9-B6B0-36DA61382871}.Debug|Mixed Platforms.Build.0 = Debug|Any CPU
		{2AFEB1D5-E05E-4BC9-B6B0-36DA61382871}.Develop|Any CPU.ActiveCfg = Develop|Any CPU
		{2AFEB1D5-E05E-4BC9-B6B0-36DA61382871}.Develop|Any CPU.Build.0 = Develop|Any CPU
		{2AFEB1D5-E05E-4BC9-B6B0-36DA61382871}.Develop|iPhone.ActiveCfg = Develop|Any CPU
		{2AFEB1D5-E05E-4BC9-B6B0-36DA61382871}.Develop|iPhoneSimulator.ActiveCfg = Develop|Any CPU
		{2AFEB1D5-E05E-4BC9-B6B0-36DA61382871}.Develop|Mixed Platforms.ActiveCfg = Develop|Any CPU
		{2AFEB1D5-E05E-4BC9-B6B0-36DA61382871}.Develop|Mixed Platforms.Build.0 = Develop|Any CPU
		{2AFEB1D5-E05E-4BC9-B6B0-36DA61382871}.Release|Any CPU.ActiveCfg = Release|Any CPU
		{2AFEB1D5-E05E-4BC9-B6B0-36DA61382871}.Release|Any CPU.Build.0 = Release|Any CPU
		{2AFEB1D5-E05E-4BC9-B6B0-36DA61382871}.Release|iPhone.ActiveCfg = Release|Any CPU
		{2AFEB1D5-E05E-4BC9-B6B0-36DA61382871}.Release|iPhoneSimulator.ActiveCfg = Release|Any CPU
		{2AFEB1D5-E05E-4BC9-B6B0-36DA61382871}.Release|Mixed Platforms.ActiveCfg = Release|Any CPU
		{2AFEB1D5-E05E-4BC9-B6B0-36DA61382871}.Release|Mixed Platforms.Build.0 = Release|Any CPU
		{E9FC2739-C234-465B-85DC-4B9D6AE3CFFC}.Debug|Any CPU.ActiveCfg = Debug|Any CPU
		{E9FC2739-C234-465B-85DC-4B9D6AE3CFFC}.Debug|Any CPU.Build.0 = Debug|Any CPU
		{E9FC2739-C234-465B-85DC-4B9D6AE3CFFC}.Debug|iPhone.ActiveCfg = Debug|Any CPU
		{E9FC2739-C234-465B-85DC-4B9D6AE3CFFC}.Debug|iPhoneSimulator.ActiveCfg = Debug|Any CPU
		{E9FC2739-C234-465B-85DC-4B9D6AE3CFFC}.Debug|Mixed Platforms.ActiveCfg = Debug|Any CPU
		{E9FC2739-C234-465B-85DC-4B9D6AE3CFFC}.Debug|Mixed Platforms.Build.0 = Debug|Any CPU
		{E9FC2739-C234-465B-85DC-4B9D6AE3CFFC}.Debug|Mixed Platforms.Deploy.0 = Debug|Any CPU
		{E9FC2739-C234-465B-85DC-4B9D6AE3CFFC}.Develop|Any CPU.ActiveCfg = Debug|Any CPU
		{E9FC2739-C234-465B-85DC-4B9D6AE3CFFC}.Develop|Any CPU.Build.0 = Debug|Any CPU
		{E9FC2739-C234-465B-85DC-4B9D6AE3CFFC}.Develop|Any CPU.Deploy.0 = Debug|Any CPU
		{E9FC2739-C234-465B-85DC-4B9D6AE3CFFC}.Develop|iPhone.ActiveCfg = Debug|Any CPU
		{E9FC2739-C234-465B-85DC-4B9D6AE3CFFC}.Develop|iPhoneSimulator.ActiveCfg = Debug|Any CPU
		{E9FC2739-C234-465B-85DC-4B9D6AE3CFFC}.Develop|Mixed Platforms.ActiveCfg = Debug|Any CPU
		{E9FC2739-C234-465B-85DC-4B9D6AE3CFFC}.Develop|Mixed Platforms.Build.0 = Debug|Any CPU
		{E9FC2739-C234-465B-85DC-4B9D6AE3CFFC}.Develop|Mixed Platforms.Deploy.0 = Debug|Any CPU
		{E9FC2739-C234-465B-85DC-4B9D6AE3CFFC}.Release|Any CPU.ActiveCfg = Release|Any CPU
		{E9FC2739-C234-465B-85DC-4B9D6AE3CFFC}.Release|Any CPU.Build.0 = Release|Any CPU
		{E9FC2739-C234-465B-85DC-4B9D6AE3CFFC}.Release|Any CPU.Deploy.0 = Release|Any CPU
		{E9FC2739-C234-465B-85DC-4B9D6AE3CFFC}.Release|iPhone.ActiveCfg = Release|Any CPU
		{E9FC2739-C234-465B-85DC-4B9D6AE3CFFC}.Release|iPhoneSimulator.ActiveCfg = Release|Any CPU
		{E9FC2739-C234-465B-85DC-4B9D6AE3CFFC}.Release|Mixed Platforms.ActiveCfg = Release|Any CPU
		{E9FC2739-C234-465B-85DC-4B9D6AE3CFFC}.Release|Mixed Platforms.Build.0 = Release|Any CPU
		{E9FC2739-C234-465B-85DC-4B9D6AE3CFFC}.Release|Mixed Platforms.Deploy.0 = Release|Any CPU
		{4CAC2998-A665-4709-A755-18D6D28A9DC4}.Debug|Any CPU.ActiveCfg = Debug|Any CPU
		{4CAC2998-A665-4709-A755-18D6D28A9DC4}.Debug|Any CPU.Build.0 = Debug|Any CPU
		{4CAC2998-A665-4709-A755-18D6D28A9DC4}.Debug|iPhone.ActiveCfg = Debug|Any CPU
		{4CAC2998-A665-4709-A755-18D6D28A9DC4}.Debug|iPhoneSimulator.ActiveCfg = Debug|Any CPU
		{4CAC2998-A665-4709-A755-18D6D28A9DC4}.Debug|Mixed Platforms.ActiveCfg = Debug|Any CPU
		{4CAC2998-A665-4709-A755-18D6D28A9DC4}.Debug|Mixed Platforms.Build.0 = Debug|Any CPU
		{4CAC2998-A665-4709-A755-18D6D28A9DC4}.Develop|Any CPU.ActiveCfg = Debug|Any CPU
		{4CAC2998-A665-4709-A755-18D6D28A9DC4}.Develop|Any CPU.Build.0 = Debug|Any CPU
		{4CAC2998-A665-4709-A755-18D6D28A9DC4}.Develop|iPhone.ActiveCfg = Debug|Any CPU
		{4CAC2998-A665-4709-A755-18D6D28A9DC4}.Develop|iPhoneSimulator.ActiveCfg = Debug|Any CPU
		{4CAC2998-A665-4709-A755-18D6D28A9DC4}.Develop|Mixed Platforms.ActiveCfg = Debug|Any CPU
		{4CAC2998-A665-4709-A755-18D6D28A9DC4}.Develop|Mixed Platforms.Build.0 = Debug|Any CPU
		{4CAC2998-A665-4709-A755-18D6D28A9DC4}.Release|Any CPU.ActiveCfg = Release|Any CPU
		{4CAC2998-A665-4709-A755-18D6D28A9DC4}.Release|Any CPU.Build.0 = Release|Any CPU
		{4CAC2998-A665-4709-A755-18D6D28A9DC4}.Release|iPhone.ActiveCfg = Release|Any CPU
		{4CAC2998-A665-4709-A755-18D6D28A9DC4}.Release|iPhoneSimulator.ActiveCfg = Release|Any CPU
		{4CAC2998-A665-4709-A755-18D6D28A9DC4}.Release|Mixed Platforms.ActiveCfg = Release|Any CPU
		{4CAC2998-A665-4709-A755-18D6D28A9DC4}.Release|Mixed Platforms.Build.0 = Release|Any CPU
		{687F4061-C571-45B1-8E35-BBE55D3B5E19}.Debug|Any CPU.ActiveCfg = Debug|Any CPU
		{687F4061-C571-45B1-8E35-BBE55D3B5E19}.Debug|Any CPU.Build.0 = Debug|Any CPU
		{687F4061-C571-45B1-8E35-BBE55D3B5E19}.Debug|iPhone.ActiveCfg = Debug|Any CPU
		{687F4061-C571-45B1-8E35-BBE55D3B5E19}.Debug|iPhoneSimulator.ActiveCfg = Debug|Any CPU
		{687F4061-C571-45B1-8E35-BBE55D3B5E19}.Debug|Mixed Platforms.ActiveCfg = Debug|Any CPU
		{687F4061-C571-45B1-8E35-BBE55D3B5E19}.Debug|Mixed Platforms.Build.0 = Debug|Any CPU
		{687F4061-C571-45B1-8E35-BBE55D3B5E19}.Develop|Any CPU.ActiveCfg = Debug|Any CPU
		{687F4061-C571-45B1-8E35-BBE55D3B5E19}.Develop|Any CPU.Build.0 = Debug|Any CPU
		{687F4061-C571-45B1-8E35-BBE55D3B5E19}.Develop|iPhone.ActiveCfg = Debug|Any CPU
		{687F4061-C571-45B1-8E35-BBE55D3B5E19}.Develop|iPhoneSimulator.ActiveCfg = Debug|Any CPU
		{687F4061-C571-45B1-8E35-BBE55D3B5E19}.Develop|Mixed Platforms.ActiveCfg = Debug|Any CPU
		{687F4061-C571-45B1-8E35-BBE55D3B5E19}.Develop|Mixed Platforms.Build.0 = Debug|Any CPU
		{687F4061-C571-45B1-8E35-BBE55D3B5E19}.Release|Any CPU.ActiveCfg = Release|Any CPU
		{687F4061-C571-45B1-8E35-BBE55D3B5E19}.Release|Any CPU.Build.0 = Release|Any CPU
		{687F4061-C571-45B1-8E35-BBE55D3B5E19}.Release|iPhone.ActiveCfg = Release|Any CPU
		{687F4061-C571-45B1-8E35-BBE55D3B5E19}.Release|iPhoneSimulator.ActiveCfg = Release|Any CPU
		{687F4061-C571-45B1-8E35-BBE55D3B5E19}.Release|Mixed Platforms.ActiveCfg = Release|Any CPU
		{687F4061-C571-45B1-8E35-BBE55D3B5E19}.Release|Mixed Platforms.Build.0 = Release|Any CPU
		{C37B70F2-C2F5-4DBD-8948-FDCB2629BA4A}.Debug|Any CPU.ActiveCfg = Debug|Any CPU
		{C37B70F2-C2F5-4DBD-8948-FDCB2629BA4A}.Debug|Any CPU.Build.0 = Debug|Any CPU
		{C37B70F2-C2F5-4DBD-8948-FDCB2629BA4A}.Debug|iPhone.ActiveCfg = Debug|Any CPU
		{C37B70F2-C2F5-4DBD-8948-FDCB2629BA4A}.Debug|iPhoneSimulator.ActiveCfg = Debug|Any CPU
		{C37B70F2-C2F5-4DBD-8948-FDCB2629BA4A}.Debug|Mixed Platforms.ActiveCfg = Debug|Any CPU
		{C37B70F2-C2F5-4DBD-8948-FDCB2629BA4A}.Debug|Mixed Platforms.Build.0 = Debug|Any CPU
		{C37B70F2-C2F5-4DBD-8948-FDCB2629BA4A}.Develop|Any CPU.ActiveCfg = Develop|Any CPU
		{C37B70F2-C2F5-4DBD-8948-FDCB2629BA4A}.Develop|Any CPU.Build.0 = Develop|Any CPU
		{C37B70F2-C2F5-4DBD-8948-FDCB2629BA4A}.Develop|iPhone.ActiveCfg = Develop|Any CPU
		{C37B70F2-C2F5-4DBD-8948-FDCB2629BA4A}.Develop|iPhoneSimulator.ActiveCfg = Develop|Any CPU
		{C37B70F2-C2F5-4DBD-8948-FDCB2629BA4A}.Develop|Mixed Platforms.ActiveCfg = Develop|Any CPU
		{C37B70F2-C2F5-4DBD-8948-FDCB2629BA4A}.Develop|Mixed Platforms.Build.0 = Develop|Any CPU
		{C37B70F2-C2F5-4DBD-8948-FDCB2629BA4A}.Release|Any CPU.ActiveCfg = Release|Any CPU
		{C37B70F2-C2F5-4DBD-8948-FDCB2629BA4A}.Release|Any CPU.Build.0 = Release|Any CPU
		{C37B70F2-C2F5-4DBD-8948-FDCB2629BA4A}.Release|iPhone.ActiveCfg = Release|Any CPU
		{C37B70F2-C2F5-4DBD-8948-FDCB2629BA4A}.Release|iPhoneSimulator.ActiveCfg = Release|Any CPU
		{C37B70F2-C2F5-4DBD-8948-FDCB2629BA4A}.Release|Mixed Platforms.ActiveCfg = Release|Any CPU
		{C37B70F2-C2F5-4DBD-8948-FDCB2629BA4A}.Release|Mixed Platforms.Build.0 = Release|Any CPU
		{DBA3DA4E-6F7C-40E4-B000-EB27364F8791}.Debug|Any CPU.ActiveCfg = Debug|Any CPU
		{DBA3DA4E-6F7C-40E4-B000-EB27364F8791}.Debug|Any CPU.Build.0 = Debug|Any CPU
		{DBA3DA4E-6F7C-40E4-B000-EB27364F8791}.Debug|iPhone.ActiveCfg = Debug|Any CPU
		{DBA3DA4E-6F7C-40E4-B000-EB27364F8791}.Debug|iPhoneSimulator.ActiveCfg = Debug|Any CPU
		{DBA3DA4E-6F7C-40E4-B000-EB27364F8791}.Debug|Mixed Platforms.ActiveCfg = Debug|Any CPU
		{DBA3DA4E-6F7C-40E4-B000-EB27364F8791}.Debug|Mixed Platforms.Build.0 = Debug|Any CPU
		{DBA3DA4E-6F7C-40E4-B000-EB27364F8791}.Develop|Any CPU.ActiveCfg = Develop|Any CPU
		{DBA3DA4E-6F7C-40E4-B000-EB27364F8791}.Develop|Any CPU.Build.0 = Develop|Any CPU
		{DBA3DA4E-6F7C-40E4-B000-EB27364F8791}.Develop|iPhone.ActiveCfg = Develop|Any CPU
		{DBA3DA4E-6F7C-40E4-B000-EB27364F8791}.Develop|iPhoneSimulator.ActiveCfg = Develop|Any CPU
		{DBA3DA4E-6F7C-40E4-B000-EB27364F8791}.Develop|Mixed Platforms.ActiveCfg = Develop|Any CPU
		{DBA3DA4E-6F7C-40E4-B000-EB27364F8791}.Develop|Mixed Platforms.Build.0 = Develop|Any CPU
		{DBA3DA4E-6F7C-40E4-B000-EB27364F8791}.Release|Any CPU.ActiveCfg = Release|Any CPU
		{DBA3DA4E-6F7C-40E4-B000-EB27364F8791}.Release|Any CPU.Build.0 = Release|Any CPU
		{DBA3DA4E-6F7C-40E4-B000-EB27364F8791}.Release|iPhone.ActiveCfg = Release|Any CPU
		{DBA3DA4E-6F7C-40E4-B000-EB27364F8791}.Release|iPhoneSimulator.ActiveCfg = Release|Any CPU
		{DBA3DA4E-6F7C-40E4-B000-EB27364F8791}.Release|Mixed Platforms.ActiveCfg = Release|Any CPU
		{DBA3DA4E-6F7C-40E4-B000-EB27364F8791}.Release|Mixed Platforms.Build.0 = Release|Any CPU
		{87D04775-A468-483F-8022-7DDC7D8CEA7F}.Debug|Any CPU.ActiveCfg = Debug|Any CPU
		{87D04775-A468-483F-8022-7DDC7D8CEA7F}.Debug|Any CPU.Build.0 = Debug|Any CPU
		{87D04775-A468-483F-8022-7DDC7D8CEA7F}.Debug|iPhone.ActiveCfg = Debug|Any CPU
		{87D04775-A468-483F-8022-7DDC7D8CEA7F}.Debug|iPhoneSimulator.ActiveCfg = Debug|Any CPU
		{87D04775-A468-483F-8022-7DDC7D8CEA7F}.Debug|Mixed Platforms.ActiveCfg = Debug|Any CPU
		{87D04775-A468-483F-8022-7DDC7D8CEA7F}.Debug|Mixed Platforms.Build.0 = Debug|Any CPU
		{87D04775-A468-483F-8022-7DDC7D8CEA7F}.Develop|Any CPU.ActiveCfg = Develop|Any CPU
		{87D04775-A468-483F-8022-7DDC7D8CEA7F}.Develop|Any CPU.Build.0 = Develop|Any CPU
		{87D04775-A468-483F-8022-7DDC7D8CEA7F}.Develop|iPhone.ActiveCfg = Develop|Any CPU
		{87D04775-A468-483F-8022-7DDC7D8CEA7F}.Develop|iPhoneSimulator.ActiveCfg = Develop|Any CPU
		{87D04775-A468-483F-8022-7DDC7D8CEA7F}.Develop|Mixed Platforms.ActiveCfg = Develop|Any CPU
		{87D04775-A468-483F-8022-7DDC7D8CEA7F}.Develop|Mixed Platforms.Build.0 = Develop|Any CPU
		{87D04775-A468-483F-8022-7DDC7D8CEA7F}.Release|Any CPU.ActiveCfg = Release|Any CPU
		{87D04775-A468-483F-8022-7DDC7D8CEA7F}.Release|Any CPU.Build.0 = Release|Any CPU
		{87D04775-A468-483F-8022-7DDC7D8CEA7F}.Release|iPhone.ActiveCfg = Release|Any CPU
		{87D04775-A468-483F-8022-7DDC7D8CEA7F}.Release|iPhoneSimulator.ActiveCfg = Release|Any CPU
		{87D04775-A468-483F-8022-7DDC7D8CEA7F}.Release|Mixed Platforms.ActiveCfg = Release|Any CPU
		{87D04775-A468-483F-8022-7DDC7D8CEA7F}.Release|Mixed Platforms.Build.0 = Release|Any CPU
		{CDE38425-9FF8-475C-B542-6262306FCDA3}.Debug|Any CPU.ActiveCfg = Debug|Any CPU
		{CDE38425-9FF8-475C-B542-6262306FCDA3}.Debug|Any CPU.Build.0 = Debug|Any CPU
		{CDE38425-9FF8-475C-B542-6262306FCDA3}.Debug|iPhone.ActiveCfg = Debug|Any CPU
		{CDE38425-9FF8-475C-B542-6262306FCDA3}.Debug|iPhoneSimulator.ActiveCfg = Debug|Any CPU
		{CDE38425-9FF8-475C-B542-6262306FCDA3}.Debug|Mixed Platforms.ActiveCfg = Debug|Any CPU
		{CDE38425-9FF8-475C-B542-6262306FCDA3}.Debug|Mixed Platforms.Build.0 = Debug|Any CPU
		{CDE38425-9FF8-475C-B542-6262306FCDA3}.Develop|Any CPU.ActiveCfg = Debug|Any CPU
		{CDE38425-9FF8-475C-B542-6262306FCDA3}.Develop|Any CPU.Build.0 = Debug|Any CPU
		{CDE38425-9FF8-475C-B542-6262306FCDA3}.Develop|iPhone.ActiveCfg = Debug|Any CPU
		{CDE38425-9FF8-475C-B542-6262306FCDA3}.Develop|iPhoneSimulator.ActiveCfg = Debug|Any CPU
		{CDE38425-9FF8-475C-B542-6262306FCDA3}.Develop|Mixed Platforms.ActiveCfg = Debug|Any CPU
		{CDE38425-9FF8-475C-B542-6262306FCDA3}.Develop|Mixed Platforms.Build.0 = Debug|Any CPU
		{CDE38425-9FF8-475C-B542-6262306FCDA3}.Release|Any CPU.ActiveCfg = Release|Any CPU
		{CDE38425-9FF8-475C-B542-6262306FCDA3}.Release|Any CPU.Build.0 = Release|Any CPU
		{CDE38425-9FF8-475C-B542-6262306FCDA3}.Release|iPhone.ActiveCfg = Release|Any CPU
		{CDE38425-9FF8-475C-B542-6262306FCDA3}.Release|iPhoneSimulator.ActiveCfg = Release|Any CPU
		{CDE38425-9FF8-475C-B542-6262306FCDA3}.Release|Mixed Platforms.ActiveCfg = Release|Any CPU
		{CDE38425-9FF8-475C-B542-6262306FCDA3}.Release|Mixed Platforms.Build.0 = Release|Any CPU
		{00BE6271-320D-4527-ADB9-B1F9DC6649DE}.Debug|Any CPU.ActiveCfg = Debug|Any CPU
		{00BE6271-320D-4527-ADB9-B1F9DC6649DE}.Debug|Any CPU.Build.0 = Debug|Any CPU
		{00BE6271-320D-4527-ADB9-B1F9DC6649DE}.Debug|iPhone.ActiveCfg = Debug|Any CPU
		{00BE6271-320D-4527-ADB9-B1F9DC6649DE}.Debug|iPhoneSimulator.ActiveCfg = Debug|Any CPU
		{00BE6271-320D-4527-ADB9-B1F9DC6649DE}.Debug|Mixed Platforms.ActiveCfg = Debug|Any CPU
		{00BE6271-320D-4527-ADB9-B1F9DC6649DE}.Debug|Mixed Platforms.Build.0 = Debug|Any CPU
		{00BE6271-320D-4527-ADB9-B1F9DC6649DE}.Develop|Any CPU.ActiveCfg = Develop|Any CPU
		{00BE6271-320D-4527-ADB9-B1F9DC6649DE}.Develop|Any CPU.Build.0 = Develop|Any CPU
		{00BE6271-320D-4527-ADB9-B1F9DC6649DE}.Develop|iPhone.ActiveCfg = Develop|Any CPU
		{00BE6271-320D-4527-ADB9-B1F9DC6649DE}.Develop|iPhoneSimulator.ActiveCfg = Develop|Any CPU
		{00BE6271-320D-4527-ADB9-B1F9DC6649DE}.Develop|Mixed Platforms.ActiveCfg = Develop|Any CPU
		{00BE6271-320D-4527-ADB9-B1F9DC6649DE}.Develop|Mixed Platforms.Build.0 = Develop|Any CPU
		{00BE6271-320D-4527-ADB9-B1F9DC6649DE}.Release|Any CPU.ActiveCfg = Release|Any CPU
		{00BE6271-320D-4527-ADB9-B1F9DC6649DE}.Release|Any CPU.Build.0 = Release|Any CPU
		{00BE6271-320D-4527-ADB9-B1F9DC6649DE}.Release|iPhone.ActiveCfg = Release|Any CPU
		{00BE6271-320D-4527-ADB9-B1F9DC6649DE}.Release|iPhoneSimulator.ActiveCfg = Release|Any CPU
		{00BE6271-320D-4527-ADB9-B1F9DC6649DE}.Release|Mixed Platforms.ActiveCfg = Release|Any CPU
		{00BE6271-320D-4527-ADB9-B1F9DC6649DE}.Release|Mixed Platforms.Build.0 = Release|Any CPU
		{AD65F8B8-1024-413A-9C08-D02995CC7B2F}.Debug|Any CPU.ActiveCfg = Debug|Any CPU
		{AD65F8B8-1024-413A-9C08-D02995CC7B2F}.Debug|Any CPU.Build.0 = Debug|Any CPU
		{AD65F8B8-1024-413A-9C08-D02995CC7B2F}.Debug|iPhone.ActiveCfg = Debug|Any CPU
		{AD65F8B8-1024-413A-9C08-D02995CC7B2F}.Debug|iPhoneSimulator.ActiveCfg = Debug|Any CPU
		{AD65F8B8-1024-413A-9C08-D02995CC7B2F}.Debug|Mixed Platforms.ActiveCfg = Debug|Any CPU
		{AD65F8B8-1024-413A-9C08-D02995CC7B2F}.Debug|Mixed Platforms.Build.0 = Debug|Any CPU
		{AD65F8B8-1024-413A-9C08-D02995CC7B2F}.Develop|Any CPU.ActiveCfg = Debug|Any CPU
		{AD65F8B8-1024-413A-9C08-D02995CC7B2F}.Develop|Any CPU.Build.0 = Debug|Any CPU
		{AD65F8B8-1024-413A-9C08-D02995CC7B2F}.Develop|iPhone.ActiveCfg = Debug|Any CPU
		{AD65F8B8-1024-413A-9C08-D02995CC7B2F}.Develop|iPhoneSimulator.ActiveCfg = Debug|Any CPU
		{AD65F8B8-1024-413A-9C08-D02995CC7B2F}.Develop|Mixed Platforms.ActiveCfg = Debug|Any CPU
		{AD65F8B8-1024-413A-9C08-D02995CC7B2F}.Develop|Mixed Platforms.Build.0 = Debug|Any CPU
		{AD65F8B8-1024-413A-9C08-D02995CC7B2F}.Release|Any CPU.ActiveCfg = Release|Any CPU
		{AD65F8B8-1024-413A-9C08-D02995CC7B2F}.Release|Any CPU.Build.0 = Release|Any CPU
		{AD65F8B8-1024-413A-9C08-D02995CC7B2F}.Release|iPhone.ActiveCfg = Release|Any CPU
		{AD65F8B8-1024-413A-9C08-D02995CC7B2F}.Release|iPhoneSimulator.ActiveCfg = Release|Any CPU
		{AD65F8B8-1024-413A-9C08-D02995CC7B2F}.Release|Mixed Platforms.ActiveCfg = Release|Any CPU
		{AD65F8B8-1024-413A-9C08-D02995CC7B2F}.Release|Mixed Platforms.Build.0 = Release|Any CPU
		{170C307C-2B18-4689-8DC3-AEBD6341B7DA}.Debug|Any CPU.ActiveCfg = Debug|Any CPU
		{170C307C-2B18-4689-8DC3-AEBD6341B7DA}.Debug|Any CPU.Build.0 = Debug|Any CPU
		{170C307C-2B18-4689-8DC3-AEBD6341B7DA}.Debug|iPhone.ActiveCfg = Debug|Any CPU
		{170C307C-2B18-4689-8DC3-AEBD6341B7DA}.Debug|iPhoneSimulator.ActiveCfg = Debug|Any CPU
		{170C307C-2B18-4689-8DC3-AEBD6341B7DA}.Debug|Mixed Platforms.ActiveCfg = Debug|Any CPU
		{170C307C-2B18-4689-8DC3-AEBD6341B7DA}.Debug|Mixed Platforms.Build.0 = Debug|Any CPU
		{170C307C-2B18-4689-8DC3-AEBD6341B7DA}.Develop|Any CPU.ActiveCfg = Debug|Any CPU
		{170C307C-2B18-4689-8DC3-AEBD6341B7DA}.Develop|Any CPU.Build.0 = Debug|Any CPU
		{170C307C-2B18-4689-8DC3-AEBD6341B7DA}.Develop|iPhone.ActiveCfg = Debug|Any CPU
		{170C307C-2B18-4689-8DC3-AEBD6341B7DA}.Develop|iPhoneSimulator.ActiveCfg = Debug|Any CPU
		{170C307C-2B18-4689-8DC3-AEBD6341B7DA}.Develop|Mixed Platforms.ActiveCfg = Debug|Any CPU
		{170C307C-2B18-4689-8DC3-AEBD6341B7DA}.Develop|Mixed Platforms.Build.0 = Debug|Any CPU
		{170C307C-2B18-4689-8DC3-AEBD6341B7DA}.Release|Any CPU.ActiveCfg = Release|Any CPU
		{170C307C-2B18-4689-8DC3-AEBD6341B7DA}.Release|Any CPU.Build.0 = Release|Any CPU
		{170C307C-2B18-4689-8DC3-AEBD6341B7DA}.Release|iPhone.ActiveCfg = Release|Any CPU
		{170C307C-2B18-4689-8DC3-AEBD6341B7DA}.Release|iPhoneSimulator.ActiveCfg = Release|Any CPU
		{170C307C-2B18-4689-8DC3-AEBD6341B7DA}.Release|Mixed Platforms.ActiveCfg = Release|Any CPU
		{170C307C-2B18-4689-8DC3-AEBD6341B7DA}.Release|Mixed Platforms.Build.0 = Release|Any CPU
		{8B475242-B77F-40D8-8C2B-C871F04CA3E5}.Debug|Any CPU.ActiveCfg = Debug|Any CPU
		{8B475242-B77F-40D8-8C2B-C871F04CA3E5}.Debug|Any CPU.Build.0 = Debug|Any CPU
		{8B475242-B77F-40D8-8C2B-C871F04CA3E5}.Debug|iPhone.ActiveCfg = Debug|Any CPU
		{8B475242-B77F-40D8-8C2B-C871F04CA3E5}.Debug|iPhoneSimulator.ActiveCfg = Debug|Any CPU
		{8B475242-B77F-40D8-8C2B-C871F04CA3E5}.Debug|Mixed Platforms.ActiveCfg = Debug|Any CPU
		{8B475242-B77F-40D8-8C2B-C871F04CA3E5}.Debug|Mixed Platforms.Build.0 = Debug|Any CPU
		{8B475242-B77F-40D8-8C2B-C871F04CA3E5}.Develop|Any CPU.ActiveCfg = Debug|Any CPU
		{8B475242-B77F-40D8-8C2B-C871F04CA3E5}.Develop|Any CPU.Build.0 = Debug|Any CPU
		{8B475242-B77F-40D8-8C2B-C871F04CA3E5}.Develop|iPhone.ActiveCfg = Debug|Any CPU
		{8B475242-B77F-40D8-8C2B-C871F04CA3E5}.Develop|iPhoneSimulator.ActiveCfg = Debug|Any CPU
		{8B475242-B77F-40D8-8C2B-C871F04CA3E5}.Develop|Mixed Platforms.ActiveCfg = Debug|Any CPU
		{8B475242-B77F-40D8-8C2B-C871F04CA3E5}.Develop|Mixed Platforms.Build.0 = Debug|Any CPU
		{8B475242-B77F-40D8-8C2B-C871F04CA3E5}.Release|Any CPU.ActiveCfg = Release|Any CPU
		{8B475242-B77F-40D8-8C2B-C871F04CA3E5}.Release|Any CPU.Build.0 = Release|Any CPU
		{8B475242-B77F-40D8-8C2B-C871F04CA3E5}.Release|iPhone.ActiveCfg = Release|Any CPU
		{8B475242-B77F-40D8-8C2B-C871F04CA3E5}.Release|iPhoneSimulator.ActiveCfg = Release|Any CPU
		{8B475242-B77F-40D8-8C2B-C871F04CA3E5}.Release|Mixed Platforms.ActiveCfg = Release|Any CPU
		{8B475242-B77F-40D8-8C2B-C871F04CA3E5}.Release|Mixed Platforms.Build.0 = Release|Any CPU
		{25B286E0-9C90-4685-BBF5-8B688F2FF225}.Debug|Any CPU.ActiveCfg = Debug|Any CPU
		{25B286E0-9C90-4685-BBF5-8B688F2FF225}.Debug|Any CPU.Build.0 = Debug|Any CPU
		{25B286E0-9C90-4685-BBF5-8B688F2FF225}.Debug|iPhone.ActiveCfg = Debug|Any CPU
		{25B286E0-9C90-4685-BBF5-8B688F2FF225}.Debug|iPhoneSimulator.ActiveCfg = Debug|Any CPU
		{25B286E0-9C90-4685-BBF5-8B688F2FF225}.Debug|Mixed Platforms.ActiveCfg = Debug|Any CPU
		{25B286E0-9C90-4685-BBF5-8B688F2FF225}.Debug|Mixed Platforms.Build.0 = Debug|Any CPU
		{25B286E0-9C90-4685-BBF5-8B688F2FF225}.Develop|Any CPU.ActiveCfg = Debug|Any CPU
		{25B286E0-9C90-4685-BBF5-8B688F2FF225}.Develop|Any CPU.Build.0 = Debug|Any CPU
		{25B286E0-9C90-4685-BBF5-8B688F2FF225}.Develop|iPhone.ActiveCfg = Debug|Any CPU
		{25B286E0-9C90-4685-BBF5-8B688F2FF225}.Develop|iPhoneSimulator.ActiveCfg = Debug|Any CPU
		{25B286E0-9C90-4685-BBF5-8B688F2FF225}.Develop|Mixed Platforms.ActiveCfg = Debug|Any CPU
		{25B286E0-9C90-4685-BBF5-8B688F2FF225}.Develop|Mixed Platforms.Build.0 = Debug|Any CPU
		{25B286E0-9C90-4685-BBF5-8B688F2FF225}.Release|Any CPU.ActiveCfg = Release|Any CPU
		{25B286E0-9C90-4685-BBF5-8B688F2FF225}.Release|Any CPU.Build.0 = Release|Any CPU
		{25B286E0-9C90-4685-BBF5-8B688F2FF225}.Release|iPhone.ActiveCfg = Release|Any CPU
		{25B286E0-9C90-4685-BBF5-8B688F2FF225}.Release|iPhoneSimulator.ActiveCfg = Release|Any CPU
		{25B286E0-9C90-4685-BBF5-8B688F2FF225}.Release|Mixed Platforms.ActiveCfg = Release|Any CPU
		{25B286E0-9C90-4685-BBF5-8B688F2FF225}.Release|Mixed Platforms.Build.0 = Release|Any CPU
		{02368DD4-D932-4649-AD42-66C04C7A3912}.Debug|Any CPU.ActiveCfg = Debug|Any CPU
		{02368DD4-D932-4649-AD42-66C04C7A3912}.Debug|Any CPU.Build.0 = Debug|Any CPU
		{02368DD4-D932-4649-AD42-66C04C7A3912}.Debug|iPhone.ActiveCfg = Debug|Any CPU
		{02368DD4-D932-4649-AD42-66C04C7A3912}.Debug|iPhoneSimulator.ActiveCfg = Debug|Any CPU
		{02368DD4-D932-4649-AD42-66C04C7A3912}.Debug|Mixed Platforms.ActiveCfg = Debug|Any CPU
		{02368DD4-D932-4649-AD42-66C04C7A3912}.Debug|Mixed Platforms.Build.0 = Debug|Any CPU
		{02368DD4-D932-4649-AD42-66C04C7A3912}.Develop|Any CPU.ActiveCfg = Debug|Any CPU
		{02368DD4-D932-4649-AD42-66C04C7A3912}.Develop|Any CPU.Build.0 = Debug|Any CPU
		{02368DD4-D932-4649-AD42-66C04C7A3912}.Develop|iPhone.ActiveCfg = Debug|Any CPU
		{02368DD4-D932-4649-AD42-66C04C7A3912}.Develop|iPhoneSimulator.ActiveCfg = Debug|Any CPU
		{02368DD4-D932-4649-AD42-66C04C7A3912}.Develop|Mixed Platforms.ActiveCfg = Debug|Any CPU
		{02368DD4-D932-4649-AD42-66C04C7A3912}.Develop|Mixed Platforms.Build.0 = Debug|Any CPU
		{02368DD4-D932-4649-AD42-66C04C7A3912}.Release|Any CPU.ActiveCfg = Release|Any CPU
		{02368DD4-D932-4649-AD42-66C04C7A3912}.Release|Any CPU.Build.0 = Release|Any CPU
		{02368DD4-D932-4649-AD42-66C04C7A3912}.Release|iPhone.ActiveCfg = Release|Any CPU
		{02368DD4-D932-4649-AD42-66C04C7A3912}.Release|iPhoneSimulator.ActiveCfg = Release|Any CPU
		{02368DD4-D932-4649-AD42-66C04C7A3912}.Release|Mixed Platforms.ActiveCfg = Release|Any CPU
		{02368DD4-D932-4649-AD42-66C04C7A3912}.Release|Mixed Platforms.Build.0 = Release|Any CPU
		{729DA7C2-4409-4716-88A4-7EC18FA26480}.Debug|Any CPU.ActiveCfg = Debug|Any CPU
		{729DA7C2-4409-4716-88A4-7EC18FA26480}.Debug|Any CPU.Build.0 = Debug|Any CPU
		{729DA7C2-4409-4716-88A4-7EC18FA26480}.Debug|iPhone.ActiveCfg = Debug|Any CPU
		{729DA7C2-4409-4716-88A4-7EC18FA26480}.Debug|iPhoneSimulator.ActiveCfg = Debug|Any CPU
		{729DA7C2-4409-4716-88A4-7EC18FA26480}.Debug|Mixed Platforms.ActiveCfg = Debug|Any CPU
		{729DA7C2-4409-4716-88A4-7EC18FA26480}.Debug|Mixed Platforms.Build.0 = Debug|Any CPU
		{729DA7C2-4409-4716-88A4-7EC18FA26480}.Develop|Any CPU.ActiveCfg = Debug|Any CPU
		{729DA7C2-4409-4716-88A4-7EC18FA26480}.Develop|Any CPU.Build.0 = Debug|Any CPU
		{729DA7C2-4409-4716-88A4-7EC18FA26480}.Develop|iPhone.ActiveCfg = Debug|Any CPU
		{729DA7C2-4409-4716-88A4-7EC18FA26480}.Develop|iPhoneSimulator.ActiveCfg = Debug|Any CPU
		{729DA7C2-4409-4716-88A4-7EC18FA26480}.Develop|Mixed Platforms.ActiveCfg = Debug|Any CPU
		{729DA7C2-4409-4716-88A4-7EC18FA26480}.Develop|Mixed Platforms.Build.0 = Debug|Any CPU
		{729DA7C2-4409-4716-88A4-7EC18FA26480}.Release|Any CPU.ActiveCfg = Release|Any CPU
		{729DA7C2-4409-4716-88A4-7EC18FA26480}.Release|Any CPU.Build.0 = Release|Any CPU
		{729DA7C2-4409-4716-88A4-7EC18FA26480}.Release|iPhone.ActiveCfg = Release|Any CPU
		{729DA7C2-4409-4716-88A4-7EC18FA26480}.Release|iPhoneSimulator.ActiveCfg = Release|Any CPU
		{729DA7C2-4409-4716-88A4-7EC18FA26480}.Release|Mixed Platforms.ActiveCfg = Release|Any CPU
		{729DA7C2-4409-4716-88A4-7EC18FA26480}.Release|Mixed Platforms.Build.0 = Release|Any CPU
		{670EBC7D-CCB1-4D44-91A8-9AAD3AFED36E}.Debug|Any CPU.ActiveCfg = Debug|Any CPU
		{670EBC7D-CCB1-4D44-91A8-9AAD3AFED36E}.Debug|Any CPU.Build.0 = Debug|Any CPU
		{670EBC7D-CCB1-4D44-91A8-9AAD3AFED36E}.Debug|Any CPU.Deploy.0 = Debug|Any CPU
		{670EBC7D-CCB1-4D44-91A8-9AAD3AFED36E}.Debug|iPhone.ActiveCfg = Debug|Any CPU
		{670EBC7D-CCB1-4D44-91A8-9AAD3AFED36E}.Debug|iPhoneSimulator.ActiveCfg = Debug|Any CPU
		{670EBC7D-CCB1-4D44-91A8-9AAD3AFED36E}.Debug|Mixed Platforms.ActiveCfg = Debug|Any CPU
		{670EBC7D-CCB1-4D44-91A8-9AAD3AFED36E}.Debug|Mixed Platforms.Build.0 = Debug|Any CPU
		{670EBC7D-CCB1-4D44-91A8-9AAD3AFED36E}.Debug|Mixed Platforms.Deploy.0 = Debug|Any CPU
		{670EBC7D-CCB1-4D44-91A8-9AAD3AFED36E}.Develop|Any CPU.ActiveCfg = Debug|Any CPU
		{670EBC7D-CCB1-4D44-91A8-9AAD3AFED36E}.Develop|Any CPU.Build.0 = Debug|Any CPU
		{670EBC7D-CCB1-4D44-91A8-9AAD3AFED36E}.Develop|Any CPU.Deploy.0 = Debug|Any CPU
		{670EBC7D-CCB1-4D44-91A8-9AAD3AFED36E}.Develop|iPhone.ActiveCfg = Debug|Any CPU
		{670EBC7D-CCB1-4D44-91A8-9AAD3AFED36E}.Develop|iPhoneSimulator.ActiveCfg = Debug|Any CPU
		{670EBC7D-CCB1-4D44-91A8-9AAD3AFED36E}.Develop|Mixed Platforms.ActiveCfg = Debug|Any CPU
		{670EBC7D-CCB1-4D44-91A8-9AAD3AFED36E}.Develop|Mixed Platforms.Build.0 = Debug|Any CPU
		{670EBC7D-CCB1-4D44-91A8-9AAD3AFED36E}.Develop|Mixed Platforms.Deploy.0 = Debug|Any CPU
		{670EBC7D-CCB1-4D44-91A8-9AAD3AFED36E}.Release|Any CPU.ActiveCfg = Release|Any CPU
		{670EBC7D-CCB1-4D44-91A8-9AAD3AFED36E}.Release|Any CPU.Build.0 = Release|Any CPU
		{670EBC7D-CCB1-4D44-91A8-9AAD3AFED36E}.Release|Any CPU.Deploy.0 = Release|Any CPU
		{670EBC7D-CCB1-4D44-91A8-9AAD3AFED36E}.Release|iPhone.ActiveCfg = Release|Any CPU
		{670EBC7D-CCB1-4D44-91A8-9AAD3AFED36E}.Release|iPhoneSimulator.ActiveCfg = Release|Any CPU
		{670EBC7D-CCB1-4D44-91A8-9AAD3AFED36E}.Release|Mixed Platforms.ActiveCfg = Release|Any CPU
		{670EBC7D-CCB1-4D44-91A8-9AAD3AFED36E}.Release|Mixed Platforms.Build.0 = Release|Any CPU
		{670EBC7D-CCB1-4D44-91A8-9AAD3AFED36E}.Release|Mixed Platforms.Deploy.0 = Release|Any CPU
		{839F86F1-81C5-436E-95A5-256EDB4B8B4B}.Debug|Any CPU.ActiveCfg = Debug|Any CPU
		{839F86F1-81C5-436E-95A5-256EDB4B8B4B}.Debug|Any CPU.Build.0 = Debug|Any CPU
		{839F86F1-81C5-436E-95A5-256EDB4B8B4B}.Debug|iPhone.ActiveCfg = Debug|Any CPU
		{839F86F1-81C5-436E-95A5-256EDB4B8B4B}.Debug|iPhoneSimulator.ActiveCfg = Debug|Any CPU
		{839F86F1-81C5-436E-95A5-256EDB4B8B4B}.Debug|Mixed Platforms.ActiveCfg = Debug|Any CPU
		{839F86F1-81C5-436E-95A5-256EDB4B8B4B}.Debug|Mixed Platforms.Build.0 = Debug|Any CPU
		{839F86F1-81C5-436E-95A5-256EDB4B8B4B}.Develop|Any CPU.ActiveCfg = Debug|Any CPU
		{839F86F1-81C5-436E-95A5-256EDB4B8B4B}.Develop|Any CPU.Build.0 = Debug|Any CPU
		{839F86F1-81C5-436E-95A5-256EDB4B8B4B}.Develop|iPhone.ActiveCfg = Debug|Any CPU
		{839F86F1-81C5-436E-95A5-256EDB4B8B4B}.Develop|iPhoneSimulator.ActiveCfg = Debug|Any CPU
		{839F86F1-81C5-436E-95A5-256EDB4B8B4B}.Develop|Mixed Platforms.ActiveCfg = Debug|Any CPU
		{839F86F1-81C5-436E-95A5-256EDB4B8B4B}.Develop|Mixed Platforms.Build.0 = Debug|Any CPU
		{839F86F1-81C5-436E-95A5-256EDB4B8B4B}.Release|Any CPU.ActiveCfg = Release|Any CPU
		{839F86F1-81C5-436E-95A5-256EDB4B8B4B}.Release|Any CPU.Build.0 = Release|Any CPU
		{839F86F1-81C5-436E-95A5-256EDB4B8B4B}.Release|iPhone.ActiveCfg = Release|Any CPU
		{839F86F1-81C5-436E-95A5-256EDB4B8B4B}.Release|iPhoneSimulator.ActiveCfg = Release|Any CPU
		{839F86F1-81C5-436E-95A5-256EDB4B8B4B}.Release|Mixed Platforms.ActiveCfg = Release|Any CPU
		{839F86F1-81C5-436E-95A5-256EDB4B8B4B}.Release|Mixed Platforms.Build.0 = Release|Any CPU
		{55E18EB8-DE95-47AD-859C-615F9A4D9842}.Debug|Any CPU.ActiveCfg = Debug|Any CPU
		{55E18EB8-DE95-47AD-859C-615F9A4D9842}.Debug|Any CPU.Build.0 = Debug|Any CPU
		{55E18EB8-DE95-47AD-859C-615F9A4D9842}.Debug|iPhone.ActiveCfg = Debug|Any CPU
		{55E18EB8-DE95-47AD-859C-615F9A4D9842}.Debug|iPhoneSimulator.ActiveCfg = Debug|Any CPU
		{55E18EB8-DE95-47AD-859C-615F9A4D9842}.Debug|Mixed Platforms.ActiveCfg = Debug|Any CPU
		{55E18EB8-DE95-47AD-859C-615F9A4D9842}.Debug|Mixed Platforms.Build.0 = Debug|Any CPU
		{55E18EB8-DE95-47AD-859C-615F9A4D9842}.Develop|Any CPU.ActiveCfg = Debug|Any CPU
		{55E18EB8-DE95-47AD-859C-615F9A4D9842}.Develop|Any CPU.Build.0 = Debug|Any CPU
		{55E18EB8-DE95-47AD-859C-615F9A4D9842}.Develop|iPhone.ActiveCfg = Debug|Any CPU
		{55E18EB8-DE95-47AD-859C-615F9A4D9842}.Develop|iPhoneSimulator.ActiveCfg = Debug|Any CPU
		{55E18EB8-DE95-47AD-859C-615F9A4D9842}.Develop|Mixed Platforms.ActiveCfg = Debug|Any CPU
		{55E18EB8-DE95-47AD-859C-615F9A4D9842}.Develop|Mixed Platforms.Build.0 = Debug|Any CPU
		{55E18EB8-DE95-47AD-859C-615F9A4D9842}.Release|Any CPU.ActiveCfg = Release|Any CPU
		{55E18EB8-DE95-47AD-859C-615F9A4D9842}.Release|Any CPU.Build.0 = Release|Any CPU
		{55E18EB8-DE95-47AD-859C-615F9A4D9842}.Release|iPhone.ActiveCfg = Release|Any CPU
		{55E18EB8-DE95-47AD-859C-615F9A4D9842}.Release|iPhoneSimulator.ActiveCfg = Release|Any CPU
		{55E18EB8-DE95-47AD-859C-615F9A4D9842}.Release|Mixed Platforms.ActiveCfg = Release|Any CPU
		{55E18EB8-DE95-47AD-859C-615F9A4D9842}.Release|Mixed Platforms.Build.0 = Release|Any CPU
	EndGlobalSection
	GlobalSection(SolutionProperties) = preSolution
		HideSolutionNode = FALSE
	EndGlobalSection
	GlobalSection(NestedProjects) = preSolution
		{AD65F8B8-1024-413A-9C08-D02995CC7B2F} = {7CF0EAFF-42EB-4F90-B2AE-FA1A012852CD}
		{02368DD4-D932-4649-AD42-66C04C7A3912} = {7CF0EAFF-42EB-4F90-B2AE-FA1A012852CD}
		{729DA7C2-4409-4716-88A4-7EC18FA26480} = {7CF0EAFF-42EB-4F90-B2AE-FA1A012852CD}
		{C0A8C1E9-60DC-4A49-8281-381AB71A0E24} = {98006340-B39F-4B48-871C-825FBBF1E866}
		{55E18EB8-DE95-47AD-859C-615F9A4D9842} = {98006340-B39F-4B48-871C-825FBBF1E866}
		{670EBC7D-CCB1-4D44-91A8-9AAD3AFED36E} = {C0A8C1E9-60DC-4A49-8281-381AB71A0E24}
		{839F86F1-81C5-436E-95A5-256EDB4B8B4B} = {C0A8C1E9-60DC-4A49-8281-381AB71A0E24}
	EndGlobalSection
EndGlobal
