
Microsoft Visual Studio Solution File, Format Version 12.00
# Visual Studio 2012
Project("{2150E333-8FDC-42A3-9474-1A3956D46DE8}") = "Core", "Core", "{454E8472-5249-4C3C-9144-3C82C67F5CBA}"
EndProject
Project("{2150E333-8FDC-42A3-9474-1A3956D46DE8}") = "Azure", "Azure", "{227B52FE-DA7D-40CD-813E-5FF5DF1DAFC1}"
EndProject
Project("{2150E333-8FDC-42A3-9474-1A3956D46DE8}") = "OnPremises", "OnPremises", "{BC5BF5A9-4B2C-44D1-A410-2CA3DC4377EE}"
EndProject
Project("{FAE04EC0-301F-11D3-BF4B-00C04F79EFBC}") = "SyncRole", "Azure\SyncRole\SyncRole.csproj", "{D5C1C118-1936-45B4-8471-F3592FC03810}"
EndProject
Project("{CC5FD16D-436D-48AD-A40C-5A424C6E3E79}") = "SyncService", "Azure\SyncService\SyncService.ccproj", "{850C11C1-89F0-4ACA-9D53-85E26BC36944}"
EndProject
Project("{FAE04EC0-301F-11D3-BF4B-00C04F79EFBC}") = "AdminService", "Core\AdminService\AdminService.csproj", "{60399124-E8D2-4152-937F-34FB95EEFCC2}"
EndProject
Project("{FAE04EC0-301F-11D3-BF4B-00C04F79EFBC}") = "CodeFactory", "Core\CodeFactory\CodeFactory.csproj", "{8F39294C-1FFF-46C5-88E3-9D91AE69EBED}"
EndProject
Project("{FAE04EC0-301F-11D3-BF4B-00C04F79EFBC}") = "Common", "Core\Common\Common.csproj", "{5734973C-7A63-4A15-BC3E-45BFF070D609}"
EndProject
Project("{FAE04EC0-301F-11D3-BF4B-00C04F79EFBC}") = "ScriptEngine", "Core\ScriptEngine\ScriptEngine.csproj", "{75662E4F-457E-46A1-890A-98F3406B7EA7}"
EndProject
Project("{FAE04EC0-301F-11D3-BF4B-00C04F79EFBC}") = "ScriptService", "Core\ScriptService\ScriptService.csproj", "{62F4A5CC-9F97-4EE2-8F7B-1487FC4F4807}"
EndProject
Project("{FAE04EC0-301F-11D3-BF4B-00C04F79EFBC}") = "DeviceService", "Core\DeviceService\DeviceService.csproj", "{F3F0B51F-F344-40AD-89E0-ADDE47745A0F}"
EndProject
Project("{FAE04EC0-301F-11D3-BF4B-00C04F79EFBC}") = "FileHelper", "Core\ZipHelper\FileHelper.csproj", "{BCDAF2A8-D0AA-4951-9015-FB47FCC74A85}"
EndProject
Project("{FAE04EC0-301F-11D3-BF4B-00C04F79EFBC}") = "SystemService", "Core\SystemService\SystemService.csproj", "{8A93EE50-B8CF-4C34-A6F2-A8114960535F}"
EndProject
Project("{2150E333-8FDC-42A3-9474-1A3956D46DE8}") = "Utils", "Utils", "{DC7E2374-55D7-4938-8682-0937F4984C8C}"
EndProject
Project("{2150E333-8FDC-42A3-9474-1A3956D46DE8}") = "Ftp", "Ftp", "{E3F15036-A458-4E12-8356-F86B9856E1BB}"
	ProjectSection(SolutionItems) = preProject
		ReadMe.txt = ReadMe.txt
	EndProjectSection
EndProject
Project("{FAE04EC0-301F-11D3-BF4B-00C04F79EFBC}") = "FtpService", "Core\FtpService\FtpService.csproj", "{E711756B-5D41-41A4-A016-D37AD071FD04}"
EndProject
Project("{FAE04EC0-301F-11D3-BF4B-00C04F79EFBC}") = "RemObjects.InternetPack.2010", "Core\FtpService\RemObjects.InternetPack\RemObjects.InternetPack.2010.csproj", "{0EB0BB6D-4E63-456B-88DD-B3F782D4A10E}"
EndProject
Project("{FAE04EC0-301F-11D3-BF4B-00C04F79EFBC}") = "RemObjects.InternetPack.VirtualFTP.2010", "Core\FtpService\RemObjects.InternetPack.VirtualFTP\RemObjects.InternetPack.VirtualFTP.2010.csproj", "{E8E89EC1-4445-4853-9E0B-A18B044069B5}"
EndProject
Project("{FAE04EC0-301F-11D3-BF4B-00C04F79EFBC}") = "ImageService", "Core\ImageService\ImageService.csproj", "{1F239059-144F-4DE9-A788-108F94CD333D}"
EndProject
Project("{FAE04EC0-301F-11D3-BF4B-00C04F79EFBC}") = "Tests", "Utils\Tests\Tests.csproj", "{03971CC3-7198-440F-9237-849BC9A84397}"
EndProject
Project("{FAE04EC0-301F-11D3-BF4B-00C04F79EFBC}") = "Utils", "Utils\Utils\Utils.csproj", "{EC3DA413-8033-4A1B-A5BE-A7E32C297FE5}"
EndProject
Project("{FAE04EC0-301F-11D3-BF4B-00C04F79EFBC}") = "SyncOnPremises", "OnPremises\OnPremises\SyncOnPremises.csproj", "{EC95EF17-6ACE-49DB-A9C9-DDD0BFDEC4A6}"
EndProject
Project("{FAE04EC0-301F-11D3-BF4B-00C04F79EFBC}") = "FtpRole", "Azure\FtpRole\FtpRole.csproj", "{A9F676E4-CE12-48FF-A384-733CA2200C75}"
EndProject
Project("{FAE04EC0-301F-11D3-BF4B-00C04F79EFBC}") = "FTPServer", "OnPremises\FTPServer\FTPServer.csproj", "{1F665B98-ABE0-4650-9157-2E3DD557A71E}"
EndProject
Project("{FAE04EC0-301F-11D3-BF4B-00C04F79EFBC}") = "FTPService", "OnPremises\FTPService\FTPService.csproj", "{E77D7A52-0651-4988-89DB-40D8C2E9F992}"
EndProject
Project("{FAE04EC0-301F-11D3-BF4B-00C04F79EFBC}") = "GPSService", "Core\GPSService\GPSService.csproj", "{59088FC9-B0D8-4FB2-97DA-5EC2CA9F75E4}"
EndProject
Project("{2150E333-8FDC-42A3-9474-1A3956D46DE8}") = "WebDAV", "WebDAV", "{4EC5CBB9-8B26-4310-A473-C9C6A472E721}"
EndProject
Project("{FAE04EC0-301F-11D3-BF4B-00C04F79EFBC}") = "Sphorium.WebDAV.Server.Framework", "Core\WebDAV\Sphorium.WebDAV.Server.Framework\Sphorium.WebDAV.Server.Framework.csproj", "{9FA99EA4-A640-4463-B3F1-A77CD0616776}"
EndProject
Project("{FAE04EC0-301F-11D3-BF4B-00C04F79EFBC}") = "WebDAVService", "Core\WebDAV\WebDAVService\WebDAVService.csproj", "{8C00E519-7207-4380-84D6-32CD79371A6F}"
EndProject
Project("{2150E333-8FDC-42A3-9474-1A3956D46DE8}") = "Installer", "Installer", "{A343633E-1B8D-4457-A760-12DEEA635C11}"
EndProject
Project("{930C7802-8A8C-48F9-8165-68863BCCD9DD}") = "Installer", "Installer\Installer\Installer.wixproj", "{822BCD32-2983-4AAB-9B91-33065448E011}"
	ProjectSection(ProjectDependencies) = postProject
		{EC3DA413-8033-4A1B-A5BE-A7E32C297FE5} = {EC3DA413-8033-4A1B-A5BE-A7E32C297FE5}
		{EC95EF17-6ACE-49DB-A9C9-DDD0BFDEC4A6} = {EC95EF17-6ACE-49DB-A9C9-DDD0BFDEC4A6}
	EndProjectSection
EndProject
Project("{FAE04EC0-301F-11D3-BF4B-00C04F79EFBC}") = "Sqlite", "Core\Sqlite\Sqlite.csproj", "{0893B8DE-69DD-43A3-A92D-F9230627B5C9}"
EndProject
Project("{FAE04EC0-301F-11D3-BF4B-00C04F79EFBC}") = "Telegram", "Core\Telegram\Telegram.csproj", "{5561CD72-536A-4F6F-B7CE-F50E5D9F0C90}"
EndProject
Project("{FAE04EC0-301F-11D3-BF4B-00C04F79EFBC}") = "LUtils", "Utils\LUtils\LUtils.csproj", "{79743D89-385D-4616-BDC5-6B289A2A757E}"
EndProject
Project("{FAE04EC0-301F-11D3-BF4B-00C04F79EFBC}") = "PushService", "Core\PushService\PushService.csproj", "{5E92788A-F3B0-42E1-9D36-C1841312D04C}"
EndProject
Project("{FAE04EC0-301F-11D3-BF4B-00C04F79EFBC}") = "LicenseService", "Core\LicenseService\LicenseService.csproj", "{30FD1ABA-27CD-423B-BBAC-EBBC171F21E9}"
EndProject
Global
	GlobalSection(SolutionConfigurationPlatforms) = preSolution
		Debug|Any CPU = Debug|Any CPU
		Debug|Mixed Platforms = Debug|Mixed Platforms
		Debug|x86 = Debug|x86
		Licensed|Any CPU = Licensed|Any CPU
		Licensed|Mixed Platforms = Licensed|Mixed Platforms
		Licensed|x86 = Licensed|x86
		Mono TRIAL|Any CPU = Mono TRIAL|Any CPU
		Mono TRIAL|Mixed Platforms = Mono TRIAL|Mixed Platforms
		Mono TRIAL|x86 = Mono TRIAL|x86
		Mono|Any CPU = Mono|Any CPU
		Mono|Mixed Platforms = Mono|Mixed Platforms
		Mono|x86 = Mono|x86
		Release|Any CPU = Release|Any CPU
		Release|Mixed Platforms = Release|Mixed Platforms
		Release|x86 = Release|x86
		TRIAL|Any CPU = TRIAL|Any CPU
		TRIAL|Mixed Platforms = TRIAL|Mixed Platforms
		TRIAL|x86 = TRIAL|x86
	EndGlobalSection
	GlobalSection(ProjectConfigurationPlatforms) = postSolution
		{D5C1C118-1936-45B4-8471-F3592FC03810}.Debug|Any CPU.ActiveCfg = Debug|Any CPU
		{D5C1C118-1936-45B4-8471-F3592FC03810}.Debug|Any CPU.Build.0 = Debug|Any CPU
		{D5C1C118-1936-45B4-8471-F3592FC03810}.Debug|Mixed Platforms.ActiveCfg = Debug|Any CPU
		{D5C1C118-1936-45B4-8471-F3592FC03810}.Debug|Mixed Platforms.Build.0 = Debug|Any CPU
		{D5C1C118-1936-45B4-8471-F3592FC03810}.Debug|x86.ActiveCfg = Debug|Any CPU
		{D5C1C118-1936-45B4-8471-F3592FC03810}.Licensed|Any CPU.ActiveCfg = Release|Any CPU
		{D5C1C118-1936-45B4-8471-F3592FC03810}.Licensed|Any CPU.Build.0 = Release|Any CPU
		{D5C1C118-1936-45B4-8471-F3592FC03810}.Licensed|Mixed Platforms.ActiveCfg = Release|Any CPU
		{D5C1C118-1936-45B4-8471-F3592FC03810}.Licensed|Mixed Platforms.Build.0 = Release|Any CPU
		{D5C1C118-1936-45B4-8471-F3592FC03810}.Licensed|x86.ActiveCfg = Release|Any CPU
		{D5C1C118-1936-45B4-8471-F3592FC03810}.Mono TRIAL|Any CPU.ActiveCfg = Release|Any CPU
		{D5C1C118-1936-45B4-8471-F3592FC03810}.Mono TRIAL|Any CPU.Build.0 = Release|Any CPU
		{D5C1C118-1936-45B4-8471-F3592FC03810}.Mono TRIAL|Mixed Platforms.ActiveCfg = Release|Any CPU
		{D5C1C118-1936-45B4-8471-F3592FC03810}.Mono TRIAL|Mixed Platforms.Build.0 = Release|Any CPU
		{D5C1C118-1936-45B4-8471-F3592FC03810}.Mono TRIAL|x86.ActiveCfg = Release|Any CPU
		{D5C1C118-1936-45B4-8471-F3592FC03810}.Mono|Any CPU.ActiveCfg = Release|Any CPU
		{D5C1C118-1936-45B4-8471-F3592FC03810}.Mono|Any CPU.Build.0 = Release|Any CPU
		{D5C1C118-1936-45B4-8471-F3592FC03810}.Mono|Mixed Platforms.ActiveCfg = Release|Any CPU
		{D5C1C118-1936-45B4-8471-F3592FC03810}.Mono|Mixed Platforms.Build.0 = Release|Any CPU
		{D5C1C118-1936-45B4-8471-F3592FC03810}.Mono|x86.ActiveCfg = Release|Any CPU
		{D5C1C118-1936-45B4-8471-F3592FC03810}.Release|Any CPU.ActiveCfg = Release|Any CPU
		{D5C1C118-1936-45B4-8471-F3592FC03810}.Release|Any CPU.Build.0 = Release|Any CPU
		{D5C1C118-1936-45B4-8471-F3592FC03810}.Release|Mixed Platforms.ActiveCfg = Release|Any CPU
		{D5C1C118-1936-45B4-8471-F3592FC03810}.Release|Mixed Platforms.Build.0 = Release|Any CPU
		{D5C1C118-1936-45B4-8471-F3592FC03810}.Release|x86.ActiveCfg = Release|Any CPU
		{D5C1C118-1936-45B4-8471-F3592FC03810}.TRIAL|Any CPU.ActiveCfg = Release|Any CPU
		{D5C1C118-1936-45B4-8471-F3592FC03810}.TRIAL|Any CPU.Build.0 = Release|Any CPU
		{D5C1C118-1936-45B4-8471-F3592FC03810}.TRIAL|Mixed Platforms.ActiveCfg = Release|Any CPU
		{D5C1C118-1936-45B4-8471-F3592FC03810}.TRIAL|Mixed Platforms.Build.0 = Release|Any CPU
		{D5C1C118-1936-45B4-8471-F3592FC03810}.TRIAL|x86.ActiveCfg = Release|Any CPU
		{850C11C1-89F0-4ACA-9D53-85E26BC36944}.Debug|Any CPU.ActiveCfg = Debug|Any CPU
		{850C11C1-89F0-4ACA-9D53-85E26BC36944}.Debug|Any CPU.Build.0 = Debug|Any CPU
		{850C11C1-89F0-4ACA-9D53-85E26BC36944}.Debug|Mixed Platforms.ActiveCfg = Debug|Any CPU
		{850C11C1-89F0-4ACA-9D53-85E26BC36944}.Debug|Mixed Platforms.Build.0 = Debug|Any CPU
		{850C11C1-89F0-4ACA-9D53-85E26BC36944}.Debug|x86.ActiveCfg = Debug|Any CPU
		{850C11C1-89F0-4ACA-9D53-85E26BC36944}.Licensed|Any CPU.ActiveCfg = Release|Any CPU
		{850C11C1-89F0-4ACA-9D53-85E26BC36944}.Licensed|Any CPU.Build.0 = Release|Any CPU
		{850C11C1-89F0-4ACA-9D53-85E26BC36944}.Licensed|Mixed Platforms.ActiveCfg = Release|Any CPU
		{850C11C1-89F0-4ACA-9D53-85E26BC36944}.Licensed|Mixed Platforms.Build.0 = Release|Any CPU
		{850C11C1-89F0-4ACA-9D53-85E26BC36944}.Licensed|x86.ActiveCfg = Release|Any CPU
		{850C11C1-89F0-4ACA-9D53-85E26BC36944}.Mono TRIAL|Any CPU.ActiveCfg = Release|Any CPU
		{850C11C1-89F0-4ACA-9D53-85E26BC36944}.Mono TRIAL|Any CPU.Build.0 = Release|Any CPU
		{850C11C1-89F0-4ACA-9D53-85E26BC36944}.Mono TRIAL|Mixed Platforms.ActiveCfg = Release|Any CPU
		{850C11C1-89F0-4ACA-9D53-85E26BC36944}.Mono TRIAL|Mixed Platforms.Build.0 = Release|Any CPU
		{850C11C1-89F0-4ACA-9D53-85E26BC36944}.Mono TRIAL|x86.ActiveCfg = Release|Any CPU
		{850C11C1-89F0-4ACA-9D53-85E26BC36944}.Mono|Any CPU.ActiveCfg = Release|Any CPU
		{850C11C1-89F0-4ACA-9D53-85E26BC36944}.Mono|Any CPU.Build.0 = Release|Any CPU
		{850C11C1-89F0-4ACA-9D53-85E26BC36944}.Mono|Mixed Platforms.ActiveCfg = Release|Any CPU
		{850C11C1-89F0-4ACA-9D53-85E26BC36944}.Mono|Mixed Platforms.Build.0 = Release|Any CPU
		{850C11C1-89F0-4ACA-9D53-85E26BC36944}.Mono|x86.ActiveCfg = Release|Any CPU
		{850C11C1-89F0-4ACA-9D53-85E26BC36944}.Release|Any CPU.ActiveCfg = Release|Any CPU
		{850C11C1-89F0-4ACA-9D53-85E26BC36944}.Release|Any CPU.Build.0 = Release|Any CPU
		{850C11C1-89F0-4ACA-9D53-85E26BC36944}.Release|Mixed Platforms.ActiveCfg = Release|Any CPU
		{850C11C1-89F0-4ACA-9D53-85E26BC36944}.Release|Mixed Platforms.Build.0 = Release|Any CPU
		{850C11C1-89F0-4ACA-9D53-85E26BC36944}.Release|x86.ActiveCfg = Release|Any CPU
		{850C11C1-89F0-4ACA-9D53-85E26BC36944}.TRIAL|Any CPU.ActiveCfg = Release|Any CPU
		{850C11C1-89F0-4ACA-9D53-85E26BC36944}.TRIAL|Any CPU.Build.0 = Release|Any CPU
		{850C11C1-89F0-4ACA-9D53-85E26BC36944}.TRIAL|Mixed Platforms.ActiveCfg = Release|Any CPU
		{850C11C1-89F0-4ACA-9D53-85E26BC36944}.TRIAL|Mixed Platforms.Build.0 = Release|Any CPU
		{850C11C1-89F0-4ACA-9D53-85E26BC36944}.TRIAL|x86.ActiveCfg = Release|Any CPU
		{60399124-E8D2-4152-937F-34FB95EEFCC2}.Debug|Any CPU.ActiveCfg = Debug|Any CPU
		{60399124-E8D2-4152-937F-34FB95EEFCC2}.Debug|Any CPU.Build.0 = Debug|Any CPU
		{60399124-E8D2-4152-937F-34FB95EEFCC2}.Debug|Mixed Platforms.ActiveCfg = Debug|Any CPU
		{60399124-E8D2-4152-937F-34FB95EEFCC2}.Debug|Mixed Platforms.Build.0 = Debug|Any CPU
		{60399124-E8D2-4152-937F-34FB95EEFCC2}.Debug|x86.ActiveCfg = Debug|Any CPU
		{60399124-E8D2-4152-937F-34FB95EEFCC2}.Licensed|Any CPU.ActiveCfg = Release|Any CPU
		{60399124-E8D2-4152-937F-34FB95EEFCC2}.Licensed|Any CPU.Build.0 = Release|Any CPU
		{60399124-E8D2-4152-937F-34FB95EEFCC2}.Licensed|Mixed Platforms.ActiveCfg = Release|Any CPU
		{60399124-E8D2-4152-937F-34FB95EEFCC2}.Licensed|Mixed Platforms.Build.0 = Release|Any CPU
		{60399124-E8D2-4152-937F-34FB95EEFCC2}.Licensed|x86.ActiveCfg = Release|Any CPU
		{60399124-E8D2-4152-937F-34FB95EEFCC2}.Mono TRIAL|Any CPU.ActiveCfg = Release|Any CPU
		{60399124-E8D2-4152-937F-34FB95EEFCC2}.Mono TRIAL|Any CPU.Build.0 = Release|Any CPU
		{60399124-E8D2-4152-937F-34FB95EEFCC2}.Mono TRIAL|Mixed Platforms.ActiveCfg = Release|Any CPU
		{60399124-E8D2-4152-937F-34FB95EEFCC2}.Mono TRIAL|Mixed Platforms.Build.0 = Release|Any CPU
		{60399124-E8D2-4152-937F-34FB95EEFCC2}.Mono TRIAL|x86.ActiveCfg = Release|Any CPU
		{60399124-E8D2-4152-937F-34FB95EEFCC2}.Mono|Any CPU.ActiveCfg = Release|Any CPU
		{60399124-E8D2-4152-937F-34FB95EEFCC2}.Mono|Any CPU.Build.0 = Release|Any CPU
		{60399124-E8D2-4152-937F-34FB95EEFCC2}.Mono|Mixed Platforms.ActiveCfg = Release|Any CPU
		{60399124-E8D2-4152-937F-34FB95EEFCC2}.Mono|Mixed Platforms.Build.0 = Release|Any CPU
		{60399124-E8D2-4152-937F-34FB95EEFCC2}.Mono|x86.ActiveCfg = Release|Any CPU
		{60399124-E8D2-4152-937F-34FB95EEFCC2}.Release|Any CPU.ActiveCfg = Release|Any CPU
		{60399124-E8D2-4152-937F-34FB95EEFCC2}.Release|Any CPU.Build.0 = Release|Any CPU
		{60399124-E8D2-4152-937F-34FB95EEFCC2}.Release|Mixed Platforms.ActiveCfg = Release|Any CPU
		{60399124-E8D2-4152-937F-34FB95EEFCC2}.Release|Mixed Platforms.Build.0 = Release|Any CPU
		{60399124-E8D2-4152-937F-34FB95EEFCC2}.Release|x86.ActiveCfg = Release|Any CPU
		{60399124-E8D2-4152-937F-34FB95EEFCC2}.TRIAL|Any CPU.ActiveCfg = Release|Any CPU
		{60399124-E8D2-4152-937F-34FB95EEFCC2}.TRIAL|Any CPU.Build.0 = Release|Any CPU
		{60399124-E8D2-4152-937F-34FB95EEFCC2}.TRIAL|Mixed Platforms.ActiveCfg = Release|Any CPU
		{60399124-E8D2-4152-937F-34FB95EEFCC2}.TRIAL|Mixed Platforms.Build.0 = Release|Any CPU
		{60399124-E8D2-4152-937F-34FB95EEFCC2}.TRIAL|x86.ActiveCfg = Release|Any CPU
		{8F39294C-1FFF-46C5-88E3-9D91AE69EBED}.Debug|Any CPU.ActiveCfg = Debug|Any CPU
		{8F39294C-1FFF-46C5-88E3-9D91AE69EBED}.Debug|Any CPU.Build.0 = Debug|Any CPU
		{8F39294C-1FFF-46C5-88E3-9D91AE69EBED}.Debug|Mixed Platforms.ActiveCfg = Debug|Any CPU
		{8F39294C-1FFF-46C5-88E3-9D91AE69EBED}.Debug|Mixed Platforms.Build.0 = Debug|Any CPU
		{8F39294C-1FFF-46C5-88E3-9D91AE69EBED}.Debug|x86.ActiveCfg = Debug|Any CPU
		{8F39294C-1FFF-46C5-88E3-9D91AE69EBED}.Licensed|Any CPU.ActiveCfg = Release|Any CPU
		{8F39294C-1FFF-46C5-88E3-9D91AE69EBED}.Licensed|Any CPU.Build.0 = Release|Any CPU
		{8F39294C-1FFF-46C5-88E3-9D91AE69EBED}.Licensed|Mixed Platforms.ActiveCfg = Release|Any CPU
		{8F39294C-1FFF-46C5-88E3-9D91AE69EBED}.Licensed|Mixed Platforms.Build.0 = Release|Any CPU
		{8F39294C-1FFF-46C5-88E3-9D91AE69EBED}.Licensed|x86.ActiveCfg = Release|Any CPU
		{8F39294C-1FFF-46C5-88E3-9D91AE69EBED}.Mono TRIAL|Any CPU.ActiveCfg = Release|Any CPU
		{8F39294C-1FFF-46C5-88E3-9D91AE69EBED}.Mono TRIAL|Any CPU.Build.0 = Release|Any CPU
		{8F39294C-1FFF-46C5-88E3-9D91AE69EBED}.Mono TRIAL|Mixed Platforms.ActiveCfg = Release|Any CPU
		{8F39294C-1FFF-46C5-88E3-9D91AE69EBED}.Mono TRIAL|Mixed Platforms.Build.0 = Release|Any CPU
		{8F39294C-1FFF-46C5-88E3-9D91AE69EBED}.Mono TRIAL|x86.ActiveCfg = Release|Any CPU
		{8F39294C-1FFF-46C5-88E3-9D91AE69EBED}.Mono|Any CPU.ActiveCfg = Release|Any CPU
		{8F39294C-1FFF-46C5-88E3-9D91AE69EBED}.Mono|Any CPU.Build.0 = Release|Any CPU
		{8F39294C-1FFF-46C5-88E3-9D91AE69EBED}.Mono|Mixed Platforms.ActiveCfg = Release|Any CPU
		{8F39294C-1FFF-46C5-88E3-9D91AE69EBED}.Mono|Mixed Platforms.Build.0 = Release|Any CPU
		{8F39294C-1FFF-46C5-88E3-9D91AE69EBED}.Mono|x86.ActiveCfg = Release|Any CPU
		{8F39294C-1FFF-46C5-88E3-9D91AE69EBED}.Release|Any CPU.ActiveCfg = Release|Any CPU
		{8F39294C-1FFF-46C5-88E3-9D91AE69EBED}.Release|Any CPU.Build.0 = Release|Any CPU
		{8F39294C-1FFF-46C5-88E3-9D91AE69EBED}.Release|Mixed Platforms.ActiveCfg = Release|Any CPU
		{8F39294C-1FFF-46C5-88E3-9D91AE69EBED}.Release|Mixed Platforms.Build.0 = Release|Any CPU
		{8F39294C-1FFF-46C5-88E3-9D91AE69EBED}.Release|x86.ActiveCfg = Release|Any CPU
		{8F39294C-1FFF-46C5-88E3-9D91AE69EBED}.TRIAL|Any CPU.ActiveCfg = Release|Any CPU
		{8F39294C-1FFF-46C5-88E3-9D91AE69EBED}.TRIAL|Any CPU.Build.0 = Release|Any CPU
		{8F39294C-1FFF-46C5-88E3-9D91AE69EBED}.TRIAL|Mixed Platforms.ActiveCfg = Release|Any CPU
		{8F39294C-1FFF-46C5-88E3-9D91AE69EBED}.TRIAL|Mixed Platforms.Build.0 = Release|Any CPU
		{8F39294C-1FFF-46C5-88E3-9D91AE69EBED}.TRIAL|x86.ActiveCfg = Release|Any CPU
		{5734973C-7A63-4A15-BC3E-45BFF070D609}.Debug|Any CPU.ActiveCfg = Debug|Any CPU
		{5734973C-7A63-4A15-BC3E-45BFF070D609}.Debug|Any CPU.Build.0 = Debug|Any CPU
		{5734973C-7A63-4A15-BC3E-45BFF070D609}.Debug|Mixed Platforms.ActiveCfg = Debug|Any CPU
		{5734973C-7A63-4A15-BC3E-45BFF070D609}.Debug|Mixed Platforms.Build.0 = Debug|Any CPU
		{5734973C-7A63-4A15-BC3E-45BFF070D609}.Debug|x86.ActiveCfg = Debug|Any CPU
		{5734973C-7A63-4A15-BC3E-45BFF070D609}.Licensed|Any CPU.ActiveCfg = Release|Any CPU
		{5734973C-7A63-4A15-BC3E-45BFF070D609}.Licensed|Any CPU.Build.0 = Release|Any CPU
		{5734973C-7A63-4A15-BC3E-45BFF070D609}.Licensed|Mixed Platforms.ActiveCfg = Release|Any CPU
		{5734973C-7A63-4A15-BC3E-45BFF070D609}.Licensed|Mixed Platforms.Build.0 = Release|Any CPU
		{5734973C-7A63-4A15-BC3E-45BFF070D609}.Licensed|x86.ActiveCfg = Release|Any CPU
		{5734973C-7A63-4A15-BC3E-45BFF070D609}.Mono TRIAL|Any CPU.ActiveCfg = Release|Any CPU
		{5734973C-7A63-4A15-BC3E-45BFF070D609}.Mono TRIAL|Any CPU.Build.0 = Release|Any CPU
		{5734973C-7A63-4A15-BC3E-45BFF070D609}.Mono TRIAL|Mixed Platforms.ActiveCfg = Release|Any CPU
		{5734973C-7A63-4A15-BC3E-45BFF070D609}.Mono TRIAL|Mixed Platforms.Build.0 = Release|Any CPU
		{5734973C-7A63-4A15-BC3E-45BFF070D609}.Mono TRIAL|x86.ActiveCfg = Release|Any CPU
		{5734973C-7A63-4A15-BC3E-45BFF070D609}.Mono|Any CPU.ActiveCfg = Release|Any CPU
		{5734973C-7A63-4A15-BC3E-45BFF070D609}.Mono|Any CPU.Build.0 = Release|Any CPU
		{5734973C-7A63-4A15-BC3E-45BFF070D609}.Mono|Mixed Platforms.ActiveCfg = Release|Any CPU
		{5734973C-7A63-4A15-BC3E-45BFF070D609}.Mono|Mixed Platforms.Build.0 = Release|Any CPU
		{5734973C-7A63-4A15-BC3E-45BFF070D609}.Mono|x86.ActiveCfg = Release|Any CPU
		{5734973C-7A63-4A15-BC3E-45BFF070D609}.Release|Any CPU.ActiveCfg = Release|Any CPU
		{5734973C-7A63-4A15-BC3E-45BFF070D609}.Release|Any CPU.Build.0 = Release|Any CPU
		{5734973C-7A63-4A15-BC3E-45BFF070D609}.Release|Mixed Platforms.ActiveCfg = Release|Any CPU
		{5734973C-7A63-4A15-BC3E-45BFF070D609}.Release|Mixed Platforms.Build.0 = Release|Any CPU
		{5734973C-7A63-4A15-BC3E-45BFF070D609}.Release|x86.ActiveCfg = Release|Any CPU
		{5734973C-7A63-4A15-BC3E-45BFF070D609}.TRIAL|Any CPU.ActiveCfg = Release|Any CPU
		{5734973C-7A63-4A15-BC3E-45BFF070D609}.TRIAL|Any CPU.Build.0 = Release|Any CPU
		{5734973C-7A63-4A15-BC3E-45BFF070D609}.TRIAL|Mixed Platforms.ActiveCfg = Release|Any CPU
		{5734973C-7A63-4A15-BC3E-45BFF070D609}.TRIAL|Mixed Platforms.Build.0 = Release|Any CPU
		{5734973C-7A63-4A15-BC3E-45BFF070D609}.TRIAL|x86.ActiveCfg = Release|Any CPU
		{75662E4F-457E-46A1-890A-98F3406B7EA7}.Debug|Any CPU.ActiveCfg = Debug|Any CPU
		{75662E4F-457E-46A1-890A-98F3406B7EA7}.Debug|Any CPU.Build.0 = Debug|Any CPU
		{75662E4F-457E-46A1-890A-98F3406B7EA7}.Debug|Mixed Platforms.ActiveCfg = Debug|Any CPU
		{75662E4F-457E-46A1-890A-98F3406B7EA7}.Debug|Mixed Platforms.Build.0 = Debug|Any CPU
		{75662E4F-457E-46A1-890A-98F3406B7EA7}.Debug|x86.ActiveCfg = Debug|Any CPU
		{75662E4F-457E-46A1-890A-98F3406B7EA7}.Licensed|Any CPU.ActiveCfg = Release|Any CPU
		{75662E4F-457E-46A1-890A-98F3406B7EA7}.Licensed|Any CPU.Build.0 = Release|Any CPU
		{75662E4F-457E-46A1-890A-98F3406B7EA7}.Licensed|Mixed Platforms.ActiveCfg = Release|Any CPU
		{75662E4F-457E-46A1-890A-98F3406B7EA7}.Licensed|Mixed Platforms.Build.0 = Release|Any CPU
		{75662E4F-457E-46A1-890A-98F3406B7EA7}.Licensed|x86.ActiveCfg = Release|Any CPU
		{75662E4F-457E-46A1-890A-98F3406B7EA7}.Mono TRIAL|Any CPU.ActiveCfg = Release|Any CPU
		{75662E4F-457E-46A1-890A-98F3406B7EA7}.Mono TRIAL|Any CPU.Build.0 = Release|Any CPU
		{75662E4F-457E-46A1-890A-98F3406B7EA7}.Mono TRIAL|Mixed Platforms.ActiveCfg = Release|Any CPU
		{75662E4F-457E-46A1-890A-98F3406B7EA7}.Mono TRIAL|Mixed Platforms.Build.0 = Release|Any CPU
		{75662E4F-457E-46A1-890A-98F3406B7EA7}.Mono TRIAL|x86.ActiveCfg = Release|Any CPU
		{75662E4F-457E-46A1-890A-98F3406B7EA7}.Mono|Any CPU.ActiveCfg = Release|Any CPU
		{75662E4F-457E-46A1-890A-98F3406B7EA7}.Mono|Any CPU.Build.0 = Release|Any CPU
		{75662E4F-457E-46A1-890A-98F3406B7EA7}.Mono|Mixed Platforms.ActiveCfg = Release|Any CPU
		{75662E4F-457E-46A1-890A-98F3406B7EA7}.Mono|Mixed Platforms.Build.0 = Release|Any CPU
		{75662E4F-457E-46A1-890A-98F3406B7EA7}.Mono|x86.ActiveCfg = Release|Any CPU
		{75662E4F-457E-46A1-890A-98F3406B7EA7}.Release|Any CPU.ActiveCfg = Release|Any CPU
		{75662E4F-457E-46A1-890A-98F3406B7EA7}.Release|Any CPU.Build.0 = Release|Any CPU
		{75662E4F-457E-46A1-890A-98F3406B7EA7}.Release|Mixed Platforms.ActiveCfg = Release|Any CPU
		{75662E4F-457E-46A1-890A-98F3406B7EA7}.Release|Mixed Platforms.Build.0 = Release|Any CPU
		{75662E4F-457E-46A1-890A-98F3406B7EA7}.Release|x86.ActiveCfg = Release|Any CPU
		{75662E4F-457E-46A1-890A-98F3406B7EA7}.TRIAL|Any CPU.ActiveCfg = Release|Any CPU
		{75662E4F-457E-46A1-890A-98F3406B7EA7}.TRIAL|Any CPU.Build.0 = Release|Any CPU
		{75662E4F-457E-46A1-890A-98F3406B7EA7}.TRIAL|Mixed Platforms.ActiveCfg = Release|Any CPU
		{75662E4F-457E-46A1-890A-98F3406B7EA7}.TRIAL|Mixed Platforms.Build.0 = Release|Any CPU
		{75662E4F-457E-46A1-890A-98F3406B7EA7}.TRIAL|x86.ActiveCfg = Release|Any CPU
		{62F4A5CC-9F97-4EE2-8F7B-1487FC4F4807}.Debug|Any CPU.ActiveCfg = Debug|Any CPU
		{62F4A5CC-9F97-4EE2-8F7B-1487FC4F4807}.Debug|Any CPU.Build.0 = Debug|Any CPU
		{62F4A5CC-9F97-4EE2-8F7B-1487FC4F4807}.Debug|Mixed Platforms.ActiveCfg = Debug|Any CPU
		{62F4A5CC-9F97-4EE2-8F7B-1487FC4F4807}.Debug|Mixed Platforms.Build.0 = Debug|Any CPU
		{62F4A5CC-9F97-4EE2-8F7B-1487FC4F4807}.Debug|x86.ActiveCfg = Debug|Any CPU
		{62F4A5CC-9F97-4EE2-8F7B-1487FC4F4807}.Licensed|Any CPU.ActiveCfg = Release|Any CPU
		{62F4A5CC-9F97-4EE2-8F7B-1487FC4F4807}.Licensed|Any CPU.Build.0 = Release|Any CPU
		{62F4A5CC-9F97-4EE2-8F7B-1487FC4F4807}.Licensed|Mixed Platforms.ActiveCfg = Release|Any CPU
		{62F4A5CC-9F97-4EE2-8F7B-1487FC4F4807}.Licensed|Mixed Platforms.Build.0 = Release|Any CPU
		{62F4A5CC-9F97-4EE2-8F7B-1487FC4F4807}.Licensed|x86.ActiveCfg = Release|Any CPU
		{62F4A5CC-9F97-4EE2-8F7B-1487FC4F4807}.Mono TRIAL|Any CPU.ActiveCfg = Release|Any CPU
		{62F4A5CC-9F97-4EE2-8F7B-1487FC4F4807}.Mono TRIAL|Any CPU.Build.0 = Release|Any CPU
		{62F4A5CC-9F97-4EE2-8F7B-1487FC4F4807}.Mono TRIAL|Mixed Platforms.ActiveCfg = Release|Any CPU
		{62F4A5CC-9F97-4EE2-8F7B-1487FC4F4807}.Mono TRIAL|Mixed Platforms.Build.0 = Release|Any CPU
		{62F4A5CC-9F97-4EE2-8F7B-1487FC4F4807}.Mono TRIAL|x86.ActiveCfg = Release|Any CPU
		{62F4A5CC-9F97-4EE2-8F7B-1487FC4F4807}.Mono|Any CPU.ActiveCfg = Release|Any CPU
		{62F4A5CC-9F97-4EE2-8F7B-1487FC4F4807}.Mono|Any CPU.Build.0 = Release|Any CPU
		{62F4A5CC-9F97-4EE2-8F7B-1487FC4F4807}.Mono|Mixed Platforms.ActiveCfg = Release|Any CPU
		{62F4A5CC-9F97-4EE2-8F7B-1487FC4F4807}.Mono|Mixed Platforms.Build.0 = Release|Any CPU
		{62F4A5CC-9F97-4EE2-8F7B-1487FC4F4807}.Mono|x86.ActiveCfg = Release|Any CPU
		{62F4A5CC-9F97-4EE2-8F7B-1487FC4F4807}.Release|Any CPU.ActiveCfg = Release|Any CPU
		{62F4A5CC-9F97-4EE2-8F7B-1487FC4F4807}.Release|Any CPU.Build.0 = Release|Any CPU
		{62F4A5CC-9F97-4EE2-8F7B-1487FC4F4807}.Release|Mixed Platforms.ActiveCfg = Release|Any CPU
		{62F4A5CC-9F97-4EE2-8F7B-1487FC4F4807}.Release|Mixed Platforms.Build.0 = Release|Any CPU
		{62F4A5CC-9F97-4EE2-8F7B-1487FC4F4807}.Release|x86.ActiveCfg = Release|Any CPU
		{62F4A5CC-9F97-4EE2-8F7B-1487FC4F4807}.TRIAL|Any CPU.ActiveCfg = Release|Any CPU
		{62F4A5CC-9F97-4EE2-8F7B-1487FC4F4807}.TRIAL|Any CPU.Build.0 = Release|Any CPU
		{62F4A5CC-9F97-4EE2-8F7B-1487FC4F4807}.TRIAL|Mixed Platforms.ActiveCfg = Release|Any CPU
		{62F4A5CC-9F97-4EE2-8F7B-1487FC4F4807}.TRIAL|Mixed Platforms.Build.0 = Release|Any CPU
		{62F4A5CC-9F97-4EE2-8F7B-1487FC4F4807}.TRIAL|x86.ActiveCfg = Release|Any CPU
		{F3F0B51F-F344-40AD-89E0-ADDE47745A0F}.Debug|Any CPU.ActiveCfg = Debug|Any CPU
		{F3F0B51F-F344-40AD-89E0-ADDE47745A0F}.Debug|Any CPU.Build.0 = Debug|Any CPU
		{F3F0B51F-F344-40AD-89E0-ADDE47745A0F}.Debug|Mixed Platforms.ActiveCfg = Debug|Any CPU
		{F3F0B51F-F344-40AD-89E0-ADDE47745A0F}.Debug|Mixed Platforms.Build.0 = Debug|Any CPU
		{F3F0B51F-F344-40AD-89E0-ADDE47745A0F}.Debug|x86.ActiveCfg = Debug|Any CPU
		{F3F0B51F-F344-40AD-89E0-ADDE47745A0F}.Licensed|Any CPU.ActiveCfg = Release|Any CPU
		{F3F0B51F-F344-40AD-89E0-ADDE47745A0F}.Licensed|Any CPU.Build.0 = Release|Any CPU
		{F3F0B51F-F344-40AD-89E0-ADDE47745A0F}.Licensed|Mixed Platforms.ActiveCfg = Release|Any CPU
		{F3F0B51F-F344-40AD-89E0-ADDE47745A0F}.Licensed|Mixed Platforms.Build.0 = Release|Any CPU
		{F3F0B51F-F344-40AD-89E0-ADDE47745A0F}.Licensed|x86.ActiveCfg = Release|Any CPU
		{F3F0B51F-F344-40AD-89E0-ADDE47745A0F}.Mono TRIAL|Any CPU.ActiveCfg = Release|Any CPU
		{F3F0B51F-F344-40AD-89E0-ADDE47745A0F}.Mono TRIAL|Any CPU.Build.0 = Release|Any CPU
		{F3F0B51F-F344-40AD-89E0-ADDE47745A0F}.Mono TRIAL|Mixed Platforms.ActiveCfg = Release|Any CPU
		{F3F0B51F-F344-40AD-89E0-ADDE47745A0F}.Mono TRIAL|Mixed Platforms.Build.0 = Release|Any CPU
		{F3F0B51F-F344-40AD-89E0-ADDE47745A0F}.Mono TRIAL|x86.ActiveCfg = Release|Any CPU
		{F3F0B51F-F344-40AD-89E0-ADDE47745A0F}.Mono|Any CPU.ActiveCfg = Release|Any CPU
		{F3F0B51F-F344-40AD-89E0-ADDE47745A0F}.Mono|Any CPU.Build.0 = Release|Any CPU
		{F3F0B51F-F344-40AD-89E0-ADDE47745A0F}.Mono|Mixed Platforms.ActiveCfg = Release|Any CPU
		{F3F0B51F-F344-40AD-89E0-ADDE47745A0F}.Mono|Mixed Platforms.Build.0 = Release|Any CPU
		{F3F0B51F-F344-40AD-89E0-ADDE47745A0F}.Mono|x86.ActiveCfg = Release|Any CPU
		{F3F0B51F-F344-40AD-89E0-ADDE47745A0F}.Release|Any CPU.ActiveCfg = Release|Any CPU
		{F3F0B51F-F344-40AD-89E0-ADDE47745A0F}.Release|Any CPU.Build.0 = Release|Any CPU
		{F3F0B51F-F344-40AD-89E0-ADDE47745A0F}.Release|Mixed Platforms.ActiveCfg = Release|Any CPU
		{F3F0B51F-F344-40AD-89E0-ADDE47745A0F}.Release|Mixed Platforms.Build.0 = Release|Any CPU
		{F3F0B51F-F344-40AD-89E0-ADDE47745A0F}.Release|x86.ActiveCfg = Release|Any CPU
		{F3F0B51F-F344-40AD-89E0-ADDE47745A0F}.TRIAL|Any CPU.ActiveCfg = Release|Any CPU
		{F3F0B51F-F344-40AD-89E0-ADDE47745A0F}.TRIAL|Any CPU.Build.0 = Release|Any CPU
		{F3F0B51F-F344-40AD-89E0-ADDE47745A0F}.TRIAL|Mixed Platforms.ActiveCfg = Release|Any CPU
		{F3F0B51F-F344-40AD-89E0-ADDE47745A0F}.TRIAL|Mixed Platforms.Build.0 = Release|Any CPU
		{F3F0B51F-F344-40AD-89E0-ADDE47745A0F}.TRIAL|x86.ActiveCfg = Release|Any CPU
		{BCDAF2A8-D0AA-4951-9015-FB47FCC74A85}.Debug|Any CPU.ActiveCfg = Debug|Any CPU
		{BCDAF2A8-D0AA-4951-9015-FB47FCC74A85}.Debug|Any CPU.Build.0 = Debug|Any CPU
		{BCDAF2A8-D0AA-4951-9015-FB47FCC74A85}.Debug|Mixed Platforms.ActiveCfg = Debug|Any CPU
		{BCDAF2A8-D0AA-4951-9015-FB47FCC74A85}.Debug|Mixed Platforms.Build.0 = Debug|Any CPU
		{BCDAF2A8-D0AA-4951-9015-FB47FCC74A85}.Debug|x86.ActiveCfg = Debug|Any CPU
		{BCDAF2A8-D0AA-4951-9015-FB47FCC74A85}.Licensed|Any CPU.ActiveCfg = Release|Any CPU
		{BCDAF2A8-D0AA-4951-9015-FB47FCC74A85}.Licensed|Any CPU.Build.0 = Release|Any CPU
		{BCDAF2A8-D0AA-4951-9015-FB47FCC74A85}.Licensed|Mixed Platforms.ActiveCfg = Release|Any CPU
		{BCDAF2A8-D0AA-4951-9015-FB47FCC74A85}.Licensed|Mixed Platforms.Build.0 = Release|Any CPU
		{BCDAF2A8-D0AA-4951-9015-FB47FCC74A85}.Licensed|x86.ActiveCfg = Release|Any CPU
		{BCDAF2A8-D0AA-4951-9015-FB47FCC74A85}.Mono TRIAL|Any CPU.ActiveCfg = Release|Any CPU
		{BCDAF2A8-D0AA-4951-9015-FB47FCC74A85}.Mono TRIAL|Any CPU.Build.0 = Release|Any CPU
		{BCDAF2A8-D0AA-4951-9015-FB47FCC74A85}.Mono TRIAL|Mixed Platforms.ActiveCfg = Release|Any CPU
		{BCDAF2A8-D0AA-4951-9015-FB47FCC74A85}.Mono TRIAL|Mixed Platforms.Build.0 = Release|Any CPU
		{BCDAF2A8-D0AA-4951-9015-FB47FCC74A85}.Mono TRIAL|x86.ActiveCfg = Release|Any CPU
		{BCDAF2A8-D0AA-4951-9015-FB47FCC74A85}.Mono|Any CPU.ActiveCfg = Release|Any CPU
		{BCDAF2A8-D0AA-4951-9015-FB47FCC74A85}.Mono|Any CPU.Build.0 = Release|Any CPU
		{BCDAF2A8-D0AA-4951-9015-FB47FCC74A85}.Mono|Mixed Platforms.ActiveCfg = Release|Any CPU
		{BCDAF2A8-D0AA-4951-9015-FB47FCC74A85}.Mono|Mixed Platforms.Build.0 = Release|Any CPU
		{BCDAF2A8-D0AA-4951-9015-FB47FCC74A85}.Mono|x86.ActiveCfg = Release|Any CPU
		{BCDAF2A8-D0AA-4951-9015-FB47FCC74A85}.Release|Any CPU.ActiveCfg = Release|Any CPU
		{BCDAF2A8-D0AA-4951-9015-FB47FCC74A85}.Release|Any CPU.Build.0 = Release|Any CPU
		{BCDAF2A8-D0AA-4951-9015-FB47FCC74A85}.Release|Mixed Platforms.ActiveCfg = Release|Any CPU
		{BCDAF2A8-D0AA-4951-9015-FB47FCC74A85}.Release|Mixed Platforms.Build.0 = Release|Any CPU
		{BCDAF2A8-D0AA-4951-9015-FB47FCC74A85}.Release|x86.ActiveCfg = Release|Any CPU
		{BCDAF2A8-D0AA-4951-9015-FB47FCC74A85}.TRIAL|Any CPU.ActiveCfg = Release|Any CPU
		{BCDAF2A8-D0AA-4951-9015-FB47FCC74A85}.TRIAL|Any CPU.Build.0 = Release|Any CPU
		{BCDAF2A8-D0AA-4951-9015-FB47FCC74A85}.TRIAL|Mixed Platforms.ActiveCfg = Release|Any CPU
		{BCDAF2A8-D0AA-4951-9015-FB47FCC74A85}.TRIAL|Mixed Platforms.Build.0 = Release|Any CPU
		{BCDAF2A8-D0AA-4951-9015-FB47FCC74A85}.TRIAL|x86.ActiveCfg = Release|Any CPU
		{8A93EE50-B8CF-4C34-A6F2-A8114960535F}.Debug|Any CPU.ActiveCfg = Debug|Any CPU
		{8A93EE50-B8CF-4C34-A6F2-A8114960535F}.Debug|Any CPU.Build.0 = Debug|Any CPU
		{8A93EE50-B8CF-4C34-A6F2-A8114960535F}.Debug|Mixed Platforms.ActiveCfg = Debug|Any CPU
		{8A93EE50-B8CF-4C34-A6F2-A8114960535F}.Debug|Mixed Platforms.Build.0 = Debug|Any CPU
		{8A93EE50-B8CF-4C34-A6F2-A8114960535F}.Debug|x86.ActiveCfg = Debug|Any CPU
		{8A93EE50-B8CF-4C34-A6F2-A8114960535F}.Licensed|Any CPU.ActiveCfg = Release|Any CPU
		{8A93EE50-B8CF-4C34-A6F2-A8114960535F}.Licensed|Any CPU.Build.0 = Release|Any CPU
		{8A93EE50-B8CF-4C34-A6F2-A8114960535F}.Licensed|Mixed Platforms.ActiveCfg = Release|Any CPU
		{8A93EE50-B8CF-4C34-A6F2-A8114960535F}.Licensed|Mixed Platforms.Build.0 = Release|Any CPU
		{8A93EE50-B8CF-4C34-A6F2-A8114960535F}.Licensed|x86.ActiveCfg = Release|Any CPU
		{8A93EE50-B8CF-4C34-A6F2-A8114960535F}.Mono TRIAL|Any CPU.ActiveCfg = Release|Any CPU
		{8A93EE50-B8CF-4C34-A6F2-A8114960535F}.Mono TRIAL|Any CPU.Build.0 = Release|Any CPU
		{8A93EE50-B8CF-4C34-A6F2-A8114960535F}.Mono TRIAL|Mixed Platforms.ActiveCfg = Release|Any CPU
		{8A93EE50-B8CF-4C34-A6F2-A8114960535F}.Mono TRIAL|Mixed Platforms.Build.0 = Release|Any CPU
		{8A93EE50-B8CF-4C34-A6F2-A8114960535F}.Mono TRIAL|x86.ActiveCfg = Release|Any CPU
		{8A93EE50-B8CF-4C34-A6F2-A8114960535F}.Mono|Any CPU.ActiveCfg = Release|Any CPU
		{8A93EE50-B8CF-4C34-A6F2-A8114960535F}.Mono|Any CPU.Build.0 = Release|Any CPU
		{8A93EE50-B8CF-4C34-A6F2-A8114960535F}.Mono|Mixed Platforms.ActiveCfg = Release|Any CPU
		{8A93EE50-B8CF-4C34-A6F2-A8114960535F}.Mono|Mixed Platforms.Build.0 = Release|Any CPU
		{8A93EE50-B8CF-4C34-A6F2-A8114960535F}.Mono|x86.ActiveCfg = Release|Any CPU
		{8A93EE50-B8CF-4C34-A6F2-A8114960535F}.Release|Any CPU.ActiveCfg = Release|Any CPU
		{8A93EE50-B8CF-4C34-A6F2-A8114960535F}.Release|Any CPU.Build.0 = Release|Any CPU
		{8A93EE50-B8CF-4C34-A6F2-A8114960535F}.Release|Mixed Platforms.ActiveCfg = Release|Any CPU
		{8A93EE50-B8CF-4C34-A6F2-A8114960535F}.Release|Mixed Platforms.Build.0 = Release|Any CPU
		{8A93EE50-B8CF-4C34-A6F2-A8114960535F}.Release|x86.ActiveCfg = Release|Any CPU
		{8A93EE50-B8CF-4C34-A6F2-A8114960535F}.TRIAL|Any CPU.ActiveCfg = Release|Any CPU
		{8A93EE50-B8CF-4C34-A6F2-A8114960535F}.TRIAL|Any CPU.Build.0 = Release|Any CPU
		{8A93EE50-B8CF-4C34-A6F2-A8114960535F}.TRIAL|Mixed Platforms.ActiveCfg = Release|Any CPU
		{8A93EE50-B8CF-4C34-A6F2-A8114960535F}.TRIAL|Mixed Platforms.Build.0 = Release|Any CPU
		{8A93EE50-B8CF-4C34-A6F2-A8114960535F}.TRIAL|x86.ActiveCfg = Release|Any CPU
		{E711756B-5D41-41A4-A016-D37AD071FD04}.Debug|Any CPU.ActiveCfg = Debug|Any CPU
		{E711756B-5D41-41A4-A016-D37AD071FD04}.Debug|Any CPU.Build.0 = Debug|Any CPU
		{E711756B-5D41-41A4-A016-D37AD071FD04}.Debug|Mixed Platforms.ActiveCfg = Debug|Any CPU
		{E711756B-5D41-41A4-A016-D37AD071FD04}.Debug|Mixed Platforms.Build.0 = Debug|Any CPU
		{E711756B-5D41-41A4-A016-D37AD071FD04}.Debug|x86.ActiveCfg = Debug|Any CPU
		{E711756B-5D41-41A4-A016-D37AD071FD04}.Licensed|Any CPU.ActiveCfg = Release|Any CPU
		{E711756B-5D41-41A4-A016-D37AD071FD04}.Licensed|Any CPU.Build.0 = Release|Any CPU
		{E711756B-5D41-41A4-A016-D37AD071FD04}.Licensed|Mixed Platforms.ActiveCfg = Release|Any CPU
		{E711756B-5D41-41A4-A016-D37AD071FD04}.Licensed|Mixed Platforms.Build.0 = Release|Any CPU
		{E711756B-5D41-41A4-A016-D37AD071FD04}.Licensed|x86.ActiveCfg = Release|Any CPU
		{E711756B-5D41-41A4-A016-D37AD071FD04}.Mono TRIAL|Any CPU.ActiveCfg = Release|Any CPU
		{E711756B-5D41-41A4-A016-D37AD071FD04}.Mono TRIAL|Any CPU.Build.0 = Release|Any CPU
		{E711756B-5D41-41A4-A016-D37AD071FD04}.Mono TRIAL|Mixed Platforms.ActiveCfg = Release|Any CPU
		{E711756B-5D41-41A4-A016-D37AD071FD04}.Mono TRIAL|Mixed Platforms.Build.0 = Release|Any CPU
		{E711756B-5D41-41A4-A016-D37AD071FD04}.Mono TRIAL|x86.ActiveCfg = Release|Any CPU
		{E711756B-5D41-41A4-A016-D37AD071FD04}.Mono|Any CPU.ActiveCfg = Release|Any CPU
		{E711756B-5D41-41A4-A016-D37AD071FD04}.Mono|Any CPU.Build.0 = Release|Any CPU
		{E711756B-5D41-41A4-A016-D37AD071FD04}.Mono|Mixed Platforms.ActiveCfg = Release|Any CPU
		{E711756B-5D41-41A4-A016-D37AD071FD04}.Mono|Mixed Platforms.Build.0 = Release|Any CPU
		{E711756B-5D41-41A4-A016-D37AD071FD04}.Mono|x86.ActiveCfg = Release|Any CPU
		{E711756B-5D41-41A4-A016-D37AD071FD04}.Release|Any CPU.ActiveCfg = Release|Any CPU
		{E711756B-5D41-41A4-A016-D37AD071FD04}.Release|Any CPU.Build.0 = Release|Any CPU
		{E711756B-5D41-41A4-A016-D37AD071FD04}.Release|Mixed Platforms.ActiveCfg = Release|Any CPU
		{E711756B-5D41-41A4-A016-D37AD071FD04}.Release|Mixed Platforms.Build.0 = Release|Any CPU
		{E711756B-5D41-41A4-A016-D37AD071FD04}.Release|x86.ActiveCfg = Release|Any CPU
		{E711756B-5D41-41A4-A016-D37AD071FD04}.TRIAL|Any CPU.ActiveCfg = Release|Any CPU
		{E711756B-5D41-41A4-A016-D37AD071FD04}.TRIAL|Any CPU.Build.0 = Release|Any CPU
		{E711756B-5D41-41A4-A016-D37AD071FD04}.TRIAL|Mixed Platforms.ActiveCfg = Release|Any CPU
		{E711756B-5D41-41A4-A016-D37AD071FD04}.TRIAL|Mixed Platforms.Build.0 = Release|Any CPU
		{E711756B-5D41-41A4-A016-D37AD071FD04}.TRIAL|x86.ActiveCfg = Release|Any CPU
		{0EB0BB6D-4E63-456B-88DD-B3F782D4A10E}.Debug|Any CPU.ActiveCfg = Debug|Any CPU
		{0EB0BB6D-4E63-456B-88DD-B3F782D4A10E}.Debug|Any CPU.Build.0 = Debug|Any CPU
		{0EB0BB6D-4E63-456B-88DD-B3F782D4A10E}.Debug|Mixed Platforms.ActiveCfg = Debug|Any CPU
		{0EB0BB6D-4E63-456B-88DD-B3F782D4A10E}.Debug|Mixed Platforms.Build.0 = Debug|Any CPU
		{0EB0BB6D-4E63-456B-88DD-B3F782D4A10E}.Debug|x86.ActiveCfg = Debug|Any CPU
		{0EB0BB6D-4E63-456B-88DD-B3F782D4A10E}.Licensed|Any CPU.ActiveCfg = Licensed|Any CPU
		{0EB0BB6D-4E63-456B-88DD-B3F782D4A10E}.Licensed|Any CPU.Build.0 = Licensed|Any CPU
		{0EB0BB6D-4E63-456B-88DD-B3F782D4A10E}.Licensed|Mixed Platforms.ActiveCfg = Licensed|Any CPU
		{0EB0BB6D-4E63-456B-88DD-B3F782D4A10E}.Licensed|Mixed Platforms.Build.0 = Licensed|Any CPU
		{0EB0BB6D-4E63-456B-88DD-B3F782D4A10E}.Licensed|x86.ActiveCfg = Licensed|Any CPU
		{0EB0BB6D-4E63-456B-88DD-B3F782D4A10E}.Mono TRIAL|Any CPU.ActiveCfg = Mono TRIAL|Any CPU
		{0EB0BB6D-4E63-456B-88DD-B3F782D4A10E}.Mono TRIAL|Any CPU.Build.0 = Mono TRIAL|Any CPU
		{0EB0BB6D-4E63-456B-88DD-B3F782D4A10E}.Mono TRIAL|Mixed Platforms.ActiveCfg = Mono TRIAL|Any CPU
		{0EB0BB6D-4E63-456B-88DD-B3F782D4A10E}.Mono TRIAL|Mixed Platforms.Build.0 = Mono TRIAL|Any CPU
		{0EB0BB6D-4E63-456B-88DD-B3F782D4A10E}.Mono TRIAL|x86.ActiveCfg = Mono TRIAL|Any CPU
		{0EB0BB6D-4E63-456B-88DD-B3F782D4A10E}.Mono|Any CPU.ActiveCfg = Mono|Any CPU
		{0EB0BB6D-4E63-456B-88DD-B3F782D4A10E}.Mono|Any CPU.Build.0 = Mono|Any CPU
		{0EB0BB6D-4E63-456B-88DD-B3F782D4A10E}.Mono|Mixed Platforms.ActiveCfg = Mono|Any CPU
		{0EB0BB6D-4E63-456B-88DD-B3F782D4A10E}.Mono|Mixed Platforms.Build.0 = Mono|Any CPU
		{0EB0BB6D-4E63-456B-88DD-B3F782D4A10E}.Mono|x86.ActiveCfg = Mono|Any CPU
		{0EB0BB6D-4E63-456B-88DD-B3F782D4A10E}.Release|Any CPU.ActiveCfg = Release|Any CPU
		{0EB0BB6D-4E63-456B-88DD-B3F782D4A10E}.Release|Any CPU.Build.0 = Release|Any CPU
		{0EB0BB6D-4E63-456B-88DD-B3F782D4A10E}.Release|Mixed Platforms.ActiveCfg = Release|Any CPU
		{0EB0BB6D-4E63-456B-88DD-B3F782D4A10E}.Release|Mixed Platforms.Build.0 = Release|Any CPU
		{0EB0BB6D-4E63-456B-88DD-B3F782D4A10E}.Release|x86.ActiveCfg = Release|Any CPU
		{0EB0BB6D-4E63-456B-88DD-B3F782D4A10E}.TRIAL|Any CPU.ActiveCfg = TRIAL|Any CPU
		{0EB0BB6D-4E63-456B-88DD-B3F782D4A10E}.TRIAL|Any CPU.Build.0 = TRIAL|Any CPU
		{0EB0BB6D-4E63-456B-88DD-B3F782D4A10E}.TRIAL|Mixed Platforms.ActiveCfg = TRIAL|Any CPU
		{0EB0BB6D-4E63-456B-88DD-B3F782D4A10E}.TRIAL|Mixed Platforms.Build.0 = TRIAL|Any CPU
		{0EB0BB6D-4E63-456B-88DD-B3F782D4A10E}.TRIAL|x86.ActiveCfg = TRIAL|Any CPU
		{E8E89EC1-4445-4853-9E0B-A18B044069B5}.Debug|Any CPU.ActiveCfg = Debug|Any CPU
		{E8E89EC1-4445-4853-9E0B-A18B044069B5}.Debug|Any CPU.Build.0 = Debug|Any CPU
		{E8E89EC1-4445-4853-9E0B-A18B044069B5}.Debug|Mixed Platforms.ActiveCfg = Debug|Any CPU
		{E8E89EC1-4445-4853-9E0B-A18B044069B5}.Debug|Mixed Platforms.Build.0 = Debug|Any CPU
		{E8E89EC1-4445-4853-9E0B-A18B044069B5}.Debug|x86.ActiveCfg = Debug|Any CPU
		{E8E89EC1-4445-4853-9E0B-A18B044069B5}.Licensed|Any CPU.ActiveCfg = Release|Any CPU
		{E8E89EC1-4445-4853-9E0B-A18B044069B5}.Licensed|Any CPU.Build.0 = Release|Any CPU
		{E8E89EC1-4445-4853-9E0B-A18B044069B5}.Licensed|Mixed Platforms.ActiveCfg = Release|Any CPU
		{E8E89EC1-4445-4853-9E0B-A18B044069B5}.Licensed|Mixed Platforms.Build.0 = Release|Any CPU
		{E8E89EC1-4445-4853-9E0B-A18B044069B5}.Licensed|x86.ActiveCfg = Release|Any CPU
		{E8E89EC1-4445-4853-9E0B-A18B044069B5}.Mono TRIAL|Any CPU.ActiveCfg = Release|Any CPU
		{E8E89EC1-4445-4853-9E0B-A18B044069B5}.Mono TRIAL|Any CPU.Build.0 = Release|Any CPU
		{E8E89EC1-4445-4853-9E0B-A18B044069B5}.Mono TRIAL|Mixed Platforms.ActiveCfg = Release|Any CPU
		{E8E89EC1-4445-4853-9E0B-A18B044069B5}.Mono TRIAL|Mixed Platforms.Build.0 = Release|Any CPU
		{E8E89EC1-4445-4853-9E0B-A18B044069B5}.Mono TRIAL|x86.ActiveCfg = Release|Any CPU
		{E8E89EC1-4445-4853-9E0B-A18B044069B5}.Mono|Any CPU.ActiveCfg = Release|Any CPU
		{E8E89EC1-4445-4853-9E0B-A18B044069B5}.Mono|Any CPU.Build.0 = Release|Any CPU
		{E8E89EC1-4445-4853-9E0B-A18B044069B5}.Mono|Mixed Platforms.ActiveCfg = Release|Any CPU
		{E8E89EC1-4445-4853-9E0B-A18B044069B5}.Mono|Mixed Platforms.Build.0 = Release|Any CPU
		{E8E89EC1-4445-4853-9E0B-A18B044069B5}.Mono|x86.ActiveCfg = Release|Any CPU
		{E8E89EC1-4445-4853-9E0B-A18B044069B5}.Release|Any CPU.ActiveCfg = Release|Any CPU
		{E8E89EC1-4445-4853-9E0B-A18B044069B5}.Release|Any CPU.Build.0 = Release|Any CPU
		{E8E89EC1-4445-4853-9E0B-A18B044069B5}.Release|Mixed Platforms.ActiveCfg = Release|Any CPU
		{E8E89EC1-4445-4853-9E0B-A18B044069B5}.Release|Mixed Platforms.Build.0 = Release|Any CPU
		{E8E89EC1-4445-4853-9E0B-A18B044069B5}.Release|x86.ActiveCfg = Release|Any CPU
		{E8E89EC1-4445-4853-9E0B-A18B044069B5}.TRIAL|Any CPU.ActiveCfg = Release|Any CPU
		{E8E89EC1-4445-4853-9E0B-A18B044069B5}.TRIAL|Any CPU.Build.0 = Release|Any CPU
		{E8E89EC1-4445-4853-9E0B-A18B044069B5}.TRIAL|Mixed Platforms.ActiveCfg = Release|Any CPU
		{E8E89EC1-4445-4853-9E0B-A18B044069B5}.TRIAL|Mixed Platforms.Build.0 = Release|Any CPU
		{E8E89EC1-4445-4853-9E0B-A18B044069B5}.TRIAL|x86.ActiveCfg = Release|Any CPU
		{1F239059-144F-4DE9-A788-108F94CD333D}.Debug|Any CPU.ActiveCfg = Debug|Any CPU
		{1F239059-144F-4DE9-A788-108F94CD333D}.Debug|Any CPU.Build.0 = Debug|Any CPU
		{1F239059-144F-4DE9-A788-108F94CD333D}.Debug|Mixed Platforms.ActiveCfg = Debug|Any CPU
		{1F239059-144F-4DE9-A788-108F94CD333D}.Debug|Mixed Platforms.Build.0 = Debug|Any CPU
		{1F239059-144F-4DE9-A788-108F94CD333D}.Debug|x86.ActiveCfg = Debug|Any CPU
		{1F239059-144F-4DE9-A788-108F94CD333D}.Licensed|Any CPU.ActiveCfg = Release|Any CPU
		{1F239059-144F-4DE9-A788-108F94CD333D}.Licensed|Any CPU.Build.0 = Release|Any CPU
		{1F239059-144F-4DE9-A788-108F94CD333D}.Licensed|Mixed Platforms.ActiveCfg = Release|Any CPU
		{1F239059-144F-4DE9-A788-108F94CD333D}.Licensed|Mixed Platforms.Build.0 = Release|Any CPU
		{1F239059-144F-4DE9-A788-108F94CD333D}.Licensed|x86.ActiveCfg = Release|Any CPU
		{1F239059-144F-4DE9-A788-108F94CD333D}.Mono TRIAL|Any CPU.ActiveCfg = Release|Any CPU
		{1F239059-144F-4DE9-A788-108F94CD333D}.Mono TRIAL|Any CPU.Build.0 = Release|Any CPU
		{1F239059-144F-4DE9-A788-108F94CD333D}.Mono TRIAL|Mixed Platforms.ActiveCfg = Release|Any CPU
		{1F239059-144F-4DE9-A788-108F94CD333D}.Mono TRIAL|Mixed Platforms.Build.0 = Release|Any CPU
		{1F239059-144F-4DE9-A788-108F94CD333D}.Mono TRIAL|x86.ActiveCfg = Release|Any CPU
		{1F239059-144F-4DE9-A788-108F94CD333D}.Mono|Any CPU.ActiveCfg = Release|Any CPU
		{1F239059-144F-4DE9-A788-108F94CD333D}.Mono|Any CPU.Build.0 = Release|Any CPU
		{1F239059-144F-4DE9-A788-108F94CD333D}.Mono|Mixed Platforms.ActiveCfg = Release|Any CPU
		{1F239059-144F-4DE9-A788-108F94CD333D}.Mono|Mixed Platforms.Build.0 = Release|Any CPU
		{1F239059-144F-4DE9-A788-108F94CD333D}.Mono|x86.ActiveCfg = Release|Any CPU
		{1F239059-144F-4DE9-A788-108F94CD333D}.Release|Any CPU.ActiveCfg = Release|Any CPU
		{1F239059-144F-4DE9-A788-108F94CD333D}.Release|Any CPU.Build.0 = Release|Any CPU
		{1F239059-144F-4DE9-A788-108F94CD333D}.Release|Mixed Platforms.ActiveCfg = Release|Any CPU
		{1F239059-144F-4DE9-A788-108F94CD333D}.Release|Mixed Platforms.Build.0 = Release|Any CPU
		{1F239059-144F-4DE9-A788-108F94CD333D}.Release|x86.ActiveCfg = Release|Any CPU
		{1F239059-144F-4DE9-A788-108F94CD333D}.TRIAL|Any CPU.ActiveCfg = Release|Any CPU
		{1F239059-144F-4DE9-A788-108F94CD333D}.TRIAL|Any CPU.Build.0 = Release|Any CPU
		{1F239059-144F-4DE9-A788-108F94CD333D}.TRIAL|Mixed Platforms.ActiveCfg = Release|Any CPU
		{1F239059-144F-4DE9-A788-108F94CD333D}.TRIAL|Mixed Platforms.Build.0 = Release|Any CPU
		{1F239059-144F-4DE9-A788-108F94CD333D}.TRIAL|x86.ActiveCfg = Release|Any CPU
		{03971CC3-7198-440F-9237-849BC9A84397}.Debug|Any CPU.ActiveCfg = Debug|Any CPU
		{03971CC3-7198-440F-9237-849BC9A84397}.Debug|Any CPU.Build.0 = Debug|Any CPU
		{03971CC3-7198-440F-9237-849BC9A84397}.Debug|Mixed Platforms.ActiveCfg = Debug|Any CPU
		{03971CC3-7198-440F-9237-849BC9A84397}.Debug|Mixed Platforms.Build.0 = Debug|Any CPU
		{03971CC3-7198-440F-9237-849BC9A84397}.Debug|x86.ActiveCfg = Debug|Any CPU
		{03971CC3-7198-440F-9237-849BC9A84397}.Licensed|Any CPU.ActiveCfg = Release|Any CPU
		{03971CC3-7198-440F-9237-849BC9A84397}.Licensed|Any CPU.Build.0 = Release|Any CPU
		{03971CC3-7198-440F-9237-849BC9A84397}.Licensed|Mixed Platforms.ActiveCfg = Release|Any CPU
		{03971CC3-7198-440F-9237-849BC9A84397}.Licensed|Mixed Platforms.Build.0 = Release|Any CPU
		{03971CC3-7198-440F-9237-849BC9A84397}.Licensed|x86.ActiveCfg = Release|Any CPU
		{03971CC3-7198-440F-9237-849BC9A84397}.Mono TRIAL|Any CPU.ActiveCfg = Release|Any CPU
		{03971CC3-7198-440F-9237-849BC9A84397}.Mono TRIAL|Any CPU.Build.0 = Release|Any CPU
		{03971CC3-7198-440F-9237-849BC9A84397}.Mono TRIAL|Mixed Platforms.ActiveCfg = Release|Any CPU
		{03971CC3-7198-440F-9237-849BC9A84397}.Mono TRIAL|Mixed Platforms.Build.0 = Release|Any CPU
		{03971CC3-7198-440F-9237-849BC9A84397}.Mono TRIAL|x86.ActiveCfg = Release|Any CPU
		{03971CC3-7198-440F-9237-849BC9A84397}.Mono|Any CPU.ActiveCfg = Release|Any CPU
		{03971CC3-7198-440F-9237-849BC9A84397}.Mono|Any CPU.Build.0 = Release|Any CPU
		{03971CC3-7198-440F-9237-849BC9A84397}.Mono|Mixed Platforms.ActiveCfg = Release|Any CPU
		{03971CC3-7198-440F-9237-849BC9A84397}.Mono|Mixed Platforms.Build.0 = Release|Any CPU
		{03971CC3-7198-440F-9237-849BC9A84397}.Mono|x86.ActiveCfg = Release|Any CPU
		{03971CC3-7198-440F-9237-849BC9A84397}.Release|Any CPU.ActiveCfg = Release|Any CPU
		{03971CC3-7198-440F-9237-849BC9A84397}.Release|Any CPU.Build.0 = Release|Any CPU
		{03971CC3-7198-440F-9237-849BC9A84397}.Release|Mixed Platforms.ActiveCfg = Release|Any CPU
		{03971CC3-7198-440F-9237-849BC9A84397}.Release|Mixed Platforms.Build.0 = Release|Any CPU
		{03971CC3-7198-440F-9237-849BC9A84397}.Release|x86.ActiveCfg = Release|Any CPU
		{03971CC3-7198-440F-9237-849BC9A84397}.TRIAL|Any CPU.ActiveCfg = Release|Any CPU
		{03971CC3-7198-440F-9237-849BC9A84397}.TRIAL|Any CPU.Build.0 = Release|Any CPU
		{03971CC3-7198-440F-9237-849BC9A84397}.TRIAL|Mixed Platforms.ActiveCfg = Release|Any CPU
		{03971CC3-7198-440F-9237-849BC9A84397}.TRIAL|Mixed Platforms.Build.0 = Release|Any CPU
		{03971CC3-7198-440F-9237-849BC9A84397}.TRIAL|x86.ActiveCfg = Release|Any CPU
		{EC3DA413-8033-4A1B-A5BE-A7E32C297FE5}.Debug|Any CPU.ActiveCfg = Debug|Any CPU
		{EC3DA413-8033-4A1B-A5BE-A7E32C297FE5}.Debug|Any CPU.Build.0 = Debug|Any CPU
		{EC3DA413-8033-4A1B-A5BE-A7E32C297FE5}.Debug|Mixed Platforms.ActiveCfg = Debug|Any CPU
		{EC3DA413-8033-4A1B-A5BE-A7E32C297FE5}.Debug|Mixed Platforms.Build.0 = Debug|Any CPU
		{EC3DA413-8033-4A1B-A5BE-A7E32C297FE5}.Debug|x86.ActiveCfg = Debug|Any CPU
		{EC3DA413-8033-4A1B-A5BE-A7E32C297FE5}.Licensed|Any CPU.ActiveCfg = Release|Any CPU
		{EC3DA413-8033-4A1B-A5BE-A7E32C297FE5}.Licensed|Any CPU.Build.0 = Release|Any CPU
		{EC3DA413-8033-4A1B-A5BE-A7E32C297FE5}.Licensed|Mixed Platforms.ActiveCfg = Release|Any CPU
		{EC3DA413-8033-4A1B-A5BE-A7E32C297FE5}.Licensed|Mixed Platforms.Build.0 = Release|Any CPU
		{EC3DA413-8033-4A1B-A5BE-A7E32C297FE5}.Licensed|x86.ActiveCfg = Release|Any CPU
		{EC3DA413-8033-4A1B-A5BE-A7E32C297FE5}.Mono TRIAL|Any CPU.ActiveCfg = Release|Any CPU
		{EC3DA413-8033-4A1B-A5BE-A7E32C297FE5}.Mono TRIAL|Any CPU.Build.0 = Release|Any CPU
		{EC3DA413-8033-4A1B-A5BE-A7E32C297FE5}.Mono TRIAL|Mixed Platforms.ActiveCfg = Release|Any CPU
		{EC3DA413-8033-4A1B-A5BE-A7E32C297FE5}.Mono TRIAL|Mixed Platforms.Build.0 = Release|Any CPU
		{EC3DA413-8033-4A1B-A5BE-A7E32C297FE5}.Mono TRIAL|x86.ActiveCfg = Release|Any CPU
		{EC3DA413-8033-4A1B-A5BE-A7E32C297FE5}.Mono|Any CPU.ActiveCfg = Release|Any CPU
		{EC3DA413-8033-4A1B-A5BE-A7E32C297FE5}.Mono|Any CPU.Build.0 = Release|Any CPU
		{EC3DA413-8033-4A1B-A5BE-A7E32C297FE5}.Mono|Mixed Platforms.ActiveCfg = Release|Any CPU
		{EC3DA413-8033-4A1B-A5BE-A7E32C297FE5}.Mono|Mixed Platforms.Build.0 = Release|Any CPU
		{EC3DA413-8033-4A1B-A5BE-A7E32C297FE5}.Mono|x86.ActiveCfg = Release|Any CPU
		{EC3DA413-8033-4A1B-A5BE-A7E32C297FE5}.Release|Any CPU.ActiveCfg = Release|Any CPU
		{EC3DA413-8033-4A1B-A5BE-A7E32C297FE5}.Release|Any CPU.Build.0 = Release|Any CPU
		{EC3DA413-8033-4A1B-A5BE-A7E32C297FE5}.Release|Mixed Platforms.ActiveCfg = Release|Any CPU
		{EC3DA413-8033-4A1B-A5BE-A7E32C297FE5}.Release|Mixed Platforms.Build.0 = Release|Any CPU
		{EC3DA413-8033-4A1B-A5BE-A7E32C297FE5}.Release|x86.ActiveCfg = Release|Any CPU
		{EC3DA413-8033-4A1B-A5BE-A7E32C297FE5}.TRIAL|Any CPU.ActiveCfg = Release|Any CPU
		{EC3DA413-8033-4A1B-A5BE-A7E32C297FE5}.TRIAL|Any CPU.Build.0 = Release|Any CPU
		{EC3DA413-8033-4A1B-A5BE-A7E32C297FE5}.TRIAL|Mixed Platforms.ActiveCfg = Release|Any CPU
		{EC3DA413-8033-4A1B-A5BE-A7E32C297FE5}.TRIAL|Mixed Platforms.Build.0 = Release|Any CPU
		{EC3DA413-8033-4A1B-A5BE-A7E32C297FE5}.TRIAL|x86.ActiveCfg = Release|Any CPU
		{EC95EF17-6ACE-49DB-A9C9-DDD0BFDEC4A6}.Debug|Any CPU.ActiveCfg = Debug|Any CPU
		{EC95EF17-6ACE-49DB-A9C9-DDD0BFDEC4A6}.Debug|Any CPU.Build.0 = Debug|Any CPU
		{EC95EF17-6ACE-49DB-A9C9-DDD0BFDEC4A6}.Debug|Mixed Platforms.ActiveCfg = Debug|Any CPU
		{EC95EF17-6ACE-49DB-A9C9-DDD0BFDEC4A6}.Debug|Mixed Platforms.Build.0 = Debug|Any CPU
		{EC95EF17-6ACE-49DB-A9C9-DDD0BFDEC4A6}.Debug|x86.ActiveCfg = Debug|Any CPU
		{EC95EF17-6ACE-49DB-A9C9-DDD0BFDEC4A6}.Licensed|Any CPU.ActiveCfg = Release|Any CPU
		{EC95EF17-6ACE-49DB-A9C9-DDD0BFDEC4A6}.Licensed|Any CPU.Build.0 = Release|Any CPU
		{EC95EF17-6ACE-49DB-A9C9-DDD0BFDEC4A6}.Licensed|Mixed Platforms.ActiveCfg = Release|Any CPU
		{EC95EF17-6ACE-49DB-A9C9-DDD0BFDEC4A6}.Licensed|Mixed Platforms.Build.0 = Release|Any CPU
		{EC95EF17-6ACE-49DB-A9C9-DDD0BFDEC4A6}.Licensed|x86.ActiveCfg = Release|Any CPU
		{EC95EF17-6ACE-49DB-A9C9-DDD0BFDEC4A6}.Mono TRIAL|Any CPU.ActiveCfg = Release|Any CPU
		{EC95EF17-6ACE-49DB-A9C9-DDD0BFDEC4A6}.Mono TRIAL|Any CPU.Build.0 = Release|Any CPU
		{EC95EF17-6ACE-49DB-A9C9-DDD0BFDEC4A6}.Mono TRIAL|Mixed Platforms.ActiveCfg = Release|Any CPU
		{EC95EF17-6ACE-49DB-A9C9-DDD0BFDEC4A6}.Mono TRIAL|Mixed Platforms.Build.0 = Release|Any CPU
		{EC95EF17-6ACE-49DB-A9C9-DDD0BFDEC4A6}.Mono TRIAL|x86.ActiveCfg = Release|Any CPU
		{EC95EF17-6ACE-49DB-A9C9-DDD0BFDEC4A6}.Mono|Any CPU.ActiveCfg = Release|Any CPU
		{EC95EF17-6ACE-49DB-A9C9-DDD0BFDEC4A6}.Mono|Any CPU.Build.0 = Release|Any CPU
		{EC95EF17-6ACE-49DB-A9C9-DDD0BFDEC4A6}.Mono|Mixed Platforms.ActiveCfg = Release|Any CPU
		{EC95EF17-6ACE-49DB-A9C9-DDD0BFDEC4A6}.Mono|Mixed Platforms.Build.0 = Release|Any CPU
		{EC95EF17-6ACE-49DB-A9C9-DDD0BFDEC4A6}.Mono|x86.ActiveCfg = Release|Any CPU
		{EC95EF17-6ACE-49DB-A9C9-DDD0BFDEC4A6}.Release|Any CPU.ActiveCfg = Release|Any CPU
		{EC95EF17-6ACE-49DB-A9C9-DDD0BFDEC4A6}.Release|Any CPU.Build.0 = Release|Any CPU
		{EC95EF17-6ACE-49DB-A9C9-DDD0BFDEC4A6}.Release|Mixed Platforms.ActiveCfg = Release|Any CPU
		{EC95EF17-6ACE-49DB-A9C9-DDD0BFDEC4A6}.Release|Mixed Platforms.Build.0 = Release|Any CPU
		{EC95EF17-6ACE-49DB-A9C9-DDD0BFDEC4A6}.Release|x86.ActiveCfg = Release|Any CPU
		{EC95EF17-6ACE-49DB-A9C9-DDD0BFDEC4A6}.TRIAL|Any CPU.ActiveCfg = Release|Any CPU
		{EC95EF17-6ACE-49DB-A9C9-DDD0BFDEC4A6}.TRIAL|Any CPU.Build.0 = Release|Any CPU
		{EC95EF17-6ACE-49DB-A9C9-DDD0BFDEC4A6}.TRIAL|Mixed Platforms.ActiveCfg = Release|Any CPU
		{EC95EF17-6ACE-49DB-A9C9-DDD0BFDEC4A6}.TRIAL|Mixed Platforms.Build.0 = Release|Any CPU
		{EC95EF17-6ACE-49DB-A9C9-DDD0BFDEC4A6}.TRIAL|x86.ActiveCfg = Release|Any CPU
		{A9F676E4-CE12-48FF-A384-733CA2200C75}.Debug|Any CPU.ActiveCfg = Debug|Any CPU
		{A9F676E4-CE12-48FF-A384-733CA2200C75}.Debug|Any CPU.Build.0 = Debug|Any CPU
		{A9F676E4-CE12-48FF-A384-733CA2200C75}.Debug|Mixed Platforms.ActiveCfg = Debug|Any CPU
		{A9F676E4-CE12-48FF-A384-733CA2200C75}.Debug|Mixed Platforms.Build.0 = Debug|Any CPU
		{A9F676E4-CE12-48FF-A384-733CA2200C75}.Debug|x86.ActiveCfg = Debug|Any CPU
		{A9F676E4-CE12-48FF-A384-733CA2200C75}.Licensed|Any CPU.ActiveCfg = Release|Any CPU
		{A9F676E4-CE12-48FF-A384-733CA2200C75}.Licensed|Any CPU.Build.0 = Release|Any CPU
		{A9F676E4-CE12-48FF-A384-733CA2200C75}.Licensed|Mixed Platforms.ActiveCfg = Release|Any CPU
		{A9F676E4-CE12-48FF-A384-733CA2200C75}.Licensed|Mixed Platforms.Build.0 = Release|Any CPU
		{A9F676E4-CE12-48FF-A384-733CA2200C75}.Licensed|x86.ActiveCfg = Release|Any CPU
		{A9F676E4-CE12-48FF-A384-733CA2200C75}.Mono TRIAL|Any CPU.ActiveCfg = Release|Any CPU
		{A9F676E4-CE12-48FF-A384-733CA2200C75}.Mono TRIAL|Any CPU.Build.0 = Release|Any CPU
		{A9F676E4-CE12-48FF-A384-733CA2200C75}.Mono TRIAL|Mixed Platforms.ActiveCfg = Release|Any CPU
		{A9F676E4-CE12-48FF-A384-733CA2200C75}.Mono TRIAL|Mixed Platforms.Build.0 = Release|Any CPU
		{A9F676E4-CE12-48FF-A384-733CA2200C75}.Mono TRIAL|x86.ActiveCfg = Release|Any CPU
		{A9F676E4-CE12-48FF-A384-733CA2200C75}.Mono|Any CPU.ActiveCfg = Release|Any CPU
		{A9F676E4-CE12-48FF-A384-733CA2200C75}.Mono|Any CPU.Build.0 = Release|Any CPU
		{A9F676E4-CE12-48FF-A384-733CA2200C75}.Mono|Mixed Platforms.ActiveCfg = Release|Any CPU
		{A9F676E4-CE12-48FF-A384-733CA2200C75}.Mono|Mixed Platforms.Build.0 = Release|Any CPU
		{A9F676E4-CE12-48FF-A384-733CA2200C75}.Mono|x86.ActiveCfg = Release|Any CPU
		{A9F676E4-CE12-48FF-A384-733CA2200C75}.Release|Any CPU.ActiveCfg = Release|Any CPU
		{A9F676E4-CE12-48FF-A384-733CA2200C75}.Release|Any CPU.Build.0 = Release|Any CPU
		{A9F676E4-CE12-48FF-A384-733CA2200C75}.Release|Mixed Platforms.ActiveCfg = Release|Any CPU
		{A9F676E4-CE12-48FF-A384-733CA2200C75}.Release|Mixed Platforms.Build.0 = Release|Any CPU
		{A9F676E4-CE12-48FF-A384-733CA2200C75}.Release|x86.ActiveCfg = Release|Any CPU
		{A9F676E4-CE12-48FF-A384-733CA2200C75}.TRIAL|Any CPU.ActiveCfg = Release|Any CPU
		{A9F676E4-CE12-48FF-A384-733CA2200C75}.TRIAL|Any CPU.Build.0 = Release|Any CPU
		{A9F676E4-CE12-48FF-A384-733CA2200C75}.TRIAL|Mixed Platforms.ActiveCfg = Release|Any CPU
		{A9F676E4-CE12-48FF-A384-733CA2200C75}.TRIAL|Mixed Platforms.Build.0 = Release|Any CPU
		{A9F676E4-CE12-48FF-A384-733CA2200C75}.TRIAL|x86.ActiveCfg = Release|Any CPU
		{1F665B98-ABE0-4650-9157-2E3DD557A71E}.Debug|Any CPU.ActiveCfg = Debug|Any CPU
		{1F665B98-ABE0-4650-9157-2E3DD557A71E}.Debug|Any CPU.Build.0 = Debug|Any CPU
		{1F665B98-ABE0-4650-9157-2E3DD557A71E}.Debug|Mixed Platforms.ActiveCfg = Debug|Any CPU
		{1F665B98-ABE0-4650-9157-2E3DD557A71E}.Debug|Mixed Platforms.Build.0 = Debug|Any CPU
		{1F665B98-ABE0-4650-9157-2E3DD557A71E}.Debug|x86.ActiveCfg = Debug|Any CPU
		{1F665B98-ABE0-4650-9157-2E3DD557A71E}.Licensed|Any CPU.ActiveCfg = Release|Any CPU
		{1F665B98-ABE0-4650-9157-2E3DD557A71E}.Licensed|Any CPU.Build.0 = Release|Any CPU
		{1F665B98-ABE0-4650-9157-2E3DD557A71E}.Licensed|Mixed Platforms.ActiveCfg = Release|Any CPU
		{1F665B98-ABE0-4650-9157-2E3DD557A71E}.Licensed|Mixed Platforms.Build.0 = Release|Any CPU
		{1F665B98-ABE0-4650-9157-2E3DD557A71E}.Licensed|x86.ActiveCfg = Release|Any CPU
		{1F665B98-ABE0-4650-9157-2E3DD557A71E}.Mono TRIAL|Any CPU.ActiveCfg = Release|Any CPU
		{1F665B98-ABE0-4650-9157-2E3DD557A71E}.Mono TRIAL|Any CPU.Build.0 = Release|Any CPU
		{1F665B98-ABE0-4650-9157-2E3DD557A71E}.Mono TRIAL|Mixed Platforms.ActiveCfg = Release|Any CPU
		{1F665B98-ABE0-4650-9157-2E3DD557A71E}.Mono TRIAL|Mixed Platforms.Build.0 = Release|Any CPU
		{1F665B98-ABE0-4650-9157-2E3DD557A71E}.Mono TRIAL|x86.ActiveCfg = Release|Any CPU
		{1F665B98-ABE0-4650-9157-2E3DD557A71E}.Mono|Any CPU.ActiveCfg = Release|Any CPU
		{1F665B98-ABE0-4650-9157-2E3DD557A71E}.Mono|Any CPU.Build.0 = Release|Any CPU
		{1F665B98-ABE0-4650-9157-2E3DD557A71E}.Mono|Mixed Platforms.ActiveCfg = Release|Any CPU
		{1F665B98-ABE0-4650-9157-2E3DD557A71E}.Mono|Mixed Platforms.Build.0 = Release|Any CPU
		{1F665B98-ABE0-4650-9157-2E3DD557A71E}.Mono|x86.ActiveCfg = Release|Any CPU
		{1F665B98-ABE0-4650-9157-2E3DD557A71E}.Release|Any CPU.ActiveCfg = Release|Any CPU
		{1F665B98-ABE0-4650-9157-2E3DD557A71E}.Release|Any CPU.Build.0 = Release|Any CPU
		{1F665B98-ABE0-4650-9157-2E3DD557A71E}.Release|Mixed Platforms.ActiveCfg = Release|Any CPU
		{1F665B98-ABE0-4650-9157-2E3DD557A71E}.Release|Mixed Platforms.Build.0 = Release|Any CPU
		{1F665B98-ABE0-4650-9157-2E3DD557A71E}.Release|x86.ActiveCfg = Release|Any CPU
		{1F665B98-ABE0-4650-9157-2E3DD557A71E}.TRIAL|Any CPU.ActiveCfg = Release|Any CPU
		{1F665B98-ABE0-4650-9157-2E3DD557A71E}.TRIAL|Any CPU.Build.0 = Release|Any CPU
		{1F665B98-ABE0-4650-9157-2E3DD557A71E}.TRIAL|Mixed Platforms.ActiveCfg = Release|Any CPU
		{1F665B98-ABE0-4650-9157-2E3DD557A71E}.TRIAL|Mixed Platforms.Build.0 = Release|Any CPU
		{1F665B98-ABE0-4650-9157-2E3DD557A71E}.TRIAL|x86.ActiveCfg = Release|Any CPU
		{E77D7A52-0651-4988-89DB-40D8C2E9F992}.Debug|Any CPU.ActiveCfg = Debug|Any CPU
		{E77D7A52-0651-4988-89DB-40D8C2E9F992}.Debug|Any CPU.Build.0 = Debug|Any CPU
		{E77D7A52-0651-4988-89DB-40D8C2E9F992}.Debug|Mixed Platforms.ActiveCfg = Debug|Any CPU
		{E77D7A52-0651-4988-89DB-40D8C2E9F992}.Debug|Mixed Platforms.Build.0 = Debug|Any CPU
		{E77D7A52-0651-4988-89DB-40D8C2E9F992}.Debug|x86.ActiveCfg = Debug|Any CPU
		{E77D7A52-0651-4988-89DB-40D8C2E9F992}.Licensed|Any CPU.ActiveCfg = Release|Any CPU
		{E77D7A52-0651-4988-89DB-40D8C2E9F992}.Licensed|Any CPU.Build.0 = Release|Any CPU
		{E77D7A52-0651-4988-89DB-40D8C2E9F992}.Licensed|Mixed Platforms.ActiveCfg = Release|Any CPU
		{E77D7A52-0651-4988-89DB-40D8C2E9F992}.Licensed|Mixed Platforms.Build.0 = Release|Any CPU
		{E77D7A52-0651-4988-89DB-40D8C2E9F992}.Licensed|x86.ActiveCfg = Release|Any CPU
		{E77D7A52-0651-4988-89DB-40D8C2E9F992}.Mono TRIAL|Any CPU.ActiveCfg = Release|Any CPU
		{E77D7A52-0651-4988-89DB-40D8C2E9F992}.Mono TRIAL|Any CPU.Build.0 = Release|Any CPU
		{E77D7A52-0651-4988-89DB-40D8C2E9F992}.Mono TRIAL|Mixed Platforms.ActiveCfg = Release|Any CPU
		{E77D7A52-0651-4988-89DB-40D8C2E9F992}.Mono TRIAL|Mixed Platforms.Build.0 = Release|Any CPU
		{E77D7A52-0651-4988-89DB-40D8C2E9F992}.Mono TRIAL|x86.ActiveCfg = Release|Any CPU
		{E77D7A52-0651-4988-89DB-40D8C2E9F992}.Mono|Any CPU.ActiveCfg = Release|Any CPU
		{E77D7A52-0651-4988-89DB-40D8C2E9F992}.Mono|Any CPU.Build.0 = Release|Any CPU
		{E77D7A52-0651-4988-89DB-40D8C2E9F992}.Mono|Mixed Platforms.ActiveCfg = Release|Any CPU
		{E77D7A52-0651-4988-89DB-40D8C2E9F992}.Mono|Mixed Platforms.Build.0 = Release|Any CPU
		{E77D7A52-0651-4988-89DB-40D8C2E9F992}.Mono|x86.ActiveCfg = Release|Any CPU
		{E77D7A52-0651-4988-89DB-40D8C2E9F992}.Release|Any CPU.ActiveCfg = Release|Any CPU
		{E77D7A52-0651-4988-89DB-40D8C2E9F992}.Release|Any CPU.Build.0 = Release|Any CPU
		{E77D7A52-0651-4988-89DB-40D8C2E9F992}.Release|Mixed Platforms.ActiveCfg = Release|Any CPU
		{E77D7A52-0651-4988-89DB-40D8C2E9F992}.Release|Mixed Platforms.Build.0 = Release|Any CPU
		{E77D7A52-0651-4988-89DB-40D8C2E9F992}.Release|x86.ActiveCfg = Release|Any CPU
		{E77D7A52-0651-4988-89DB-40D8C2E9F992}.TRIAL|Any CPU.ActiveCfg = Release|Any CPU
		{E77D7A52-0651-4988-89DB-40D8C2E9F992}.TRIAL|Any CPU.Build.0 = Release|Any CPU
		{E77D7A52-0651-4988-89DB-40D8C2E9F992}.TRIAL|Mixed Platforms.ActiveCfg = Release|Any CPU
		{E77D7A52-0651-4988-89DB-40D8C2E9F992}.TRIAL|Mixed Platforms.Build.0 = Release|Any CPU
		{E77D7A52-0651-4988-89DB-40D8C2E9F992}.TRIAL|x86.ActiveCfg = Release|Any CPU
		{59088FC9-B0D8-4FB2-97DA-5EC2CA9F75E4}.Debug|Any CPU.ActiveCfg = Debug|Any CPU
		{59088FC9-B0D8-4FB2-97DA-5EC2CA9F75E4}.Debug|Any CPU.Build.0 = Debug|Any CPU
		{59088FC9-B0D8-4FB2-97DA-5EC2CA9F75E4}.Debug|Mixed Platforms.ActiveCfg = Debug|Any CPU
		{59088FC9-B0D8-4FB2-97DA-5EC2CA9F75E4}.Debug|Mixed Platforms.Build.0 = Debug|Any CPU
		{59088FC9-B0D8-4FB2-97DA-5EC2CA9F75E4}.Debug|x86.ActiveCfg = Debug|Any CPU
		{59088FC9-B0D8-4FB2-97DA-5EC2CA9F75E4}.Licensed|Any CPU.ActiveCfg = Release|Any CPU
		{59088FC9-B0D8-4FB2-97DA-5EC2CA9F75E4}.Licensed|Any CPU.Build.0 = Release|Any CPU
		{59088FC9-B0D8-4FB2-97DA-5EC2CA9F75E4}.Licensed|Mixed Platforms.ActiveCfg = Release|Any CPU
		{59088FC9-B0D8-4FB2-97DA-5EC2CA9F75E4}.Licensed|Mixed Platforms.Build.0 = Release|Any CPU
		{59088FC9-B0D8-4FB2-97DA-5EC2CA9F75E4}.Licensed|x86.ActiveCfg = Release|Any CPU
		{59088FC9-B0D8-4FB2-97DA-5EC2CA9F75E4}.Mono TRIAL|Any CPU.ActiveCfg = Release|Any CPU
		{59088FC9-B0D8-4FB2-97DA-5EC2CA9F75E4}.Mono TRIAL|Any CPU.Build.0 = Release|Any CPU
		{59088FC9-B0D8-4FB2-97DA-5EC2CA9F75E4}.Mono TRIAL|Mixed Platforms.ActiveCfg = Release|Any CPU
		{59088FC9-B0D8-4FB2-97DA-5EC2CA9F75E4}.Mono TRIAL|Mixed Platforms.Build.0 = Release|Any CPU
		{59088FC9-B0D8-4FB2-97DA-5EC2CA9F75E4}.Mono TRIAL|x86.ActiveCfg = Release|Any CPU
		{59088FC9-B0D8-4FB2-97DA-5EC2CA9F75E4}.Mono|Any CPU.ActiveCfg = Release|Any CPU
		{59088FC9-B0D8-4FB2-97DA-5EC2CA9F75E4}.Mono|Any CPU.Build.0 = Release|Any CPU
		{59088FC9-B0D8-4FB2-97DA-5EC2CA9F75E4}.Mono|Mixed Platforms.ActiveCfg = Release|Any CPU
		{59088FC9-B0D8-4FB2-97DA-5EC2CA9F75E4}.Mono|Mixed Platforms.Build.0 = Release|Any CPU
		{59088FC9-B0D8-4FB2-97DA-5EC2CA9F75E4}.Mono|x86.ActiveCfg = Release|Any CPU
		{59088FC9-B0D8-4FB2-97DA-5EC2CA9F75E4}.Release|Any CPU.ActiveCfg = Release|Any CPU
		{59088FC9-B0D8-4FB2-97DA-5EC2CA9F75E4}.Release|Any CPU.Build.0 = Release|Any CPU
		{59088FC9-B0D8-4FB2-97DA-5EC2CA9F75E4}.Release|Mixed Platforms.ActiveCfg = Release|Any CPU
		{59088FC9-B0D8-4FB2-97DA-5EC2CA9F75E4}.Release|Mixed Platforms.Build.0 = Release|Any CPU
		{59088FC9-B0D8-4FB2-97DA-5EC2CA9F75E4}.Release|x86.ActiveCfg = Release|Any CPU
		{59088FC9-B0D8-4FB2-97DA-5EC2CA9F75E4}.TRIAL|Any CPU.ActiveCfg = Release|Any CPU
		{59088FC9-B0D8-4FB2-97DA-5EC2CA9F75E4}.TRIAL|Any CPU.Build.0 = Release|Any CPU
		{59088FC9-B0D8-4FB2-97DA-5EC2CA9F75E4}.TRIAL|Mixed Platforms.ActiveCfg = Release|Any CPU
		{59088FC9-B0D8-4FB2-97DA-5EC2CA9F75E4}.TRIAL|Mixed Platforms.Build.0 = Release|Any CPU
		{59088FC9-B0D8-4FB2-97DA-5EC2CA9F75E4}.TRIAL|x86.ActiveCfg = Release|Any CPU
		{9FA99EA4-A640-4463-B3F1-A77CD0616776}.Debug|Any CPU.ActiveCfg = Debug|Any CPU
		{9FA99EA4-A640-4463-B3F1-A77CD0616776}.Debug|Any CPU.Build.0 = Debug|Any CPU
		{9FA99EA4-A640-4463-B3F1-A77CD0616776}.Debug|Mixed Platforms.ActiveCfg = Debug|Any CPU
		{9FA99EA4-A640-4463-B3F1-A77CD0616776}.Debug|Mixed Platforms.Build.0 = Debug|Any CPU
		{9FA99EA4-A640-4463-B3F1-A77CD0616776}.Debug|x86.ActiveCfg = Debug|Any CPU
		{9FA99EA4-A640-4463-B3F1-A77CD0616776}.Licensed|Any CPU.ActiveCfg = Release|Any CPU
		{9FA99EA4-A640-4463-B3F1-A77CD0616776}.Licensed|Any CPU.Build.0 = Release|Any CPU
		{9FA99EA4-A640-4463-B3F1-A77CD0616776}.Licensed|Mixed Platforms.ActiveCfg = Release|Any CPU
		{9FA99EA4-A640-4463-B3F1-A77CD0616776}.Licensed|Mixed Platforms.Build.0 = Release|Any CPU
		{9FA99EA4-A640-4463-B3F1-A77CD0616776}.Licensed|x86.ActiveCfg = Release|Any CPU
		{9FA99EA4-A640-4463-B3F1-A77CD0616776}.Mono TRIAL|Any CPU.ActiveCfg = Release|Any CPU
		{9FA99EA4-A640-4463-B3F1-A77CD0616776}.Mono TRIAL|Any CPU.Build.0 = Release|Any CPU
		{9FA99EA4-A640-4463-B3F1-A77CD0616776}.Mono TRIAL|Mixed Platforms.ActiveCfg = Release|Any CPU
		{9FA99EA4-A640-4463-B3F1-A77CD0616776}.Mono TRIAL|Mixed Platforms.Build.0 = Release|Any CPU
		{9FA99EA4-A640-4463-B3F1-A77CD0616776}.Mono TRIAL|x86.ActiveCfg = Release|Any CPU
		{9FA99EA4-A640-4463-B3F1-A77CD0616776}.Mono|Any CPU.ActiveCfg = Release|Any CPU
		{9FA99EA4-A640-4463-B3F1-A77CD0616776}.Mono|Any CPU.Build.0 = Release|Any CPU
		{9FA99EA4-A640-4463-B3F1-A77CD0616776}.Mono|Mixed Platforms.ActiveCfg = Release|Any CPU
		{9FA99EA4-A640-4463-B3F1-A77CD0616776}.Mono|Mixed Platforms.Build.0 = Release|Any CPU
		{9FA99EA4-A640-4463-B3F1-A77CD0616776}.Mono|x86.ActiveCfg = Release|Any CPU
		{9FA99EA4-A640-4463-B3F1-A77CD0616776}.Release|Any CPU.ActiveCfg = Release|Any CPU
		{9FA99EA4-A640-4463-B3F1-A77CD0616776}.Release|Any CPU.Build.0 = Release|Any CPU
		{9FA99EA4-A640-4463-B3F1-A77CD0616776}.Release|Mixed Platforms.ActiveCfg = Release|Any CPU
		{9FA99EA4-A640-4463-B3F1-A77CD0616776}.Release|Mixed Platforms.Build.0 = Release|Any CPU
		{9FA99EA4-A640-4463-B3F1-A77CD0616776}.Release|x86.ActiveCfg = Release|Any CPU
		{9FA99EA4-A640-4463-B3F1-A77CD0616776}.TRIAL|Any CPU.ActiveCfg = Release|Any CPU
		{9FA99EA4-A640-4463-B3F1-A77CD0616776}.TRIAL|Any CPU.Build.0 = Release|Any CPU
		{9FA99EA4-A640-4463-B3F1-A77CD0616776}.TRIAL|Mixed Platforms.ActiveCfg = Release|Any CPU
		{9FA99EA4-A640-4463-B3F1-A77CD0616776}.TRIAL|Mixed Platforms.Build.0 = Release|Any CPU
		{9FA99EA4-A640-4463-B3F1-A77CD0616776}.TRIAL|x86.ActiveCfg = Release|Any CPU
		{8C00E519-7207-4380-84D6-32CD79371A6F}.Debug|Any CPU.ActiveCfg = Debug|Any CPU
		{8C00E519-7207-4380-84D6-32CD79371A6F}.Debug|Any CPU.Build.0 = Debug|Any CPU
		{8C00E519-7207-4380-84D6-32CD79371A6F}.Debug|Mixed Platforms.ActiveCfg = Debug|Any CPU
		{8C00E519-7207-4380-84D6-32CD79371A6F}.Debug|Mixed Platforms.Build.0 = Debug|Any CPU
		{8C00E519-7207-4380-84D6-32CD79371A6F}.Debug|x86.ActiveCfg = Debug|Any CPU
		{8C00E519-7207-4380-84D6-32CD79371A6F}.Licensed|Any CPU.ActiveCfg = Release|Any CPU
		{8C00E519-7207-4380-84D6-32CD79371A6F}.Licensed|Any CPU.Build.0 = Release|Any CPU
		{8C00E519-7207-4380-84D6-32CD79371A6F}.Licensed|Mixed Platforms.ActiveCfg = Release|Any CPU
		{8C00E519-7207-4380-84D6-32CD79371A6F}.Licensed|Mixed Platforms.Build.0 = Release|Any CPU
		{8C00E519-7207-4380-84D6-32CD79371A6F}.Licensed|x86.ActiveCfg = Release|Any CPU
		{8C00E519-7207-4380-84D6-32CD79371A6F}.Mono TRIAL|Any CPU.ActiveCfg = Release|Any CPU
		{8C00E519-7207-4380-84D6-32CD79371A6F}.Mono TRIAL|Any CPU.Build.0 = Release|Any CPU
		{8C00E519-7207-4380-84D6-32CD79371A6F}.Mono TRIAL|Mixed Platforms.ActiveCfg = Release|Any CPU
		{8C00E519-7207-4380-84D6-32CD79371A6F}.Mono TRIAL|Mixed Platforms.Build.0 = Release|Any CPU
		{8C00E519-7207-4380-84D6-32CD79371A6F}.Mono TRIAL|x86.ActiveCfg = Release|Any CPU
		{8C00E519-7207-4380-84D6-32CD79371A6F}.Mono|Any CPU.ActiveCfg = Release|Any CPU
		{8C00E519-7207-4380-84D6-32CD79371A6F}.Mono|Any CPU.Build.0 = Release|Any CPU
		{8C00E519-7207-4380-84D6-32CD79371A6F}.Mono|Mixed Platforms.ActiveCfg = Release|Any CPU
		{8C00E519-7207-4380-84D6-32CD79371A6F}.Mono|Mixed Platforms.Build.0 = Release|Any CPU
		{8C00E519-7207-4380-84D6-32CD79371A6F}.Mono|x86.ActiveCfg = Release|Any CPU
		{8C00E519-7207-4380-84D6-32CD79371A6F}.Release|Any CPU.ActiveCfg = Release|Any CPU
		{8C00E519-7207-4380-84D6-32CD79371A6F}.Release|Any CPU.Build.0 = Release|Any CPU
		{8C00E519-7207-4380-84D6-32CD79371A6F}.Release|Mixed Platforms.ActiveCfg = Release|Any CPU
		{8C00E519-7207-4380-84D6-32CD79371A6F}.Release|Mixed Platforms.Build.0 = Release|Any CPU
		{8C00E519-7207-4380-84D6-32CD79371A6F}.Release|x86.ActiveCfg = Release|Any CPU
		{8C00E519-7207-4380-84D6-32CD79371A6F}.TRIAL|Any CPU.ActiveCfg = Release|Any CPU
		{8C00E519-7207-4380-84D6-32CD79371A6F}.TRIAL|Any CPU.Build.0 = Release|Any CPU
		{8C00E519-7207-4380-84D6-32CD79371A6F}.TRIAL|Mixed Platforms.ActiveCfg = Release|Any CPU
		{8C00E519-7207-4380-84D6-32CD79371A6F}.TRIAL|Mixed Platforms.Build.0 = Release|Any CPU
		{8C00E519-7207-4380-84D6-32CD79371A6F}.TRIAL|x86.ActiveCfg = Release|Any CPU
		{822BCD32-2983-4AAB-9B91-33065448E011}.Debug|Any CPU.ActiveCfg = Debug|x86
		{822BCD32-2983-4AAB-9B91-33065448E011}.Debug|Mixed Platforms.ActiveCfg = Debug|x86
		{822BCD32-2983-4AAB-9B91-33065448E011}.Debug|Mixed Platforms.Build.0 = Debug|x86
		{822BCD32-2983-4AAB-9B91-33065448E011}.Debug|x86.ActiveCfg = Debug|x86
		{822BCD32-2983-4AAB-9B91-33065448E011}.Debug|x86.Build.0 = Debug|x86
		{822BCD32-2983-4AAB-9B91-33065448E011}.Licensed|Any CPU.ActiveCfg = Release|x86
		{822BCD32-2983-4AAB-9B91-33065448E011}.Licensed|Mixed Platforms.ActiveCfg = Release|x86
		{822BCD32-2983-4AAB-9B91-33065448E011}.Licensed|Mixed Platforms.Build.0 = Release|x86
		{822BCD32-2983-4AAB-9B91-33065448E011}.Licensed|x86.ActiveCfg = Release|x86
		{822BCD32-2983-4AAB-9B91-33065448E011}.Licensed|x86.Build.0 = Release|x86
		{822BCD32-2983-4AAB-9B91-33065448E011}.Mono TRIAL|Any CPU.ActiveCfg = Release|x86
		{822BCD32-2983-4AAB-9B91-33065448E011}.Mono TRIAL|Mixed Platforms.ActiveCfg = Release|x86
		{822BCD32-2983-4AAB-9B91-33065448E011}.Mono TRIAL|Mixed Platforms.Build.0 = Release|x86
		{822BCD32-2983-4AAB-9B91-33065448E011}.Mono TRIAL|x86.ActiveCfg = Release|x86
		{822BCD32-2983-4AAB-9B91-33065448E011}.Mono TRIAL|x86.Build.0 = Release|x86
		{822BCD32-2983-4AAB-9B91-33065448E011}.Mono|Any CPU.ActiveCfg = Release|x86
		{822BCD32-2983-4AAB-9B91-33065448E011}.Mono|Mixed Platforms.ActiveCfg = Release|x86
		{822BCD32-2983-4AAB-9B91-33065448E011}.Mono|Mixed Platforms.Build.0 = Release|x86
		{822BCD32-2983-4AAB-9B91-33065448E011}.Mono|x86.ActiveCfg = Release|x86
		{822BCD32-2983-4AAB-9B91-33065448E011}.Mono|x86.Build.0 = Release|x86
		{822BCD32-2983-4AAB-9B91-33065448E011}.Release|Any CPU.ActiveCfg = Release|x86
		{822BCD32-2983-4AAB-9B91-33065448E011}.Release|Mixed Platforms.ActiveCfg = Release|x86
		{822BCD32-2983-4AAB-9B91-33065448E011}.Release|Mixed Platforms.Build.0 = Release|x86
		{822BCD32-2983-4AAB-9B91-33065448E011}.Release|x86.ActiveCfg = Release|x86
		{822BCD32-2983-4AAB-9B91-33065448E011}.Release|x86.Build.0 = Release|x86
		{822BCD32-2983-4AAB-9B91-33065448E011}.TRIAL|Any CPU.ActiveCfg = Release|x86
		{822BCD32-2983-4AAB-9B91-33065448E011}.TRIAL|Mixed Platforms.ActiveCfg = Release|x86
		{822BCD32-2983-4AAB-9B91-33065448E011}.TRIAL|Mixed Platforms.Build.0 = Release|x86
		{822BCD32-2983-4AAB-9B91-33065448E011}.TRIAL|x86.ActiveCfg = Release|x86
		{822BCD32-2983-4AAB-9B91-33065448E011}.TRIAL|x86.Build.0 = Release|x86
		{0893B8DE-69DD-43A3-A92D-F9230627B5C9}.Debug|Any CPU.ActiveCfg = Debug|Any CPU
		{0893B8DE-69DD-43A3-A92D-F9230627B5C9}.Debug|Any CPU.Build.0 = Debug|Any CPU
		{0893B8DE-69DD-43A3-A92D-F9230627B5C9}.Debug|Mixed Platforms.ActiveCfg = Debug|Any CPU
		{0893B8DE-69DD-43A3-A92D-F9230627B5C9}.Debug|Mixed Platforms.Build.0 = Debug|Any CPU
		{0893B8DE-69DD-43A3-A92D-F9230627B5C9}.Debug|x86.ActiveCfg = Debug|Any CPU
		{0893B8DE-69DD-43A3-A92D-F9230627B5C9}.Licensed|Any CPU.ActiveCfg = Release|Any CPU
		{0893B8DE-69DD-43A3-A92D-F9230627B5C9}.Licensed|Any CPU.Build.0 = Release|Any CPU
		{0893B8DE-69DD-43A3-A92D-F9230627B5C9}.Licensed|Mixed Platforms.ActiveCfg = Release|Any CPU
		{0893B8DE-69DD-43A3-A92D-F9230627B5C9}.Licensed|Mixed Platforms.Build.0 = Release|Any CPU
		{0893B8DE-69DD-43A3-A92D-F9230627B5C9}.Licensed|x86.ActiveCfg = Release|Any CPU
		{0893B8DE-69DD-43A3-A92D-F9230627B5C9}.Mono TRIAL|Any CPU.ActiveCfg = Release|Any CPU
		{0893B8DE-69DD-43A3-A92D-F9230627B5C9}.Mono TRIAL|Any CPU.Build.0 = Release|Any CPU
		{0893B8DE-69DD-43A3-A92D-F9230627B5C9}.Mono TRIAL|Mixed Platforms.ActiveCfg = Release|Any CPU
		{0893B8DE-69DD-43A3-A92D-F9230627B5C9}.Mono TRIAL|Mixed Platforms.Build.0 = Release|Any CPU
		{0893B8DE-69DD-43A3-A92D-F9230627B5C9}.Mono TRIAL|x86.ActiveCfg = Release|Any CPU
		{0893B8DE-69DD-43A3-A92D-F9230627B5C9}.Mono|Any CPU.ActiveCfg = Release|Any CPU
		{0893B8DE-69DD-43A3-A92D-F9230627B5C9}.Mono|Any CPU.Build.0 = Release|Any CPU
		{0893B8DE-69DD-43A3-A92D-F9230627B5C9}.Mono|Mixed Platforms.ActiveCfg = Release|Any CPU
		{0893B8DE-69DD-43A3-A92D-F9230627B5C9}.Mono|Mixed Platforms.Build.0 = Release|Any CPU
		{0893B8DE-69DD-43A3-A92D-F9230627B5C9}.Mono|x86.ActiveCfg = Release|Any CPU
		{0893B8DE-69DD-43A3-A92D-F9230627B5C9}.Release|Any CPU.ActiveCfg = Release|Any CPU
		{0893B8DE-69DD-43A3-A92D-F9230627B5C9}.Release|Any CPU.Build.0 = Release|Any CPU
		{0893B8DE-69DD-43A3-A92D-F9230627B5C9}.Release|Mixed Platforms.ActiveCfg = Release|Any CPU
		{0893B8DE-69DD-43A3-A92D-F9230627B5C9}.Release|Mixed Platforms.Build.0 = Release|Any CPU
		{0893B8DE-69DD-43A3-A92D-F9230627B5C9}.Release|x86.ActiveCfg = Release|Any CPU
		{0893B8DE-69DD-43A3-A92D-F9230627B5C9}.TRIAL|Any CPU.ActiveCfg = Release|Any CPU
		{0893B8DE-69DD-43A3-A92D-F9230627B5C9}.TRIAL|Any CPU.Build.0 = Release|Any CPU
		{0893B8DE-69DD-43A3-A92D-F9230627B5C9}.TRIAL|Mixed Platforms.ActiveCfg = Release|Any CPU
		{0893B8DE-69DD-43A3-A92D-F9230627B5C9}.TRIAL|Mixed Platforms.Build.0 = Release|Any CPU
		{0893B8DE-69DD-43A3-A92D-F9230627B5C9}.TRIAL|x86.ActiveCfg = Release|Any CPU
		{5561CD72-536A-4F6F-B7CE-F50E5D9F0C90}.Debug|Any CPU.ActiveCfg = Debug|Any CPU
		{5561CD72-536A-4F6F-B7CE-F50E5D9F0C90}.Debug|Any CPU.Build.0 = Debug|Any CPU
		{5561CD72-536A-4F6F-B7CE-F50E5D9F0C90}.Debug|Mixed Platforms.ActiveCfg = Debug|Any CPU
		{5561CD72-536A-4F6F-B7CE-F50E5D9F0C90}.Debug|Mixed Platforms.Build.0 = Debug|Any CPU
		{5561CD72-536A-4F6F-B7CE-F50E5D9F0C90}.Debug|x86.ActiveCfg = Debug|Any CPU
		{5561CD72-536A-4F6F-B7CE-F50E5D9F0C90}.Licensed|Any CPU.ActiveCfg = Release|Any CPU
		{5561CD72-536A-4F6F-B7CE-F50E5D9F0C90}.Licensed|Any CPU.Build.0 = Release|Any CPU
		{5561CD72-536A-4F6F-B7CE-F50E5D9F0C90}.Licensed|Mixed Platforms.ActiveCfg = Release|Any CPU
		{5561CD72-536A-4F6F-B7CE-F50E5D9F0C90}.Licensed|Mixed Platforms.Build.0 = Release|Any CPU
		{5561CD72-536A-4F6F-B7CE-F50E5D9F0C90}.Licensed|x86.ActiveCfg = Release|Any CPU
		{5561CD72-536A-4F6F-B7CE-F50E5D9F0C90}.Mono TRIAL|Any CPU.ActiveCfg = Release|Any CPU
		{5561CD72-536A-4F6F-B7CE-F50E5D9F0C90}.Mono TRIAL|Any CPU.Build.0 = Release|Any CPU
		{5561CD72-536A-4F6F-B7CE-F50E5D9F0C90}.Mono TRIAL|Mixed Platforms.ActiveCfg = Release|Any CPU
		{5561CD72-536A-4F6F-B7CE-F50E5D9F0C90}.Mono TRIAL|Mixed Platforms.Build.0 = Release|Any CPU
		{5561CD72-536A-4F6F-B7CE-F50E5D9F0C90}.Mono TRIAL|x86.ActiveCfg = Release|Any CPU
		{5561CD72-536A-4F6F-B7CE-F50E5D9F0C90}.Mono|Any CPU.ActiveCfg = Release|Any CPU
		{5561CD72-536A-4F6F-B7CE-F50E5D9F0C90}.Mono|Any CPU.Build.0 = Release|Any CPU
		{5561CD72-536A-4F6F-B7CE-F50E5D9F0C90}.Mono|Mixed Platforms.ActiveCfg = Release|Any CPU
		{5561CD72-536A-4F6F-B7CE-F50E5D9F0C90}.Mono|Mixed Platforms.Build.0 = Release|Any CPU
		{5561CD72-536A-4F6F-B7CE-F50E5D9F0C90}.Mono|x86.ActiveCfg = Release|Any CPU
		{5561CD72-536A-4F6F-B7CE-F50E5D9F0C90}.Release|Any CPU.ActiveCfg = Release|Any CPU
		{5561CD72-536A-4F6F-B7CE-F50E5D9F0C90}.Release|Any CPU.Build.0 = Release|Any CPU
		{5561CD72-536A-4F6F-B7CE-F50E5D9F0C90}.Release|Mixed Platforms.ActiveCfg = Release|Any CPU
		{5561CD72-536A-4F6F-B7CE-F50E5D9F0C90}.Release|Mixed Platforms.Build.0 = Release|Any CPU
		{5561CD72-536A-4F6F-B7CE-F50E5D9F0C90}.Release|x86.ActiveCfg = Release|Any CPU
		{5561CD72-536A-4F6F-B7CE-F50E5D9F0C90}.TRIAL|Any CPU.ActiveCfg = Release|Any CPU
		{5561CD72-536A-4F6F-B7CE-F50E5D9F0C90}.TRIAL|Any CPU.Build.0 = Release|Any CPU
		{5561CD72-536A-4F6F-B7CE-F50E5D9F0C90}.TRIAL|Mixed Platforms.ActiveCfg = Release|Any CPU
		{5561CD72-536A-4F6F-B7CE-F50E5D9F0C90}.TRIAL|Mixed Platforms.Build.0 = Release|Any CPU
		{5561CD72-536A-4F6F-B7CE-F50E5D9F0C90}.TRIAL|x86.ActiveCfg = Release|Any CPU
		{79743D89-385D-4616-BDC5-6B289A2A757E}.Debug|Any CPU.ActiveCfg = Debug|Any CPU
		{79743D89-385D-4616-BDC5-6B289A2A757E}.Debug|Any CPU.Build.0 = Debug|Any CPU
		{79743D89-385D-4616-BDC5-6B289A2A757E}.Debug|Mixed Platforms.ActiveCfg = Debug|Any CPU
		{79743D89-385D-4616-BDC5-6B289A2A757E}.Debug|Mixed Platforms.Build.0 = Debug|Any CPU
		{79743D89-385D-4616-BDC5-6B289A2A757E}.Debug|x86.ActiveCfg = Debug|Any CPU
		{79743D89-385D-4616-BDC5-6B289A2A757E}.Licensed|Any CPU.ActiveCfg = Release|Any CPU
		{79743D89-385D-4616-BDC5-6B289A2A757E}.Licensed|Any CPU.Build.0 = Release|Any CPU
		{79743D89-385D-4616-BDC5-6B289A2A757E}.Licensed|Mixed Platforms.ActiveCfg = Release|Any CPU
		{79743D89-385D-4616-BDC5-6B289A2A757E}.Licensed|Mixed Platforms.Build.0 = Release|Any CPU
		{79743D89-385D-4616-BDC5-6B289A2A757E}.Licensed|x86.ActiveCfg = Release|Any CPU
		{79743D89-385D-4616-BDC5-6B289A2A757E}.Mono TRIAL|Any CPU.ActiveCfg = Release|Any CPU
		{79743D89-385D-4616-BDC5-6B289A2A757E}.Mono TRIAL|Any CPU.Build.0 = Release|Any CPU
		{79743D89-385D-4616-BDC5-6B289A2A757E}.Mono TRIAL|Mixed Platforms.ActiveCfg = Release|Any CPU
		{79743D89-385D-4616-BDC5-6B289A2A757E}.Mono TRIAL|Mixed Platforms.Build.0 = Release|Any CPU
		{79743D89-385D-4616-BDC5-6B289A2A757E}.Mono TRIAL|x86.ActiveCfg = Release|Any CPU
		{79743D89-385D-4616-BDC5-6B289A2A757E}.Mono|Any CPU.ActiveCfg = Release|Any CPU
		{79743D89-385D-4616-BDC5-6B289A2A757E}.Mono|Any CPU.Build.0 = Release|Any CPU
		{79743D89-385D-4616-BDC5-6B289A2A757E}.Mono|Mixed Platforms.ActiveCfg = Release|Any CPU
		{79743D89-385D-4616-BDC5-6B289A2A757E}.Mono|Mixed Platforms.Build.0 = Release|Any CPU
		{79743D89-385D-4616-BDC5-6B289A2A757E}.Mono|x86.ActiveCfg = Release|Any CPU
		{79743D89-385D-4616-BDC5-6B289A2A757E}.Release|Any CPU.ActiveCfg = Release|Any CPU
		{79743D89-385D-4616-BDC5-6B289A2A757E}.Release|Any CPU.Build.0 = Release|Any CPU
		{79743D89-385D-4616-BDC5-6B289A2A757E}.Release|Mixed Platforms.ActiveCfg = Release|Any CPU
		{79743D89-385D-4616-BDC5-6B289A2A757E}.Release|Mixed Platforms.Build.0 = Release|Any CPU
		{79743D89-385D-4616-BDC5-6B289A2A757E}.Release|x86.ActiveCfg = Release|Any CPU
		{79743D89-385D-4616-BDC5-6B289A2A757E}.TRIAL|Any CPU.ActiveCfg = Release|Any CPU
		{79743D89-385D-4616-BDC5-6B289A2A757E}.TRIAL|Any CPU.Build.0 = Release|Any CPU
		{79743D89-385D-4616-BDC5-6B289A2A757E}.TRIAL|Mixed Platforms.ActiveCfg = Release|Any CPU
		{79743D89-385D-4616-BDC5-6B289A2A757E}.TRIAL|Mixed Platforms.Build.0 = Release|Any CPU
		{79743D89-385D-4616-BDC5-6B289A2A757E}.TRIAL|x86.ActiveCfg = Release|Any CPU
		{5E92788A-F3B0-42E1-9D36-C1841312D04C}.Debug|Any CPU.ActiveCfg = Debug|Any CPU
		{5E92788A-F3B0-42E1-9D36-C1841312D04C}.Debug|Any CPU.Build.0 = Debug|Any CPU
		{5E92788A-F3B0-42E1-9D36-C1841312D04C}.Debug|Mixed Platforms.ActiveCfg = Debug|Any CPU
		{5E92788A-F3B0-42E1-9D36-C1841312D04C}.Debug|Mixed Platforms.Build.0 = Debug|Any CPU
		{5E92788A-F3B0-42E1-9D36-C1841312D04C}.Debug|x86.ActiveCfg = Debug|Any CPU
		{5E92788A-F3B0-42E1-9D36-C1841312D04C}.Licensed|Any CPU.ActiveCfg = Release|Any CPU
		{5E92788A-F3B0-42E1-9D36-C1841312D04C}.Licensed|Any CPU.Build.0 = Release|Any CPU
		{5E92788A-F3B0-42E1-9D36-C1841312D04C}.Licensed|Mixed Platforms.ActiveCfg = Release|Any CPU
		{5E92788A-F3B0-42E1-9D36-C1841312D04C}.Licensed|Mixed Platforms.Build.0 = Release|Any CPU
		{5E92788A-F3B0-42E1-9D36-C1841312D04C}.Licensed|x86.ActiveCfg = Release|Any CPU
		{5E92788A-F3B0-42E1-9D36-C1841312D04C}.Mono TRIAL|Any CPU.ActiveCfg = Release|Any CPU
		{5E92788A-F3B0-42E1-9D36-C1841312D04C}.Mono TRIAL|Any CPU.Build.0 = Release|Any CPU
		{5E92788A-F3B0-42E1-9D36-C1841312D04C}.Mono TRIAL|Mixed Platforms.ActiveCfg = Release|Any CPU
		{5E92788A-F3B0-42E1-9D36-C1841312D04C}.Mono TRIAL|Mixed Platforms.Build.0 = Release|Any CPU
		{5E92788A-F3B0-42E1-9D36-C1841312D04C}.Mono TRIAL|x86.ActiveCfg = Release|Any CPU
		{5E92788A-F3B0-42E1-9D36-C1841312D04C}.Mono|Any CPU.ActiveCfg = Release|Any CPU
		{5E92788A-F3B0-42E1-9D36-C1841312D04C}.Mono|Any CPU.Build.0 = Release|Any CPU
		{5E92788A-F3B0-42E1-9D36-C1841312D04C}.Mono|Mixed Platforms.ActiveCfg = Release|Any CPU
		{5E92788A-F3B0-42E1-9D36-C1841312D04C}.Mono|Mixed Platforms.Build.0 = Release|Any CPU
		{5E92788A-F3B0-42E1-9D36-C1841312D04C}.Mono|x86.ActiveCfg = Release|Any CPU
		{5E92788A-F3B0-42E1-9D36-C1841312D04C}.Release|Any CPU.ActiveCfg = Release|Any CPU
		{5E92788A-F3B0-42E1-9D36-C1841312D04C}.Release|Any CPU.Build.0 = Release|Any CPU
		{5E92788A-F3B0-42E1-9D36-C1841312D04C}.Release|Mixed Platforms.ActiveCfg = Release|Any CPU
		{5E92788A-F3B0-42E1-9D36-C1841312D04C}.Release|Mixed Platforms.Build.0 = Release|Any CPU
		{5E92788A-F3B0-42E1-9D36-C1841312D04C}.Release|x86.ActiveCfg = Release|Any CPU
		{5E92788A-F3B0-42E1-9D36-C1841312D04C}.TRIAL|Any CPU.ActiveCfg = Release|Any CPU
		{5E92788A-F3B0-42E1-9D36-C1841312D04C}.TRIAL|Any CPU.Build.0 = Release|Any CPU
		{5E92788A-F3B0-42E1-9D36-C1841312D04C}.TRIAL|Mixed Platforms.ActiveCfg = Release|Any CPU
		{5E92788A-F3B0-42E1-9D36-C1841312D04C}.TRIAL|Mixed Platforms.Build.0 = Release|Any CPU
		{5E92788A-F3B0-42E1-9D36-C1841312D04C}.TRIAL|x86.ActiveCfg = Release|Any CPU
		{30FD1ABA-27CD-423B-BBAC-EBBC171F21E9}.Debug|Any CPU.ActiveCfg = Debug|Any CPU
		{30FD1ABA-27CD-423B-BBAC-EBBC171F21E9}.Debug|Any CPU.Build.0 = Debug|Any CPU
		{30FD1ABA-27CD-423B-BBAC-EBBC171F21E9}.Debug|Mixed Platforms.ActiveCfg = Debug|Any CPU
		{30FD1ABA-27CD-423B-BBAC-EBBC171F21E9}.Debug|Mixed Platforms.Build.0 = Debug|Any CPU
		{30FD1ABA-27CD-423B-BBAC-EBBC171F21E9}.Debug|x86.ActiveCfg = Debug|Any CPU
		{30FD1ABA-27CD-423B-BBAC-EBBC171F21E9}.Licensed|Any CPU.ActiveCfg = Release|Any CPU
		{30FD1ABA-27CD-423B-BBAC-EBBC171F21E9}.Licensed|Any CPU.Build.0 = Release|Any CPU
		{30FD1ABA-27CD-423B-BBAC-EBBC171F21E9}.Licensed|Mixed Platforms.ActiveCfg = Release|Any CPU
		{30FD1ABA-27CD-423B-BBAC-EBBC171F21E9}.Licensed|Mixed Platforms.Build.0 = Release|Any CPU
		{30FD1ABA-27CD-423B-BBAC-EBBC171F21E9}.Licensed|x86.ActiveCfg = Release|Any CPU
		{30FD1ABA-27CD-423B-BBAC-EBBC171F21E9}.Mono TRIAL|Any CPU.ActiveCfg = Release|Any CPU
		{30FD1ABA-27CD-423B-BBAC-EBBC171F21E9}.Mono TRIAL|Any CPU.Build.0 = Release|Any CPU
		{30FD1ABA-27CD-423B-BBAC-EBBC171F21E9}.Mono TRIAL|Mixed Platforms.ActiveCfg = Release|Any CPU
		{30FD1ABA-27CD-423B-BBAC-EBBC171F21E9}.Mono TRIAL|Mixed Platforms.Build.0 = Release|Any CPU
		{30FD1ABA-27CD-423B-BBAC-EBBC171F21E9}.Mono TRIAL|x86.ActiveCfg = Release|Any CPU
		{30FD1ABA-27CD-423B-BBAC-EBBC171F21E9}.Mono|Any CPU.ActiveCfg = Release|Any CPU
		{30FD1ABA-27CD-423B-BBAC-EBBC171F21E9}.Mono|Any CPU.Build.0 = Release|Any CPU
		{30FD1ABA-27CD-423B-BBAC-EBBC171F21E9}.Mono|Mixed Platforms.ActiveCfg = Release|Any CPU
		{30FD1ABA-27CD-423B-BBAC-EBBC171F21E9}.Mono|Mixed Platforms.Build.0 = Release|Any CPU
		{30FD1ABA-27CD-423B-BBAC-EBBC171F21E9}.Mono|x86.ActiveCfg = Release|Any CPU
		{30FD1ABA-27CD-423B-BBAC-EBBC171F21E9}.Release|Any CPU.ActiveCfg = Release|Any CPU
		{30FD1ABA-27CD-423B-BBAC-EBBC171F21E9}.Release|Any CPU.Build.0 = Release|Any CPU
		{30FD1ABA-27CD-423B-BBAC-EBBC171F21E9}.Release|Mixed Platforms.ActiveCfg = Release|Any CPU
		{30FD1ABA-27CD-423B-BBAC-EBBC171F21E9}.Release|Mixed Platforms.Build.0 = Release|Any CPU
		{30FD1ABA-27CD-423B-BBAC-EBBC171F21E9}.Release|x86.ActiveCfg = Release|Any CPU
		{30FD1ABA-27CD-423B-BBAC-EBBC171F21E9}.TRIAL|Any CPU.ActiveCfg = Release|Any CPU
		{30FD1ABA-27CD-423B-BBAC-EBBC171F21E9}.TRIAL|Any CPU.Build.0 = Release|Any CPU
		{30FD1ABA-27CD-423B-BBAC-EBBC171F21E9}.TRIAL|Mixed Platforms.ActiveCfg = Release|Any CPU
		{30FD1ABA-27CD-423B-BBAC-EBBC171F21E9}.TRIAL|Mixed Platforms.Build.0 = Release|Any CPU
		{30FD1ABA-27CD-423B-BBAC-EBBC171F21E9}.TRIAL|x86.ActiveCfg = Release|Any CPU
	EndGlobalSection
	GlobalSection(SolutionProperties) = preSolution
		HideSolutionNode = FALSE
	EndGlobalSection
	GlobalSection(NestedProjects) = preSolution
		{60399124-E8D2-4152-937F-34FB95EEFCC2} = {454E8472-5249-4C3C-9144-3C82C67F5CBA}
		{8F39294C-1FFF-46C5-88E3-9D91AE69EBED} = {454E8472-5249-4C3C-9144-3C82C67F5CBA}
		{5734973C-7A63-4A15-BC3E-45BFF070D609} = {454E8472-5249-4C3C-9144-3C82C67F5CBA}
		{75662E4F-457E-46A1-890A-98F3406B7EA7} = {454E8472-5249-4C3C-9144-3C82C67F5CBA}
		{62F4A5CC-9F97-4EE2-8F7B-1487FC4F4807} = {454E8472-5249-4C3C-9144-3C82C67F5CBA}
		{F3F0B51F-F344-40AD-89E0-ADDE47745A0F} = {454E8472-5249-4C3C-9144-3C82C67F5CBA}
		{BCDAF2A8-D0AA-4951-9015-FB47FCC74A85} = {454E8472-5249-4C3C-9144-3C82C67F5CBA}
		{8A93EE50-B8CF-4C34-A6F2-A8114960535F} = {454E8472-5249-4C3C-9144-3C82C67F5CBA}
		{E3F15036-A458-4E12-8356-F86B9856E1BB} = {454E8472-5249-4C3C-9144-3C82C67F5CBA}
		{1F239059-144F-4DE9-A788-108F94CD333D} = {454E8472-5249-4C3C-9144-3C82C67F5CBA}
		{59088FC9-B0D8-4FB2-97DA-5EC2CA9F75E4} = {454E8472-5249-4C3C-9144-3C82C67F5CBA}
		{4EC5CBB9-8B26-4310-A473-C9C6A472E721} = {454E8472-5249-4C3C-9144-3C82C67F5CBA}
		{0893B8DE-69DD-43A3-A92D-F9230627B5C9} = {454E8472-5249-4C3C-9144-3C82C67F5CBA}
		{5561CD72-536A-4F6F-B7CE-F50E5D9F0C90} = {454E8472-5249-4C3C-9144-3C82C67F5CBA}
		{5E92788A-F3B0-42E1-9D36-C1841312D04C} = {454E8472-5249-4C3C-9144-3C82C67F5CBA}
		{30FD1ABA-27CD-423B-BBAC-EBBC171F21E9} = {454E8472-5249-4C3C-9144-3C82C67F5CBA}
		{D5C1C118-1936-45B4-8471-F3592FC03810} = {227B52FE-DA7D-40CD-813E-5FF5DF1DAFC1}
		{850C11C1-89F0-4ACA-9D53-85E26BC36944} = {227B52FE-DA7D-40CD-813E-5FF5DF1DAFC1}
		{A9F676E4-CE12-48FF-A384-733CA2200C75} = {227B52FE-DA7D-40CD-813E-5FF5DF1DAFC1}
		{EC95EF17-6ACE-49DB-A9C9-DDD0BFDEC4A6} = {BC5BF5A9-4B2C-44D1-A410-2CA3DC4377EE}
		{1F665B98-ABE0-4650-9157-2E3DD557A71E} = {BC5BF5A9-4B2C-44D1-A410-2CA3DC4377EE}
		{E77D7A52-0651-4988-89DB-40D8C2E9F992} = {BC5BF5A9-4B2C-44D1-A410-2CA3DC4377EE}
		{03971CC3-7198-440F-9237-849BC9A84397} = {DC7E2374-55D7-4938-8682-0937F4984C8C}
		{EC3DA413-8033-4A1B-A5BE-A7E32C297FE5} = {DC7E2374-55D7-4938-8682-0937F4984C8C}
		{79743D89-385D-4616-BDC5-6B289A2A757E} = {DC7E2374-55D7-4938-8682-0937F4984C8C}
		{E711756B-5D41-41A4-A016-D37AD071FD04} = {E3F15036-A458-4E12-8356-F86B9856E1BB}
		{0EB0BB6D-4E63-456B-88DD-B3F782D4A10E} = {E3F15036-A458-4E12-8356-F86B9856E1BB}
		{E8E89EC1-4445-4853-9E0B-A18B044069B5} = {E3F15036-A458-4E12-8356-F86B9856E1BB}
		{9FA99EA4-A640-4463-B3F1-A77CD0616776} = {4EC5CBB9-8B26-4310-A473-C9C6A472E721}
		{8C00E519-7207-4380-84D6-32CD79371A6F} = {4EC5CBB9-8B26-4310-A473-C9C6A472E721}
		{822BCD32-2983-4AAB-9B91-33065448E011} = {A343633E-1B8D-4457-A760-12DEEA635C11}
	EndGlobalSection
EndGlobal
