
Microsoft Visual Studio Solution File, Format Version 11.00
# Visual Studio 2010
Project("{FAE04EC0-301F-11D3-BF4B-00C04F79EFBC}") = "BitBrowser", "BitBrowser\BitBrowser.csproj", "{577ABD7F-51E4-4C96-A363-4392DDEFE2B6}"
EndProject
Project("{FAE04EC0-301F-11D3-BF4B-00C04F79EFBC}") = "ScriptEngine.MT", "..\..\Core\ScriptEngine\ScriptEngine.MT.csproj", "{34B7E086-13E3-4F5D-A970-E726ED64AF41}"
EndProject
Project("{FAE04EC0-301F-11D3-BF4B-00C04F79EFBC}") = "BusinessProcess.MT", "..\..\Core\BusinessProcess\BusinessProcess.MT.csproj", "{B85CC02A-B684-45A2-B1ED-8C96F54D6210}"
EndProject
Project("{FAE04EC0-301F-11D3-BF4B-00C04F79EFBC}") = "Controls.MT", "..\..\Core\Controls\Controls.MT.csproj", "{C1D88325-4E90-41B9-91E3-CDE6E31F8C21}"
EndProject
Project("{FAE04EC0-301F-11D3-BF4B-00C04F79EFBC}") = "DAL.MT", "..\..\Core\DAL\DAL.MT.csproj", "{E7C6DE02-78AA-4D2E-ADCB-119208C21234}"
EndProject
Project("{FAE04EC0-301F-11D3-BF4B-00C04F79EFBC}") = "StyleSheet.MT", "..\..\Core\StyleSheet\StyleSheet.MT.csproj", "{0BA68CF9-8AFB-49FA-96D8-D5A9FF38F91A}"
EndProject
Project("{FAE04EC0-301F-11D3-BF4B-00C04F79EFBC}") = "SyncLibrary.MT", "..\..\Core\SyncLibrary\SyncLibrary.MT.csproj", "{CEF0751A-9DB4-43E2-93B4-C72F9C3698ED}"
EndProject
Project("{FAE04EC0-301F-11D3-BF4B-00C04F79EFBC}") = "ValueStack.MT", "..\..\Core\ValueStack\ValueStack.MT.csproj", "{B762BEA2-EC23-4778-91EA-674DBB35E424}"
EndProject
Project("{FAE04EC0-301F-11D3-BF4B-00C04F79EFBC}") = "Utilities.MT", "..\..\Core\Utilities\Utilities.MT.csproj", "{A464059D-A4E2-4176-BE0D-A1087DF218D2}"
EndProject
Project("{FAE04EC0-301F-11D3-BF4B-00C04F79EFBC}") = "ExpressionEvaluator.MT", "..\..\Core\ExpressionEvaluator\ExpressionEvaluator.MT.csproj", "{BC668DC7-F76D-4FC7-B66B-FBA4D08BB0DC}"
EndProject
Project("{FAE04EC0-301F-11D3-BF4B-00C04F79EFBC}") = "DbEngine.MT", "..\..\Core\DbEngine\DbEngine.MT.csproj", "{7979A2EF-8878-476F-991A-FFE8AC7500DF}"
EndProject
Project("{FAE04EC0-301F-11D3-BF4B-00C04F79EFBC}") = "Common", "..\..\Core\Common\Common.csproj", "{1765FE35-1DA7-40D7-B7D6-5705441B395D}"
EndProject
Project("{FAE04EC0-301F-11D3-BF4B-00C04F79EFBC}") = "Debujjer", "..\..\Core\Debujjer\Debujjer.csproj", "{524C9016-AAAF-4EF8-B9C0-DD9929A493B9}"
EndProject
Global
	GlobalSection(SolutionConfigurationPlatforms) = preSolution
		Ad-Hoc|Any CPU = Ad-Hoc|Any CPU
		Ad-Hoc|iPhone = Ad-Hoc|iPhone
		Ad-Hoc|iPhoneSimulator = Ad-Hoc|iPhoneSimulator
		Ad-Hoc|Mixed Platforms = Ad-Hoc|Mixed Platforms
		AppStore|Any CPU = AppStore|Any CPU
		AppStore|iPhone = AppStore|iPhone
		AppStore|iPhoneSimulator = AppStore|iPhoneSimulator
		AppStore|Mixed Platforms = AppStore|Mixed Platforms
		Debug|Any CPU = Debug|Any CPU
		Debug|iPhone = Debug|iPhone
		Debug|iPhoneSimulator = Debug|iPhoneSimulator
		Debug|Mixed Platforms = Debug|Mixed Platforms
		Release|Any CPU = Release|Any CPU
		Release|iPhone = Release|iPhone
		Release|iPhoneSimulator = Release|iPhoneSimulator
		Release|Mixed Platforms = Release|Mixed Platforms
	EndGlobalSection
	GlobalSection(ProjectConfigurationPlatforms) = postSolution
		{0BA68CF9-8AFB-49FA-96D8-D5A9FF38F91A}.Ad-Hoc|Any CPU.ActiveCfg = Release|Any CPU
		{0BA68CF9-8AFB-49FA-96D8-D5A9FF38F91A}.Ad-Hoc|Any CPU.Build.0 = Release|Any CPU
		{0BA68CF9-8AFB-49FA-96D8-D5A9FF38F91A}.Ad-Hoc|iPhone.ActiveCfg = Release|Any CPU
		{0BA68CF9-8AFB-49FA-96D8-D5A9FF38F91A}.Ad-Hoc|iPhone.Build.0 = Release|Any CPU
		{0BA68CF9-8AFB-49FA-96D8-D5A9FF38F91A}.Ad-Hoc|iPhoneSimulator.ActiveCfg = Release|Any CPU
		{0BA68CF9-8AFB-49FA-96D8-D5A9FF38F91A}.Ad-Hoc|iPhoneSimulator.Build.0 = Release|Any CPU
		{0BA68CF9-8AFB-49FA-96D8-D5A9FF38F91A}.Ad-Hoc|Mixed Platforms.ActiveCfg = Release|Any CPU
		{0BA68CF9-8AFB-49FA-96D8-D5A9FF38F91A}.Ad-Hoc|Mixed Platforms.Build.0 = Release|Any CPU
		{0BA68CF9-8AFB-49FA-96D8-D5A9FF38F91A}.AppStore|Any CPU.ActiveCfg = Release|Any CPU
		{0BA68CF9-8AFB-49FA-96D8-D5A9FF38F91A}.AppStore|Any CPU.Build.0 = Release|Any CPU
		{0BA68CF9-8AFB-49FA-96D8-D5A9FF38F91A}.AppStore|iPhone.ActiveCfg = Release|Any CPU
		{0BA68CF9-8AFB-49FA-96D8-D5A9FF38F91A}.AppStore|iPhone.Build.0 = Release|Any CPU
		{0BA68CF9-8AFB-49FA-96D8-D5A9FF38F91A}.AppStore|iPhoneSimulator.ActiveCfg = Release|Any CPU
		{0BA68CF9-8AFB-49FA-96D8-D5A9FF38F91A}.AppStore|iPhoneSimulator.Build.0 = Release|Any CPU
		{0BA68CF9-8AFB-49FA-96D8-D5A9FF38F91A}.AppStore|Mixed Platforms.ActiveCfg = Release|Any CPU
		{0BA68CF9-8AFB-49FA-96D8-D5A9FF38F91A}.AppStore|Mixed Platforms.Build.0 = Release|Any CPU
		{0BA68CF9-8AFB-49FA-96D8-D5A9FF38F91A}.Debug|Any CPU.ActiveCfg = Debug|Any CPU
		{0BA68CF9-8AFB-49FA-96D8-D5A9FF38F91A}.Debug|Any CPU.Build.0 = Debug|Any CPU
		{0BA68CF9-8AFB-49FA-96D8-D5A9FF38F91A}.Debug|iPhone.ActiveCfg = Debug|Any CPU
		{0BA68CF9-8AFB-49FA-96D8-D5A9FF38F91A}.Debug|iPhone.Build.0 = Debug|Any CPU
		{0BA68CF9-8AFB-49FA-96D8-D5A9FF38F91A}.Debug|iPhoneSimulator.ActiveCfg = Debug|Any CPU
		{0BA68CF9-8AFB-49FA-96D8-D5A9FF38F91A}.Debug|iPhoneSimulator.Build.0 = Debug|Any CPU
		{0BA68CF9-8AFB-49FA-96D8-D5A9FF38F91A}.Debug|Mixed Platforms.ActiveCfg = Debug|Any CPU
		{0BA68CF9-8AFB-49FA-96D8-D5A9FF38F91A}.Debug|Mixed Platforms.Build.0 = Debug|Any CPU
		{0BA68CF9-8AFB-49FA-96D8-D5A9FF38F91A}.Release|Any CPU.ActiveCfg = Release|Any CPU
		{0BA68CF9-8AFB-49FA-96D8-D5A9FF38F91A}.Release|Any CPU.Build.0 = Release|Any CPU
		{0BA68CF9-8AFB-49FA-96D8-D5A9FF38F91A}.Release|iPhone.ActiveCfg = Release|Any CPU
		{0BA68CF9-8AFB-49FA-96D8-D5A9FF38F91A}.Release|iPhone.Build.0 = Release|Any CPU
		{0BA68CF9-8AFB-49FA-96D8-D5A9FF38F91A}.Release|iPhoneSimulator.ActiveCfg = Release|Any CPU
		{0BA68CF9-8AFB-49FA-96D8-D5A9FF38F91A}.Release|iPhoneSimulator.Build.0 = Release|Any CPU
		{0BA68CF9-8AFB-49FA-96D8-D5A9FF38F91A}.Release|Mixed Platforms.ActiveCfg = Release|Any CPU
		{0BA68CF9-8AFB-49FA-96D8-D5A9FF38F91A}.Release|Mixed Platforms.Build.0 = Release|Any CPU
		{1765FE35-1DA7-40D7-B7D6-5705441B395D}.Ad-Hoc|Any CPU.ActiveCfg = Debug|Any CPU
		{1765FE35-1DA7-40D7-B7D6-5705441B395D}.Ad-Hoc|Any CPU.Build.0 = Debug|Any CPU
		{1765FE35-1DA7-40D7-B7D6-5705441B395D}.Ad-Hoc|iPhone.ActiveCfg = Release|Any CPU
		{1765FE35-1DA7-40D7-B7D6-5705441B395D}.Ad-Hoc|iPhone.Build.0 = Release|Any CPU
		{1765FE35-1DA7-40D7-B7D6-5705441B395D}.Ad-Hoc|iPhoneSimulator.ActiveCfg = Debug|Any CPU
		{1765FE35-1DA7-40D7-B7D6-5705441B395D}.Ad-Hoc|iPhoneSimulator.Build.0 = Debug|Any CPU
		{1765FE35-1DA7-40D7-B7D6-5705441B395D}.Ad-Hoc|Mixed Platforms.ActiveCfg = Debug|Any CPU
		{1765FE35-1DA7-40D7-B7D6-5705441B395D}.Ad-Hoc|Mixed Platforms.Build.0 = Debug|Any CPU
		{1765FE35-1DA7-40D7-B7D6-5705441B395D}.AppStore|Any CPU.ActiveCfg = Debug|Any CPU
		{1765FE35-1DA7-40D7-B7D6-5705441B395D}.AppStore|Any CPU.Build.0 = Debug|Any CPU
		{1765FE35-1DA7-40D7-B7D6-5705441B395D}.AppStore|iPhone.ActiveCfg = Release|Any CPU
		{1765FE35-1DA7-40D7-B7D6-5705441B395D}.AppStore|iPhone.Build.0 = Release|Any CPU
		{1765FE35-1DA7-40D7-B7D6-5705441B395D}.AppStore|iPhoneSimulator.ActiveCfg = Debug|Any CPU
		{1765FE35-1DA7-40D7-B7D6-5705441B395D}.AppStore|iPhoneSimulator.Build.0 = Debug|Any CPU
		{1765FE35-1DA7-40D7-B7D6-5705441B395D}.AppStore|Mixed Platforms.ActiveCfg = Debug|Any CPU
		{1765FE35-1DA7-40D7-B7D6-5705441B395D}.AppStore|Mixed Platforms.Build.0 = Debug|Any CPU
		{1765FE35-1DA7-40D7-B7D6-5705441B395D}.Debug|Any CPU.ActiveCfg = Debug|Any CPU
		{1765FE35-1DA7-40D7-B7D6-5705441B395D}.Debug|Any CPU.Build.0 = Debug|Any CPU
		{1765FE35-1DA7-40D7-B7D6-5705441B395D}.Debug|iPhone.ActiveCfg = Debug|Any CPU
		{1765FE35-1DA7-40D7-B7D6-5705441B395D}.Debug|iPhone.Build.0 = Debug|Any CPU
		{1765FE35-1DA7-40D7-B7D6-5705441B395D}.Debug|iPhoneSimulator.ActiveCfg = Debug|Any CPU
		{1765FE35-1DA7-40D7-B7D6-5705441B395D}.Debug|iPhoneSimulator.Build.0 = Debug|Any CPU
		{1765FE35-1DA7-40D7-B7D6-5705441B395D}.Debug|Mixed Platforms.ActiveCfg = Debug|Any CPU
		{1765FE35-1DA7-40D7-B7D6-5705441B395D}.Debug|Mixed Platforms.Build.0 = Debug|Any CPU
		{1765FE35-1DA7-40D7-B7D6-5705441B395D}.Release|Any CPU.ActiveCfg = Release|Any CPU
		{1765FE35-1DA7-40D7-B7D6-5705441B395D}.Release|Any CPU.Build.0 = Release|Any CPU
		{1765FE35-1DA7-40D7-B7D6-5705441B395D}.Release|iPhone.ActiveCfg = Release|Any CPU
		{1765FE35-1DA7-40D7-B7D6-5705441B395D}.Release|iPhone.Build.0 = Release|Any CPU
		{1765FE35-1DA7-40D7-B7D6-5705441B395D}.Release|iPhoneSimulator.ActiveCfg = Release|Any CPU
		{1765FE35-1DA7-40D7-B7D6-5705441B395D}.Release|iPhoneSimulator.Build.0 = Release|Any CPU
		{1765FE35-1DA7-40D7-B7D6-5705441B395D}.Release|Mixed Platforms.ActiveCfg = Release|Any CPU
		{1765FE35-1DA7-40D7-B7D6-5705441B395D}.Release|Mixed Platforms.Build.0 = Release|Any CPU
		{34B7E086-13E3-4F5D-A970-E726ED64AF41}.Ad-Hoc|Any CPU.ActiveCfg = Release|Any CPU
		{34B7E086-13E3-4F5D-A970-E726ED64AF41}.Ad-Hoc|Any CPU.Build.0 = Release|Any CPU
		{34B7E086-13E3-4F5D-A970-E726ED64AF41}.Ad-Hoc|iPhone.ActiveCfg = Release|Any CPU
		{34B7E086-13E3-4F5D-A970-E726ED64AF41}.Ad-Hoc|iPhone.Build.0 = Release|Any CPU
		{34B7E086-13E3-4F5D-A970-E726ED64AF41}.Ad-Hoc|iPhoneSimulator.ActiveCfg = Release|Any CPU
		{34B7E086-13E3-4F5D-A970-E726ED64AF41}.Ad-Hoc|iPhoneSimulator.Build.0 = Release|Any CPU
		{34B7E086-13E3-4F5D-A970-E726ED64AF41}.Ad-Hoc|Mixed Platforms.ActiveCfg = Release|Any CPU
		{34B7E086-13E3-4F5D-A970-E726ED64AF41}.Ad-Hoc|Mixed Platforms.Build.0 = Release|Any CPU
		{34B7E086-13E3-4F5D-A970-E726ED64AF41}.AppStore|Any CPU.ActiveCfg = Release|Any CPU
		{34B7E086-13E3-4F5D-A970-E726ED64AF41}.AppStore|Any CPU.Build.0 = Release|Any CPU
		{34B7E086-13E3-4F5D-A970-E726ED64AF41}.AppStore|iPhone.ActiveCfg = Release|Any CPU
		{34B7E086-13E3-4F5D-A970-E726ED64AF41}.AppStore|iPhone.Build.0 = Release|Any CPU
		{34B7E086-13E3-4F5D-A970-E726ED64AF41}.AppStore|iPhoneSimulator.ActiveCfg = Release|Any CPU
		{34B7E086-13E3-4F5D-A970-E726ED64AF41}.AppStore|iPhoneSimulator.Build.0 = Release|Any CPU
		{34B7E086-13E3-4F5D-A970-E726ED64AF41}.AppStore|Mixed Platforms.ActiveCfg = Release|Any CPU
		{34B7E086-13E3-4F5D-A970-E726ED64AF41}.AppStore|Mixed Platforms.Build.0 = Release|Any CPU
		{34B7E086-13E3-4F5D-A970-E726ED64AF41}.Debug|Any CPU.ActiveCfg = Debug|Any CPU
		{34B7E086-13E3-4F5D-A970-E726ED64AF41}.Debug|Any CPU.Build.0 = Debug|Any CPU
		{34B7E086-13E3-4F5D-A970-E726ED64AF41}.Debug|iPhone.ActiveCfg = Debug|Any CPU
		{34B7E086-13E3-4F5D-A970-E726ED64AF41}.Debug|iPhone.Build.0 = Debug|Any CPU
		{34B7E086-13E3-4F5D-A970-E726ED64AF41}.Debug|iPhoneSimulator.ActiveCfg = Debug|Any CPU
		{34B7E086-13E3-4F5D-A970-E726ED64AF41}.Debug|iPhoneSimulator.Build.0 = Debug|Any CPU
		{34B7E086-13E3-4F5D-A970-E726ED64AF41}.Debug|Mixed Platforms.ActiveCfg = Debug|Any CPU
		{34B7E086-13E3-4F5D-A970-E726ED64AF41}.Debug|Mixed Platforms.Build.0 = Debug|Any CPU
		{34B7E086-13E3-4F5D-A970-E726ED64AF41}.Release|Any CPU.ActiveCfg = Release|Any CPU
		{34B7E086-13E3-4F5D-A970-E726ED64AF41}.Release|Any CPU.Build.0 = Release|Any CPU
		{34B7E086-13E3-4F5D-A970-E726ED64AF41}.Release|iPhone.ActiveCfg = Release|Any CPU
		{34B7E086-13E3-4F5D-A970-E726ED64AF41}.Release|iPhone.Build.0 = Release|Any CPU
		{34B7E086-13E3-4F5D-A970-E726ED64AF41}.Release|iPhoneSimulator.ActiveCfg = Release|Any CPU
		{34B7E086-13E3-4F5D-A970-E726ED64AF41}.Release|iPhoneSimulator.Build.0 = Release|Any CPU
		{34B7E086-13E3-4F5D-A970-E726ED64AF41}.Release|Mixed Platforms.ActiveCfg = Release|Any CPU
		{34B7E086-13E3-4F5D-A970-E726ED64AF41}.Release|Mixed Platforms.Build.0 = Release|Any CPU
		{524C9016-AAAF-4EF8-B9C0-DD9929A493B9}.Ad-Hoc|Any CPU.ActiveCfg = Debug|Any CPU
		{524C9016-AAAF-4EF8-B9C0-DD9929A493B9}.Ad-Hoc|Any CPU.Build.0 = Debug|Any CPU
		{524C9016-AAAF-4EF8-B9C0-DD9929A493B9}.Ad-Hoc|iPhone.ActiveCfg = Release|Any CPU
		{524C9016-AAAF-4EF8-B9C0-DD9929A493B9}.Ad-Hoc|iPhone.Build.0 = Release|Any CPU
		{524C9016-AAAF-4EF8-B9C0-DD9929A493B9}.Ad-Hoc|iPhoneSimulator.ActiveCfg = Debug|Any CPU
		{524C9016-AAAF-4EF8-B9C0-DD9929A493B9}.Ad-Hoc|iPhoneSimulator.Build.0 = Debug|Any CPU
		{524C9016-AAAF-4EF8-B9C0-DD9929A493B9}.Ad-Hoc|Mixed Platforms.ActiveCfg = Debug|Any CPU
		{524C9016-AAAF-4EF8-B9C0-DD9929A493B9}.Ad-Hoc|Mixed Platforms.Build.0 = Debug|Any CPU
		{524C9016-AAAF-4EF8-B9C0-DD9929A493B9}.AppStore|Any CPU.ActiveCfg = Debug|Any CPU
		{524C9016-AAAF-4EF8-B9C0-DD9929A493B9}.AppStore|Any CPU.Build.0 = Debug|Any CPU
		{524C9016-AAAF-4EF8-B9C0-DD9929A493B9}.AppStore|iPhone.ActiveCfg = Release|Any CPU
		{524C9016-AAAF-4EF8-B9C0-DD9929A493B9}.AppStore|iPhone.Build.0 = Release|Any CPU
		{524C9016-AAAF-4EF8-B9C0-DD9929A493B9}.AppStore|iPhoneSimulator.ActiveCfg = Debug|Any CPU
		{524C9016-AAAF-4EF8-B9C0-DD9929A493B9}.AppStore|iPhoneSimulator.Build.0 = Debug|Any CPU
		{524C9016-AAAF-4EF8-B9C0-DD9929A493B9}.AppStore|Mixed Platforms.ActiveCfg = Debug|Any CPU
		{524C9016-AAAF-4EF8-B9C0-DD9929A493B9}.AppStore|Mixed Platforms.Build.0 = Debug|Any CPU
		{524C9016-AAAF-4EF8-B9C0-DD9929A493B9}.Debug|Any CPU.ActiveCfg = Debug|Any CPU
		{524C9016-AAAF-4EF8-B9C0-DD9929A493B9}.Debug|Any CPU.Build.0 = Debug|Any CPU
		{524C9016-AAAF-4EF8-B9C0-DD9929A493B9}.Debug|iPhone.ActiveCfg = Debug|Any CPU
		{524C9016-AAAF-4EF8-B9C0-DD9929A493B9}.Debug|iPhone.Build.0 = Debug|Any CPU
		{524C9016-AAAF-4EF8-B9C0-DD9929A493B9}.Debug|iPhoneSimulator.ActiveCfg = Debug|Any CPU
		{524C9016-AAAF-4EF8-B9C0-DD9929A493B9}.Debug|iPhoneSimulator.Build.0 = Debug|Any CPU
		{524C9016-AAAF-4EF8-B9C0-DD9929A493B9}.Debug|Mixed Platforms.ActiveCfg = Debug|Any CPU
		{524C9016-AAAF-4EF8-B9C0-DD9929A493B9}.Debug|Mixed Platforms.Build.0 = Debug|Any CPU
		{524C9016-AAAF-4EF8-B9C0-DD9929A493B9}.Release|Any CPU.ActiveCfg = Release|Any CPU
		{524C9016-AAAF-4EF8-B9C0-DD9929A493B9}.Release|Any CPU.Build.0 = Release|Any CPU
		{524C9016-AAAF-4EF8-B9C0-DD9929A493B9}.Release|iPhone.ActiveCfg = Release|Any CPU
		{524C9016-AAAF-4EF8-B9C0-DD9929A493B9}.Release|iPhone.Build.0 = Release|Any CPU
		{524C9016-AAAF-4EF8-B9C0-DD9929A493B9}.Release|iPhoneSimulator.ActiveCfg = Release|Any CPU
		{524C9016-AAAF-4EF8-B9C0-DD9929A493B9}.Release|iPhoneSimulator.Build.0 = Release|Any CPU
		{524C9016-AAAF-4EF8-B9C0-DD9929A493B9}.Release|Mixed Platforms.ActiveCfg = Release|Any CPU
		{524C9016-AAAF-4EF8-B9C0-DD9929A493B9}.Release|Mixed Platforms.Build.0 = Release|Any CPU
		{577ABD7F-51E4-4C96-A363-4392DDEFE2B6}.Ad-Hoc|Any CPU.ActiveCfg = Ad-Hoc|iPhoneSimulator
		{577ABD7F-51E4-4C96-A363-4392DDEFE2B6}.Ad-Hoc|Any CPU.Build.0 = Ad-Hoc|iPhoneSimulator
		{577ABD7F-51E4-4C96-A363-4392DDEFE2B6}.Ad-Hoc|iPhone.ActiveCfg = Ad-Hoc|iPhone
		{577ABD7F-51E4-4C96-A363-4392DDEFE2B6}.Ad-Hoc|iPhone.Build.0 = Ad-Hoc|iPhone
		{577ABD7F-51E4-4C96-A363-4392DDEFE2B6}.Ad-Hoc|iPhoneSimulator.ActiveCfg = Ad-Hoc|iPhoneSimulator
		{577ABD7F-51E4-4C96-A363-4392DDEFE2B6}.Ad-Hoc|iPhoneSimulator.Build.0 = Ad-Hoc|iPhoneSimulator
		{577ABD7F-51E4-4C96-A363-4392DDEFE2B6}.Ad-Hoc|iPhoneSimulator.Deploy.0 = Ad-Hoc|iPhoneSimulator
		{577ABD7F-51E4-4C96-A363-4392DDEFE2B6}.Ad-Hoc|Mixed Platforms.ActiveCfg = Ad-Hoc|iPhoneSimulator
		{577ABD7F-51E4-4C96-A363-4392DDEFE2B6}.Ad-Hoc|Mixed Platforms.Build.0 = Ad-Hoc|iPhoneSimulator
		{577ABD7F-51E4-4C96-A363-4392DDEFE2B6}.AppStore|Any CPU.ActiveCfg = AppStore|iPhoneSimulator
		{577ABD7F-51E4-4C96-A363-4392DDEFE2B6}.AppStore|Any CPU.Build.0 = AppStore|iPhoneSimulator
		{577ABD7F-51E4-4C96-A363-4392DDEFE2B6}.AppStore|iPhone.ActiveCfg = AppStore|iPhone
		{577ABD7F-51E4-4C96-A363-4392DDEFE2B6}.AppStore|iPhone.Build.0 = AppStore|iPhone
		{577ABD7F-51E4-4C96-A363-4392DDEFE2B6}.AppStore|iPhoneSimulator.ActiveCfg = AppStore|iPhoneSimulator
		{577ABD7F-51E4-4C96-A363-4392DDEFE2B6}.AppStore|iPhoneSimulator.Build.0 = AppStore|iPhoneSimulator
		{577ABD7F-51E4-4C96-A363-4392DDEFE2B6}.AppStore|iPhoneSimulator.Deploy.0 = AppStore|iPhoneSimulator
		{577ABD7F-51E4-4C96-A363-4392DDEFE2B6}.AppStore|Mixed Platforms.ActiveCfg = AppStore|iPhoneSimulator
		{577ABD7F-51E4-4C96-A363-4392DDEFE2B6}.AppStore|Mixed Platforms.Build.0 = AppStore|iPhoneSimulator
		{577ABD7F-51E4-4C96-A363-4392DDEFE2B6}.Debug|Any CPU.ActiveCfg = Debug|iPhoneSimulator
		{577ABD7F-51E4-4C96-A363-4392DDEFE2B6}.Debug|Any CPU.Build.0 = Debug|iPhoneSimulator
		{577ABD7F-51E4-4C96-A363-4392DDEFE2B6}.Debug|iPhone.ActiveCfg = Debug|iPhone
		{577ABD7F-51E4-4C96-A363-4392DDEFE2B6}.Debug|iPhone.Build.0 = Debug|iPhone
		{577ABD7F-51E4-4C96-A363-4392DDEFE2B6}.Debug|iPhoneSimulator.ActiveCfg = Debug|iPhoneSimulator
		{577ABD7F-51E4-4C96-A363-4392DDEFE2B6}.Debug|iPhoneSimulator.Build.0 = Debug|iPhoneSimulator
		{577ABD7F-51E4-4C96-A363-4392DDEFE2B6}.Debug|Mixed Platforms.ActiveCfg = Debug|iPhoneSimulator
		{577ABD7F-51E4-4C96-A363-4392DDEFE2B6}.Debug|Mixed Platforms.Build.0 = Debug|iPhoneSimulator
		{577ABD7F-51E4-4C96-A363-4392DDEFE2B6}.Release|Any CPU.ActiveCfg = Release|iPhoneSimulator
		{577ABD7F-51E4-4C96-A363-4392DDEFE2B6}.Release|Any CPU.Build.0 = Release|iPhoneSimulator
		{577ABD7F-51E4-4C96-A363-4392DDEFE2B6}.Release|iPhone.ActiveCfg = Release|iPhone
		{577ABD7F-51E4-4C96-A363-4392DDEFE2B6}.Release|iPhone.Build.0 = Release|iPhone
		{577ABD7F-51E4-4C96-A363-4392DDEFE2B6}.Release|iPhoneSimulator.ActiveCfg = Release|iPhoneSimulator
		{577ABD7F-51E4-4C96-A363-4392DDEFE2B6}.Release|iPhoneSimulator.Build.0 = Release|iPhoneSimulator
		{577ABD7F-51E4-4C96-A363-4392DDEFE2B6}.Release|Mixed Platforms.ActiveCfg = Release|iPhoneSimulator
		{577ABD7F-51E4-4C96-A363-4392DDEFE2B6}.Release|Mixed Platforms.Build.0 = Release|iPhoneSimulator
		{7979A2EF-8878-476F-991A-FFE8AC7500DF}.Ad-Hoc|Any CPU.ActiveCfg = Debug|Any CPU
		{7979A2EF-8878-476F-991A-FFE8AC7500DF}.Ad-Hoc|Any CPU.Build.0 = Debug|Any CPU
		{7979A2EF-8878-476F-991A-FFE8AC7500DF}.Ad-Hoc|iPhone.ActiveCfg = Release|Any CPU
		{7979A2EF-8878-476F-991A-FFE8AC7500DF}.Ad-Hoc|iPhone.Build.0 = Release|Any CPU
		{7979A2EF-8878-476F-991A-FFE8AC7500DF}.Ad-Hoc|iPhoneSimulator.ActiveCfg = Debug|Any CPU
		{7979A2EF-8878-476F-991A-FFE8AC7500DF}.Ad-Hoc|iPhoneSimulator.Build.0 = Debug|Any CPU
		{7979A2EF-8878-476F-991A-FFE8AC7500DF}.Ad-Hoc|Mixed Platforms.ActiveCfg = Debug|Any CPU
		{7979A2EF-8878-476F-991A-FFE8AC7500DF}.Ad-Hoc|Mixed Platforms.Build.0 = Debug|Any CPU
		{7979A2EF-8878-476F-991A-FFE8AC7500DF}.AppStore|Any CPU.ActiveCfg = Debug|Any CPU
		{7979A2EF-8878-476F-991A-FFE8AC7500DF}.AppStore|Any CPU.Build.0 = Debug|Any CPU
		{7979A2EF-8878-476F-991A-FFE8AC7500DF}.AppStore|iPhone.ActiveCfg = Release|Any CPU
		{7979A2EF-8878-476F-991A-FFE8AC7500DF}.AppStore|iPhone.Build.0 = Release|Any CPU
		{7979A2EF-8878-476F-991A-FFE8AC7500DF}.AppStore|iPhoneSimulator.ActiveCfg = Debug|Any CPU
		{7979A2EF-8878-476F-991A-FFE8AC7500DF}.AppStore|iPhoneSimulator.Build.0 = Debug|Any CPU
		{7979A2EF-8878-476F-991A-FFE8AC7500DF}.AppStore|Mixed Platforms.ActiveCfg = Debug|Any CPU
		{7979A2EF-8878-476F-991A-FFE8AC7500DF}.AppStore|Mixed Platforms.Build.0 = Debug|Any CPU
		{7979A2EF-8878-476F-991A-FFE8AC7500DF}.Debug|Any CPU.ActiveCfg = Debug|Any CPU
		{7979A2EF-8878-476F-991A-FFE8AC7500DF}.Debug|Any CPU.Build.0 = Debug|Any CPU
		{7979A2EF-8878-476F-991A-FFE8AC7500DF}.Debug|iPhone.ActiveCfg = Debug|Any CPU
		{7979A2EF-8878-476F-991A-FFE8AC7500DF}.Debug|iPhone.Build.0 = Debug|Any CPU
		{7979A2EF-8878-476F-991A-FFE8AC7500DF}.Debug|iPhoneSimulator.ActiveCfg = Debug|Any CPU
		{7979A2EF-8878-476F-991A-FFE8AC7500DF}.Debug|iPhoneSimulator.Build.0 = Debug|Any CPU
		{7979A2EF-8878-476F-991A-FFE8AC7500DF}.Debug|Mixed Platforms.ActiveCfg = Debug|Any CPU
		{7979A2EF-8878-476F-991A-FFE8AC7500DF}.Debug|Mixed Platforms.Build.0 = Debug|Any CPU
		{7979A2EF-8878-476F-991A-FFE8AC7500DF}.Release|Any CPU.ActiveCfg = Release|Any CPU
		{7979A2EF-8878-476F-991A-FFE8AC7500DF}.Release|Any CPU.Build.0 = Release|Any CPU
		{7979A2EF-8878-476F-991A-FFE8AC7500DF}.Release|iPhone.ActiveCfg = Release|Any CPU
		{7979A2EF-8878-476F-991A-FFE8AC7500DF}.Release|iPhone.Build.0 = Release|Any CPU
		{7979A2EF-8878-476F-991A-FFE8AC7500DF}.Release|iPhoneSimulator.ActiveCfg = Release|Any CPU
		{7979A2EF-8878-476F-991A-FFE8AC7500DF}.Release|iPhoneSimulator.Build.0 = Release|Any CPU
		{7979A2EF-8878-476F-991A-FFE8AC7500DF}.Release|Mixed Platforms.ActiveCfg = Release|Any CPU
		{7979A2EF-8878-476F-991A-FFE8AC7500DF}.Release|Mixed Platforms.Build.0 = Release|Any CPU
		{A464059D-A4E2-4176-BE0D-A1087DF218D2}.Ad-Hoc|Any CPU.ActiveCfg = Debug|Any CPU
		{A464059D-A4E2-4176-BE0D-A1087DF218D2}.Ad-Hoc|Any CPU.Build.0 = Debug|Any CPU
		{A464059D-A4E2-4176-BE0D-A1087DF218D2}.Ad-Hoc|iPhone.ActiveCfg = Release|Any CPU
		{A464059D-A4E2-4176-BE0D-A1087DF218D2}.Ad-Hoc|iPhone.Build.0 = Release|Any CPU
		{A464059D-A4E2-4176-BE0D-A1087DF218D2}.Ad-Hoc|iPhoneSimulator.ActiveCfg = Debug|Any CPU
		{A464059D-A4E2-4176-BE0D-A1087DF218D2}.Ad-Hoc|iPhoneSimulator.Build.0 = Debug|Any CPU
		{A464059D-A4E2-4176-BE0D-A1087DF218D2}.Ad-Hoc|Mixed Platforms.ActiveCfg = Debug|Any CPU
		{A464059D-A4E2-4176-BE0D-A1087DF218D2}.Ad-Hoc|Mixed Platforms.Build.0 = Debug|Any CPU
		{A464059D-A4E2-4176-BE0D-A1087DF218D2}.AppStore|Any CPU.ActiveCfg = Debug|Any CPU
		{A464059D-A4E2-4176-BE0D-A1087DF218D2}.AppStore|Any CPU.Build.0 = Debug|Any CPU
		{A464059D-A4E2-4176-BE0D-A1087DF218D2}.AppStore|iPhone.ActiveCfg = Release|Any CPU
		{A464059D-A4E2-4176-BE0D-A1087DF218D2}.AppStore|iPhone.Build.0 = Release|Any CPU
		{A464059D-A4E2-4176-BE0D-A1087DF218D2}.AppStore|iPhoneSimulator.ActiveCfg = Debug|Any CPU
		{A464059D-A4E2-4176-BE0D-A1087DF218D2}.AppStore|iPhoneSimulator.Build.0 = Debug|Any CPU
		{A464059D-A4E2-4176-BE0D-A1087DF218D2}.AppStore|Mixed Platforms.ActiveCfg = Debug|Any CPU
		{A464059D-A4E2-4176-BE0D-A1087DF218D2}.AppStore|Mixed Platforms.Build.0 = Debug|Any CPU
		{A464059D-A4E2-4176-BE0D-A1087DF218D2}.Debug|Any CPU.ActiveCfg = Debug|Any CPU
		{A464059D-A4E2-4176-BE0D-A1087DF218D2}.Debug|Any CPU.Build.0 = Debug|Any CPU
		{A464059D-A4E2-4176-BE0D-A1087DF218D2}.Debug|iPhone.ActiveCfg = Debug|Any CPU
		{A464059D-A4E2-4176-BE0D-A1087DF218D2}.Debug|iPhone.Build.0 = Debug|Any CPU
		{A464059D-A4E2-4176-BE0D-A1087DF218D2}.Debug|iPhoneSimulator.ActiveCfg = Debug|Any CPU
		{A464059D-A4E2-4176-BE0D-A1087DF218D2}.Debug|iPhoneSimulator.Build.0 = Debug|Any CPU
		{A464059D-A4E2-4176-BE0D-A1087DF218D2}.Debug|Mixed Platforms.ActiveCfg = Debug|Any CPU
		{A464059D-A4E2-4176-BE0D-A1087DF218D2}.Debug|Mixed Platforms.Build.0 = Debug|Any CPU
		{A464059D-A4E2-4176-BE0D-A1087DF218D2}.Release|Any CPU.ActiveCfg = Release|Any CPU
		{A464059D-A4E2-4176-BE0D-A1087DF218D2}.Release|Any CPU.Build.0 = Release|Any CPU
		{A464059D-A4E2-4176-BE0D-A1087DF218D2}.Release|iPhone.ActiveCfg = Release|Any CPU
		{A464059D-A4E2-4176-BE0D-A1087DF218D2}.Release|iPhone.Build.0 = Release|Any CPU
		{A464059D-A4E2-4176-BE0D-A1087DF218D2}.Release|iPhoneSimulator.ActiveCfg = Release|Any CPU
		{A464059D-A4E2-4176-BE0D-A1087DF218D2}.Release|iPhoneSimulator.Build.0 = Release|Any CPU
		{A464059D-A4E2-4176-BE0D-A1087DF218D2}.Release|Mixed Platforms.ActiveCfg = Release|Any CPU
		{A464059D-A4E2-4176-BE0D-A1087DF218D2}.Release|Mixed Platforms.Build.0 = Release|Any CPU
		{B762BEA2-EC23-4778-91EA-674DBB35E424}.Ad-Hoc|Any CPU.ActiveCfg = Release|Any CPU
		{B762BEA2-EC23-4778-91EA-674DBB35E424}.Ad-Hoc|Any CPU.Build.0 = Release|Any CPU
		{B762BEA2-EC23-4778-91EA-674DBB35E424}.Ad-Hoc|iPhone.ActiveCfg = Release|Any CPU
		{B762BEA2-EC23-4778-91EA-674DBB35E424}.Ad-Hoc|iPhone.Build.0 = Release|Any CPU
		{B762BEA2-EC23-4778-91EA-674DBB35E424}.Ad-Hoc|iPhoneSimulator.ActiveCfg = Release|Any CPU
		{B762BEA2-EC23-4778-91EA-674DBB35E424}.Ad-Hoc|iPhoneSimulator.Build.0 = Release|Any CPU
		{B762BEA2-EC23-4778-91EA-674DBB35E424}.Ad-Hoc|Mixed Platforms.ActiveCfg = Release|Any CPU
		{B762BEA2-EC23-4778-91EA-674DBB35E424}.Ad-Hoc|Mixed Platforms.Build.0 = Release|Any CPU
		{B762BEA2-EC23-4778-91EA-674DBB35E424}.AppStore|Any CPU.ActiveCfg = Release|Any CPU
		{B762BEA2-EC23-4778-91EA-674DBB35E424}.AppStore|Any CPU.Build.0 = Release|Any CPU
		{B762BEA2-EC23-4778-91EA-674DBB35E424}.AppStore|iPhone.ActiveCfg = Release|Any CPU
		{B762BEA2-EC23-4778-91EA-674DBB35E424}.AppStore|iPhone.Build.0 = Release|Any CPU
		{B762BEA2-EC23-4778-91EA-674DBB35E424}.AppStore|iPhoneSimulator.ActiveCfg = Release|Any CPU
		{B762BEA2-EC23-4778-91EA-674DBB35E424}.AppStore|iPhoneSimulator.Build.0 = Release|Any CPU
		{B762BEA2-EC23-4778-91EA-674DBB35E424}.AppStore|Mixed Platforms.ActiveCfg = Release|Any CPU
		{B762BEA2-EC23-4778-91EA-674DBB35E424}.AppStore|Mixed Platforms.Build.0 = Release|Any CPU
		{B762BEA2-EC23-4778-91EA-674DBB35E424}.Debug|Any CPU.ActiveCfg = Debug|Any CPU
		{B762BEA2-EC23-4778-91EA-674DBB35E424}.Debug|Any CPU.Build.0 = Debug|Any CPU
		{B762BEA2-EC23-4778-91EA-674DBB35E424}.Debug|iPhone.ActiveCfg = Debug|Any CPU
		{B762BEA2-EC23-4778-91EA-674DBB35E424}.Debug|iPhone.Build.0 = Debug|Any CPU
		{B762BEA2-EC23-4778-91EA-674DBB35E424}.Debug|iPhoneSimulator.ActiveCfg = Debug|Any CPU
		{B762BEA2-EC23-4778-91EA-674DBB35E424}.Debug|iPhoneSimulator.Build.0 = Debug|Any CPU
		{B762BEA2-EC23-4778-91EA-674DBB35E424}.Debug|Mixed Platforms.ActiveCfg = Debug|Any CPU
		{B762BEA2-EC23-4778-91EA-674DBB35E424}.Debug|Mixed Platforms.Build.0 = Debug|Any CPU
		{B762BEA2-EC23-4778-91EA-674DBB35E424}.Release|Any CPU.ActiveCfg = Release|Any CPU
		{B762BEA2-EC23-4778-91EA-674DBB35E424}.Release|Any CPU.Build.0 = Release|Any CPU
		{B762BEA2-EC23-4778-91EA-674DBB35E424}.Release|iPhone.ActiveCfg = Release|Any CPU
		{B762BEA2-EC23-4778-91EA-674DBB35E424}.Release|iPhone.Build.0 = Release|Any CPU
		{B762BEA2-EC23-4778-91EA-674DBB35E424}.Release|iPhoneSimulator.ActiveCfg = Release|Any CPU
		{B762BEA2-EC23-4778-91EA-674DBB35E424}.Release|iPhoneSimulator.Build.0 = Release|Any CPU
		{B762BEA2-EC23-4778-91EA-674DBB35E424}.Release|Mixed Platforms.ActiveCfg = Release|Any CPU
		{B762BEA2-EC23-4778-91EA-674DBB35E424}.Release|Mixed Platforms.Build.0 = Release|Any CPU
		{B85CC02A-B684-45A2-B1ED-8C96F54D6210}.Ad-Hoc|Any CPU.ActiveCfg = Release|Any CPU
		{B85CC02A-B684-45A2-B1ED-8C96F54D6210}.Ad-Hoc|Any CPU.Build.0 = Release|Any CPU
		{B85CC02A-B684-45A2-B1ED-8C96F54D6210}.Ad-Hoc|iPhone.ActiveCfg = Release|Any CPU
		{B85CC02A-B684-45A2-B1ED-8C96F54D6210}.Ad-Hoc|iPhone.Build.0 = Release|Any CPU
		{B85CC02A-B684-45A2-B1ED-8C96F54D6210}.Ad-Hoc|iPhoneSimulator.ActiveCfg = Release|Any CPU
		{B85CC02A-B684-45A2-B1ED-8C96F54D6210}.Ad-Hoc|iPhoneSimulator.Build.0 = Release|Any CPU
		{B85CC02A-B684-45A2-B1ED-8C96F54D6210}.Ad-Hoc|Mixed Platforms.ActiveCfg = Release|Any CPU
		{B85CC02A-B684-45A2-B1ED-8C96F54D6210}.Ad-Hoc|Mixed Platforms.Build.0 = Release|Any CPU
		{B85CC02A-B684-45A2-B1ED-8C96F54D6210}.AppStore|Any CPU.ActiveCfg = Release|Any CPU
		{B85CC02A-B684-45A2-B1ED-8C96F54D6210}.AppStore|Any CPU.Build.0 = Release|Any CPU
		{B85CC02A-B684-45A2-B1ED-8C96F54D6210}.AppStore|iPhone.ActiveCfg = Release|Any CPU
		{B85CC02A-B684-45A2-B1ED-8C96F54D6210}.AppStore|iPhone.Build.0 = Release|Any CPU
		{B85CC02A-B684-45A2-B1ED-8C96F54D6210}.AppStore|iPhoneSimulator.ActiveCfg = Release|Any CPU
		{B85CC02A-B684-45A2-B1ED-8C96F54D6210}.AppStore|iPhoneSimulator.Build.0 = Release|Any CPU
		{B85CC02A-B684-45A2-B1ED-8C96F54D6210}.AppStore|Mixed Platforms.ActiveCfg = Release|Any CPU
		{B85CC02A-B684-45A2-B1ED-8C96F54D6210}.AppStore|Mixed Platforms.Build.0 = Release|Any CPU
		{B85CC02A-B684-45A2-B1ED-8C96F54D6210}.Debug|Any CPU.ActiveCfg = Debug|Any CPU
		{B85CC02A-B684-45A2-B1ED-8C96F54D6210}.Debug|Any CPU.Build.0 = Debug|Any CPU
		{B85CC02A-B684-45A2-B1ED-8C96F54D6210}.Debug|iPhone.ActiveCfg = Debug|Any CPU
		{B85CC02A-B684-45A2-B1ED-8C96F54D6210}.Debug|iPhone.Build.0 = Debug|Any CPU
		{B85CC02A-B684-45A2-B1ED-8C96F54D6210}.Debug|iPhoneSimulator.ActiveCfg = Debug|Any CPU
		{B85CC02A-B684-45A2-B1ED-8C96F54D6210}.Debug|iPhoneSimulator.Build.0 = Debug|Any CPU
		{B85CC02A-B684-45A2-B1ED-8C96F54D6210}.Debug|Mixed Platforms.ActiveCfg = Debug|Any CPU
		{B85CC02A-B684-45A2-B1ED-8C96F54D6210}.Debug|Mixed Platforms.Build.0 = Debug|Any CPU
		{B85CC02A-B684-45A2-B1ED-8C96F54D6210}.Release|Any CPU.ActiveCfg = Release|Any CPU
		{B85CC02A-B684-45A2-B1ED-8C96F54D6210}.Release|Any CPU.Build.0 = Release|Any CPU
		{B85CC02A-B684-45A2-B1ED-8C96F54D6210}.Release|iPhone.ActiveCfg = Release|Any CPU
		{B85CC02A-B684-45A2-B1ED-8C96F54D6210}.Release|iPhone.Build.0 = Release|Any CPU
		{B85CC02A-B684-45A2-B1ED-8C96F54D6210}.Release|iPhoneSimulator.ActiveCfg = Release|Any CPU
		{B85CC02A-B684-45A2-B1ED-8C96F54D6210}.Release|iPhoneSimulator.Build.0 = Release|Any CPU
		{B85CC02A-B684-45A2-B1ED-8C96F54D6210}.Release|Mixed Platforms.ActiveCfg = Release|Any CPU
		{B85CC02A-B684-45A2-B1ED-8C96F54D6210}.Release|Mixed Platforms.Build.0 = Release|Any CPU
		{BC668DC7-F76D-4FC7-B66B-FBA4D08BB0DC}.Ad-Hoc|Any CPU.ActiveCfg = Debug|Any CPU
		{BC668DC7-F76D-4FC7-B66B-FBA4D08BB0DC}.Ad-Hoc|Any CPU.Build.0 = Debug|Any CPU
		{BC668DC7-F76D-4FC7-B66B-FBA4D08BB0DC}.Ad-Hoc|iPhone.ActiveCfg = Release|Any CPU
		{BC668DC7-F76D-4FC7-B66B-FBA4D08BB0DC}.Ad-Hoc|iPhone.Build.0 = Release|Any CPU
		{BC668DC7-F76D-4FC7-B66B-FBA4D08BB0DC}.Ad-Hoc|iPhoneSimulator.ActiveCfg = Debug|Any CPU
		{BC668DC7-F76D-4FC7-B66B-FBA4D08BB0DC}.Ad-Hoc|iPhoneSimulator.Build.0 = Debug|Any CPU
		{BC668DC7-F76D-4FC7-B66B-FBA4D08BB0DC}.Ad-Hoc|Mixed Platforms.ActiveCfg = Debug|Any CPU
		{BC668DC7-F76D-4FC7-B66B-FBA4D08BB0DC}.Ad-Hoc|Mixed Platforms.Build.0 = Debug|Any CPU
		{BC668DC7-F76D-4FC7-B66B-FBA4D08BB0DC}.AppStore|Any CPU.ActiveCfg = Debug|Any CPU
		{BC668DC7-F76D-4FC7-B66B-FBA4D08BB0DC}.AppStore|Any CPU.Build.0 = Debug|Any CPU
		{BC668DC7-F76D-4FC7-B66B-FBA4D08BB0DC}.AppStore|iPhone.ActiveCfg = Release|Any CPU
		{BC668DC7-F76D-4FC7-B66B-FBA4D08BB0DC}.AppStore|iPhone.Build.0 = Release|Any CPU
		{BC668DC7-F76D-4FC7-B66B-FBA4D08BB0DC}.AppStore|iPhoneSimulator.ActiveCfg = Debug|Any CPU
		{BC668DC7-F76D-4FC7-B66B-FBA4D08BB0DC}.AppStore|iPhoneSimulator.Build.0 = Debug|Any CPU
		{BC668DC7-F76D-4FC7-B66B-FBA4D08BB0DC}.AppStore|Mixed Platforms.ActiveCfg = Debug|Any CPU
		{BC668DC7-F76D-4FC7-B66B-FBA4D08BB0DC}.AppStore|Mixed Platforms.Build.0 = Debug|Any CPU
		{BC668DC7-F76D-4FC7-B66B-FBA4D08BB0DC}.Debug|Any CPU.ActiveCfg = Debug|Any CPU
		{BC668DC7-F76D-4FC7-B66B-FBA4D08BB0DC}.Debug|Any CPU.Build.0 = Debug|Any CPU
		{BC668DC7-F76D-4FC7-B66B-FBA4D08BB0DC}.Debug|iPhone.ActiveCfg = Debug|Any CPU
		{BC668DC7-F76D-4FC7-B66B-FBA4D08BB0DC}.Debug|iPhone.Build.0 = Debug|Any CPU
		{BC668DC7-F76D-4FC7-B66B-FBA4D08BB0DC}.Debug|iPhoneSimulator.ActiveCfg = Debug|Any CPU
		{BC668DC7-F76D-4FC7-B66B-FBA4D08BB0DC}.Debug|iPhoneSimulator.Build.0 = Debug|Any CPU
		{BC668DC7-F76D-4FC7-B66B-FBA4D08BB0DC}.Debug|Mixed Platforms.ActiveCfg = Debug|Any CPU
		{BC668DC7-F76D-4FC7-B66B-FBA4D08BB0DC}.Debug|Mixed Platforms.Build.0 = Debug|Any CPU
		{BC668DC7-F76D-4FC7-B66B-FBA4D08BB0DC}.Release|Any CPU.ActiveCfg = Release|Any CPU
		{BC668DC7-F76D-4FC7-B66B-FBA4D08BB0DC}.Release|Any CPU.Build.0 = Release|Any CPU
		{BC668DC7-F76D-4FC7-B66B-FBA4D08BB0DC}.Release|iPhone.ActiveCfg = Release|Any CPU
		{BC668DC7-F76D-4FC7-B66B-FBA4D08BB0DC}.Release|iPhone.Build.0 = Release|Any CPU
		{BC668DC7-F76D-4FC7-B66B-FBA4D08BB0DC}.Release|iPhoneSimulator.ActiveCfg = Release|Any CPU
		{BC668DC7-F76D-4FC7-B66B-FBA4D08BB0DC}.Release|iPhoneSimulator.Build.0 = Release|Any CPU
		{BC668DC7-F76D-4FC7-B66B-FBA4D08BB0DC}.Release|Mixed Platforms.ActiveCfg = Release|Any CPU
		{BC668DC7-F76D-4FC7-B66B-FBA4D08BB0DC}.Release|Mixed Platforms.Build.0 = Release|Any CPU
		{C1D88325-4E90-41B9-91E3-CDE6E31F8C21}.Ad-Hoc|Any CPU.ActiveCfg = Release|Any CPU
		{C1D88325-4E90-41B9-91E3-CDE6E31F8C21}.Ad-Hoc|Any CPU.Build.0 = Release|Any CPU
		{C1D88325-4E90-41B9-91E3-CDE6E31F8C21}.Ad-Hoc|iPhone.ActiveCfg = Release|Any CPU
		{C1D88325-4E90-41B9-91E3-CDE6E31F8C21}.Ad-Hoc|iPhone.Build.0 = Release|Any CPU
		{C1D88325-4E90-41B9-91E3-CDE6E31F8C21}.Ad-Hoc|iPhoneSimulator.ActiveCfg = Release|Any CPU
		{C1D88325-4E90-41B9-91E3-CDE6E31F8C21}.Ad-Hoc|iPhoneSimulator.Build.0 = Release|Any CPU
		{C1D88325-4E90-41B9-91E3-CDE6E31F8C21}.Ad-Hoc|Mixed Platforms.ActiveCfg = Release|Any CPU
		{C1D88325-4E90-41B9-91E3-CDE6E31F8C21}.Ad-Hoc|Mixed Platforms.Build.0 = Release|Any CPU
		{C1D88325-4E90-41B9-91E3-CDE6E31F8C21}.AppStore|Any CPU.ActiveCfg = Release|Any CPU
		{C1D88325-4E90-41B9-91E3-CDE6E31F8C21}.AppStore|Any CPU.Build.0 = Release|Any CPU
		{C1D88325-4E90-41B9-91E3-CDE6E31F8C21}.AppStore|iPhone.ActiveCfg = Release|Any CPU
		{C1D88325-4E90-41B9-91E3-CDE6E31F8C21}.AppStore|iPhone.Build.0 = Release|Any CPU
		{C1D88325-4E90-41B9-91E3-CDE6E31F8C21}.AppStore|iPhoneSimulator.ActiveCfg = Release|Any CPU
		{C1D88325-4E90-41B9-91E3-CDE6E31F8C21}.AppStore|iPhoneSimulator.Build.0 = Release|Any CPU
		{C1D88325-4E90-41B9-91E3-CDE6E31F8C21}.AppStore|Mixed Platforms.ActiveCfg = Release|Any CPU
		{C1D88325-4E90-41B9-91E3-CDE6E31F8C21}.AppStore|Mixed Platforms.Build.0 = Release|Any CPU
		{C1D88325-4E90-41B9-91E3-CDE6E31F8C21}.Debug|Any CPU.ActiveCfg = Debug|Any CPU
		{C1D88325-4E90-41B9-91E3-CDE6E31F8C21}.Debug|Any CPU.Build.0 = Debug|Any CPU
		{C1D88325-4E90-41B9-91E3-CDE6E31F8C21}.Debug|iPhone.ActiveCfg = Debug|Any CPU
		{C1D88325-4E90-41B9-91E3-CDE6E31F8C21}.Debug|iPhone.Build.0 = Debug|Any CPU
		{C1D88325-4E90-41B9-91E3-CDE6E31F8C21}.Debug|iPhoneSimulator.ActiveCfg = Debug|Any CPU
		{C1D88325-4E90-41B9-91E3-CDE6E31F8C21}.Debug|iPhoneSimulator.Build.0 = Debug|Any CPU
		{C1D88325-4E90-41B9-91E3-CDE6E31F8C21}.Debug|Mixed Platforms.ActiveCfg = Debug|Any CPU
		{C1D88325-4E90-41B9-91E3-CDE6E31F8C21}.Debug|Mixed Platforms.Build.0 = Debug|Any CPU
		{C1D88325-4E90-41B9-91E3-CDE6E31F8C21}.Release|Any CPU.ActiveCfg = Release|Any CPU
		{C1D88325-4E90-41B9-91E3-CDE6E31F8C21}.Release|Any CPU.Build.0 = Release|Any CPU
		{C1D88325-4E90-41B9-91E3-CDE6E31F8C21}.Release|iPhone.ActiveCfg = Release|Any CPU
		{C1D88325-4E90-41B9-91E3-CDE6E31F8C21}.Release|iPhone.Build.0 = Release|Any CPU
		{C1D88325-4E90-41B9-91E3-CDE6E31F8C21}.Release|iPhoneSimulator.ActiveCfg = Release|Any CPU
		{C1D88325-4E90-41B9-91E3-CDE6E31F8C21}.Release|iPhoneSimulator.Build.0 = Release|Any CPU
		{C1D88325-4E90-41B9-91E3-CDE6E31F8C21}.Release|Mixed Platforms.ActiveCfg = Release|Any CPU
		{C1D88325-4E90-41B9-91E3-CDE6E31F8C21}.Release|Mixed Platforms.Build.0 = Release|Any CPU
		{CEF0751A-9DB4-43E2-93B4-C72F9C3698ED}.Ad-Hoc|Any CPU.ActiveCfg = Release|Any CPU
		{CEF0751A-9DB4-43E2-93B4-C72F9C3698ED}.Ad-Hoc|Any CPU.Build.0 = Release|Any CPU
		{CEF0751A-9DB4-43E2-93B4-C72F9C3698ED}.Ad-Hoc|iPhone.ActiveCfg = Release|Any CPU
		{CEF0751A-9DB4-43E2-93B4-C72F9C3698ED}.Ad-Hoc|iPhone.Build.0 = Release|Any CPU
		{CEF0751A-9DB4-43E2-93B4-C72F9C3698ED}.Ad-Hoc|iPhoneSimulator.ActiveCfg = Release|Any CPU
		{CEF0751A-9DB4-43E2-93B4-C72F9C3698ED}.Ad-Hoc|iPhoneSimulator.Build.0 = Release|Any CPU
		{CEF0751A-9DB4-43E2-93B4-C72F9C3698ED}.Ad-Hoc|Mixed Platforms.ActiveCfg = Release|Any CPU
		{CEF0751A-9DB4-43E2-93B4-C72F9C3698ED}.Ad-Hoc|Mixed Platforms.Build.0 = Release|Any CPU
		{CEF0751A-9DB4-43E2-93B4-C72F9C3698ED}.AppStore|Any CPU.ActiveCfg = Release|Any CPU
		{CEF0751A-9DB4-43E2-93B4-C72F9C3698ED}.AppStore|Any CPU.Build.0 = Release|Any CPU
		{CEF0751A-9DB4-43E2-93B4-C72F9C3698ED}.AppStore|iPhone.ActiveCfg = Release|Any CPU
		{CEF0751A-9DB4-43E2-93B4-C72F9C3698ED}.AppStore|iPhone.Build.0 = Release|Any CPU
		{CEF0751A-9DB4-43E2-93B4-C72F9C3698ED}.AppStore|iPhoneSimulator.ActiveCfg = Release|Any CPU
		{CEF0751A-9DB4-43E2-93B4-C72F9C3698ED}.AppStore|iPhoneSimulator.Build.0 = Release|Any CPU
		{CEF0751A-9DB4-43E2-93B4-C72F9C3698ED}.AppStore|Mixed Platforms.ActiveCfg = Release|Any CPU
		{CEF0751A-9DB4-43E2-93B4-C72F9C3698ED}.AppStore|Mixed Platforms.Build.0 = Release|Any CPU
		{CEF0751A-9DB4-43E2-93B4-C72F9C3698ED}.Debug|Any CPU.ActiveCfg = Debug|Any CPU
		{CEF0751A-9DB4-43E2-93B4-C72F9C3698ED}.Debug|Any CPU.Build.0 = Debug|Any CPU
		{CEF0751A-9DB4-43E2-93B4-C72F9C3698ED}.Debug|iPhone.ActiveCfg = Debug|Any CPU
		{CEF0751A-9DB4-43E2-93B4-C72F9C3698ED}.Debug|iPhone.Build.0 = Debug|Any CPU
		{CEF0751A-9DB4-43E2-93B4-C72F9C3698ED}.Debug|iPhoneSimulator.ActiveCfg = Debug|Any CPU
		{CEF0751A-9DB4-43E2-93B4-C72F9C3698ED}.Debug|iPhoneSimulator.Build.0 = Debug|Any CPU
		{CEF0751A-9DB4-43E2-93B4-C72F9C3698ED}.Debug|Mixed Platforms.ActiveCfg = Debug|Any CPU
		{CEF0751A-9DB4-43E2-93B4-C72F9C3698ED}.Debug|Mixed Platforms.Build.0 = Debug|Any CPU
		{CEF0751A-9DB4-43E2-93B4-C72F9C3698ED}.Release|Any CPU.ActiveCfg = Release|Any CPU
		{CEF0751A-9DB4-43E2-93B4-C72F9C3698ED}.Release|Any CPU.Build.0 = Release|Any CPU
		{CEF0751A-9DB4-43E2-93B4-C72F9C3698ED}.Release|iPhone.ActiveCfg = Release|Any CPU
		{CEF0751A-9DB4-43E2-93B4-C72F9C3698ED}.Release|iPhone.Build.0 = Release|Any CPU
		{CEF0751A-9DB4-43E2-93B4-C72F9C3698ED}.Release|iPhoneSimulator.ActiveCfg = Release|Any CPU
		{CEF0751A-9DB4-43E2-93B4-C72F9C3698ED}.Release|iPhoneSimulator.Build.0 = Release|Any CPU
		{CEF0751A-9DB4-43E2-93B4-C72F9C3698ED}.Release|Mixed Platforms.ActiveCfg = Release|Any CPU
		{CEF0751A-9DB4-43E2-93B4-C72F9C3698ED}.Release|Mixed Platforms.Build.0 = Release|Any CPU
		{E7C6DE02-78AA-4D2E-ADCB-119208C21234}.Ad-Hoc|Any CPU.ActiveCfg = Release|Any CPU
		{E7C6DE02-78AA-4D2E-ADCB-119208C21234}.Ad-Hoc|Any CPU.Build.0 = Release|Any CPU
		{E7C6DE02-78AA-4D2E-ADCB-119208C21234}.Ad-Hoc|iPhone.ActiveCfg = Release|Any CPU
		{E7C6DE02-78AA-4D2E-ADCB-119208C21234}.Ad-Hoc|iPhone.Build.0 = Release|Any CPU
		{E7C6DE02-78AA-4D2E-ADCB-119208C21234}.Ad-Hoc|iPhoneSimulator.ActiveCfg = Release|Any CPU
		{E7C6DE02-78AA-4D2E-ADCB-119208C21234}.Ad-Hoc|iPhoneSimulator.Build.0 = Release|Any CPU
		{E7C6DE02-78AA-4D2E-ADCB-119208C21234}.Ad-Hoc|Mixed Platforms.ActiveCfg = Release|Any CPU
		{E7C6DE02-78AA-4D2E-ADCB-119208C21234}.Ad-Hoc|Mixed Platforms.Build.0 = Release|Any CPU
		{E7C6DE02-78AA-4D2E-ADCB-119208C21234}.AppStore|Any CPU.ActiveCfg = Release|Any CPU
		{E7C6DE02-78AA-4D2E-ADCB-119208C21234}.AppStore|Any CPU.Build.0 = Release|Any CPU
		{E7C6DE02-78AA-4D2E-ADCB-119208C21234}.AppStore|iPhone.ActiveCfg = Release|Any CPU
		{E7C6DE02-78AA-4D2E-ADCB-119208C21234}.AppStore|iPhone.Build.0 = Release|Any CPU
		{E7C6DE02-78AA-4D2E-ADCB-119208C21234}.AppStore|iPhoneSimulator.ActiveCfg = Release|Any CPU
		{E7C6DE02-78AA-4D2E-ADCB-119208C21234}.AppStore|iPhoneSimulator.Build.0 = Release|Any CPU
		{E7C6DE02-78AA-4D2E-ADCB-119208C21234}.AppStore|Mixed Platforms.ActiveCfg = Release|Any CPU
		{E7C6DE02-78AA-4D2E-ADCB-119208C21234}.AppStore|Mixed Platforms.Build.0 = Release|Any CPU
		{E7C6DE02-78AA-4D2E-ADCB-119208C21234}.Debug|Any CPU.ActiveCfg = Debug|Any CPU
		{E7C6DE02-78AA-4D2E-ADCB-119208C21234}.Debug|Any CPU.Build.0 = Debug|Any CPU
		{E7C6DE02-78AA-4D2E-ADCB-119208C21234}.Debug|iPhone.ActiveCfg = Debug|Any CPU
		{E7C6DE02-78AA-4D2E-ADCB-119208C21234}.Debug|iPhone.Build.0 = Debug|Any CPU
		{E7C6DE02-78AA-4D2E-ADCB-119208C21234}.Debug|iPhoneSimulator.ActiveCfg = Debug|Any CPU
		{E7C6DE02-78AA-4D2E-ADCB-119208C21234}.Debug|iPhoneSimulator.Build.0 = Debug|Any CPU
		{E7C6DE02-78AA-4D2E-ADCB-119208C21234}.Debug|Mixed Platforms.ActiveCfg = Debug|Any CPU
		{E7C6DE02-78AA-4D2E-ADCB-119208C21234}.Debug|Mixed Platforms.Build.0 = Debug|Any CPU
		{E7C6DE02-78AA-4D2E-ADCB-119208C21234}.Release|Any CPU.ActiveCfg = Release|Any CPU
		{E7C6DE02-78AA-4D2E-ADCB-119208C21234}.Release|Any CPU.Build.0 = Release|Any CPU
		{E7C6DE02-78AA-4D2E-ADCB-119208C21234}.Release|iPhone.ActiveCfg = Release|Any CPU
		{E7C6DE02-78AA-4D2E-ADCB-119208C21234}.Release|iPhone.Build.0 = Release|Any CPU
		{E7C6DE02-78AA-4D2E-ADCB-119208C21234}.Release|iPhoneSimulator.ActiveCfg = Release|Any CPU
		{E7C6DE02-78AA-4D2E-ADCB-119208C21234}.Release|iPhoneSimulator.Build.0 = Release|Any CPU
		{E7C6DE02-78AA-4D2E-ADCB-119208C21234}.Release|Mixed Platforms.ActiveCfg = Release|Any CPU
		{E7C6DE02-78AA-4D2E-ADCB-119208C21234}.Release|Mixed Platforms.Build.0 = Release|Any CPU
	EndGlobalSection
	GlobalSection(MonoDevelopProperties) = preSolution
		StartupItem = BitBrowser\BitBrowser.csproj
		version = 1.5.8.42
	EndGlobalSection
	GlobalSection(SolutionProperties) = preSolution
		HideSolutionNode = FALSE
	EndGlobalSection
EndGlobal
